Microsoft Visual Studio Solution File, Format Version 12.00
# Visual Studio 14
VisualStudioVersion = 14.0.24720.0
MinimumVisualStudioVersion = 10.0.40219.1
Project("{8BC9CEB8-8B4A-11D0-8D11-00A0C91BC942}") = "All", "All\All.vcxproj", "{337399A5-C59C-43C2-B9D9-2A9CF73860F2}"
EndProject
Project("{8BC9CEB8-8B4A-11D0-8D11-00A0C91BC942}") = "CORE_bzlib", "bzlib\CORE_bzlib_mt_dll.vcxproj", "{F9095450-9FBA-4A31-AB61-86DD3F50E632}"
EndProject
Project("{8BC9CEB8-8B4A-11D0-8D11-00A0C91BC942}") = "CORE_jbig", "jbig\CORE_jbig_mt_dll.vcxproj", "{80B6C67A-5922-43E7-A482-F4BD5291853F}"
EndProject
Project("{8BC9CEB8-8B4A-11D0-8D11-00A0C91BC942}") = "CORE_jp2", "jp2\CORE_jp2_mt_dll.vcxproj", "{55E5D7D9-7F88-43A7-8537-EAAD85DAB417}"
EndProject
Project("{8BC9CEB8-8B4A-11D0-8D11-00A0C91BC942}") = "CORE_jpeg", "jpeg\CORE_jpeg_mt_dll.vcxproj", "{9499A08E-0510-4EEB-ACD3-8CF9EC4776C4}"
EndProject
Project("{8BC9CEB8-8B4A-11D0-8D11-00A0C91BC942}") = "CORE_lcms", "lcms\CORE_lcms_mt_dll.vcxproj", "{6AA76DAB-24A9-4F44-8B32-87ADE173BE83}"
EndProject
Project("{8BC9CEB8-8B4A-11D0-8D11-00A0C91BC942}") = "CORE_libxml", "libxml\CORE_libxml_mt_dll.vcxproj", "{029D9A26-736B-4308-A855-2E096AEA7E01}"
EndProject
Project("{8BC9CEB8-8B4A-11D0-8D11-00A0C91BC942}") = "CORE_magick", "magick\CORE_magick_mt_dll.vcxproj", "{E61E366C-4CC6-4151-99C4-4A2E17794254}"
EndProject
Project("{8BC9CEB8-8B4A-11D0-8D11-00A0C91BC942}") = "CORE_Magick++", "Magick++\CORE_Magick++_mt_dll.vcxproj", "{C942C702-76CC-4E6D-A526-86AF2A5C2261}"
EndProject
Project("{8BC9CEB8-8B4A-11D0-8D11-00A0C91BC942}") = "CORE_png", "png\CORE_png_mt_dll.vcxproj", "{574E7255-D9DD-40D3-A984-831AB424DC54}"
EndProject
Project("{8BC9CEB8-8B4A-11D0-8D11-00A0C91BC942}") = "CORE_tiff", "tiff\CORE_tiff_mt_dll.vcxproj", "{798E6161-6D82-4B71-860A-6B508705D365}"
EndProject
Project("{8BC9CEB8-8B4A-11D0-8D11-00A0C91BC942}") = "CORE_ttf", "ttf\CORE_ttf_mt_dll.vcxproj", "{FA31A057-2730-496B-88F2-666CE743E550}"
EndProject
Project("{8BC9CEB8-8B4A-11D0-8D11-00A0C91BC942}") = "CORE_wand", "wand\CORE_wand_mt_dll.vcxproj", "{CC3E2EDD-54C7-42E3-8488-DB94AD39431F}"
EndProject
Project("{8BC9CEB8-8B4A-11D0-8D11-00A0C91BC942}") = "CORE_webp", "webp\CORE_webp_mt_dll.vcxproj", "{AA3BD166-62DD-4BEA-AE2D-6A3BC95D6569}"
EndProject
Project("{8BC9CEB8-8B4A-11D0-8D11-00A0C91BC942}") = "CORE_xlib", "xlib\CORE_xlib_mt_dll.vcxproj", "{324E55EA-151C-4A5A-9DF0-788F94DAA4E5}"
EndProject
Project("{8BC9CEB8-8B4A-11D0-8D11-00A0C91BC942}") = "CORE_zlib", "zlib\CORE_zlib_mt_dll.vcxproj", "{60A83437-F60E-4B21-A594-7CA0F97A6023}"
EndProject
Project("{8BC9CEB8-8B4A-11D0-8D11-00A0C91BC942}") = "CORE_wmf", "wmf\CORE_wmf_mt_lib.vcxproj", "{00EA51CB-B4F4-4E1A-8D2B-39F818BA0763}"
EndProject
Project("{8BC9CEB8-8B4A-11D0-8D11-00A0C91BC942}") = "IM_MOD_art", "coders\IM_MOD_art_mt_dll.vcxproj", "{39084576-40FC-43DF-86A1-FDCB423CCAE2}"
EndProject
Project("{8BC9CEB8-8B4A-11D0-8D11-00A0C91BC942}") = "IM_MOD_avi", "coders\IM_MOD_avi_mt_dll.vcxproj", "{ACA682A0-ADF1-4D7A-96EE-482E6FECF05E}"
EndProject
Project("{8BC9CEB8-8B4A-11D0-8D11-00A0C91BC942}") = "IM_MOD_avs", "coders\IM_MOD_avs_mt_dll.vcxproj", "{4306F1D0-16EA-4C41-BB63-A3ADEAF111AC}"
EndProject
Project("{8BC9CEB8-8B4A-11D0-8D11-00A0C91BC942}") = "IM_MOD_bmp", "coders\IM_MOD_bmp_mt_dll.vcxproj", "{23E8A6C6-505F-4204-876E-C30A5A119142}"
EndProject
Project("{8BC9CEB8-8B4A-11D0-8D11-00A0C91BC942}") = "IM_MOD_cals", "coders\IM_MOD_cals_mt_dll.vcxproj", "{FADF7E0E-63DE-4B48-9EBB-B6F78E91DC2B}"
EndProject
Project("{8BC9CEB8-8B4A-11D0-8D11-00A0C91BC942}") = "IM_MOD_caption", "coders\IM_MOD_caption_mt_dll.vcxproj", "{1E97BC39-DAED-498C-A316-23A5950F7AD2}"
EndProject
Project("{8BC9CEB8-8B4A-11D0-8D11-00A0C91BC942}") = "IM_MOD_cineon", "coders\IM_MOD_cineon_mt_dll.vcxproj", "{E405CC9A-3860-4E75-BF6A-70FB79D15397}"
EndProject
Project("{8BC9CEB8-8B4A-11D0-8D11-00A0C91BC942}") = "IM_MOD_clipboard", "coders\IM_MOD_clipboard_mt_dll.vcxproj", "{B2F66AF3-3E1B-4673-99A6-F0F98C84FDF0}"
EndProject
Project("{8BC9CEB8-8B4A-11D0-8D11-00A0C91BC942}") = "IM_MOD_cmyk", "coders\IM_MOD_cmyk_mt_dll.vcxproj", "{84495387-9C43-4B0F-8C48-05E6564199C0}"
EndProject
Project("{8BC9CEB8-8B4A-11D0-8D11-00A0C91BC942}") = "IM_MOD_cut", "coders\IM_MOD_cut_mt_dll.vcxproj", "{DDE5F487-E129-4559-A388-E83B545A4B8A}"
EndProject
Project("{8BC9CEB8-8B4A-11D0-8D11-00A0C91BC942}") = "IM_MOD_dcm", "coders\IM_MOD_dcm_mt_dll.vcxproj", "{0D7FC7D4-F7DC-4FA8-BE2F-8AC729D31B6D}"
EndProject
Project("{8BC9CEB8-8B4A-11D0-8D11-00A0C91BC942}") = "IM_MOD_dcraw", "coders\IM_MOD_dcraw_mt_dll.vcxproj", "{ABD04CFF-6DC8-4B9A-BDB9-242FA52CED55}"
EndProject
Project("{8BC9CEB8-8B4A-11D0-8D11-00A0C91BC942}") = "IM_MOD_dib", "coders\IM_MOD_dib_mt_dll.vcxproj", "{E1672C3D-80AC-44A3-A2C7-A09B91659A55}"
EndProject
Project("{8BC9CEB8-8B4A-11D0-8D11-00A0C91BC942}") = "IM_MOD_dps", "coders\IM_MOD_dps_mt_dll.vcxproj", "{27B03411-323A-4301-A465-0A055087C0F6}"
EndProject
Project("{8BC9CEB8-8B4A-11D0-8D11-00A0C91BC942}") = "IM_MOD_dpx", "coders\IM_MOD_dpx_mt_dll.vcxproj", "{C80748F9-54A1-491F-8ED8-842E5800BF0C}"
EndProject
Project("{8BC9CEB8-8B4A-11D0-8D11-00A0C91BC942}") = "IM_MOD_emf", "coders\IM_MOD_emf_mt_dll.vcxproj", "{2A73AB45-7E48-44BA-9013-137AA3226778}"
EndProject
Project("{8BC9CEB8-8B4A-11D0-8D11-00A0C91BC942}") = "IM_MOD_ept", "coders\IM_MOD_ept_mt_dll.vcxproj", "{6F5804AA-88F5-45EF-AE0D-FCF4F10D504D}"
EndProject
Project("{8BC9CEB8-8B4A-11D0-8D11-00A0C91BC942}") = "IM_MOD_fax", "coders\IM_MOD_fax_mt_dll.vcxproj", "{562CBBF9-09F8-402C-AEFB-E1826185EE4B}"
EndProject
Project("{8BC9CEB8-8B4A-11D0-8D11-00A0C91BC942}") = "IM_MOD_fits", "coders\IM_MOD_fits_mt_dll.vcxproj", "{4D284F86-8DDC-4F0D-ABC9-CA9299FF988A}"
EndProject
Project("{8BC9CEB8-8B4A-11D0-8D11-00A0C91BC942}") = "IM_MOD_fpx", "coders\IM_MOD_fpx_mt_dll.vcxproj", "{A2F3C828-2164-4D06-8C2F-4EBB98F64F3B}"
EndProject
Project("{8BC9CEB8-8B4A-11D0-8D11-00A0C91BC942}") = "IM_MOD_gif", "coders\IM_MOD_gif_mt_dll.vcxproj", "{5A327E51-4715-40FF-95AD-17EF012D388F}"
EndProject
Project("{8BC9CEB8-8B4A-11D0-8D11-00A0C91BC942}") = "IM_MOD_gradient", "coders\IM_MOD_gradient_mt_dll.vcxproj", "{C2CC7859-82FB-4C90-8C3F-56FC6132C1E1}"
EndProject
Project("{8BC9CEB8-8B4A-11D0-8D11-00A0C91BC942}") = "IM_MOD_gray", "coders\IM_MOD_gray_mt_dll.vcxproj", "{13C34894-2CBE-42E6-939C-2B2D53F6D5EB}"
EndProject
Project("{8BC9CEB8-8B4A-11D0-8D11-00A0C91BC942}") = "IM_MOD_hdf", "coders\IM_MOD_hdf_mt_dll.vcxproj", "{46D489B5-ABA2-4D3D-8D65-BEB81C043E13}"
EndProject
Project("{8BC9CEB8-8B4A-11D0-8D11-00A0C91BC942}") = "IM_MOD_histogram", "coders\IM_MOD_histogram_mt_dll.vcxproj", "{0357DE56-CACF-4FD1-A405-80923064B6BC}"
EndProject
Project("{8BC9CEB8-8B4A-11D0-8D11-00A0C91BC942}") = "IM_MOD_hrz", "coders\IM_MOD_hrz_mt_dll.vcxproj", "{0B476776-4F4F-48FD-A7EC-AACB69C9518F}"
EndProject
Project("{8BC9CEB8-8B4A-11D0-8D11-00A0C91BC942}") = "IM_MOD_html", "coders\IM_MOD_html_mt_dll.vcxproj", "{13FED1F4-D580-4CFC-9A73-66686DBC6520}"
EndProject
Project("{8BC9CEB8-8B4A-11D0-8D11-00A0C91BC942}") = "IM_MOD_icon", "coders\IM_MOD_icon_mt_dll.vcxproj", "{D2C00DAF-A4C9-4084-9AF3-0102D9D81C96}"
EndProject
Project("{8BC9CEB8-8B4A-11D0-8D11-00A0C91BC942}") = "IM_MOD_identity", "coders\IM_MOD_identity_mt_dll.vcxproj", "{1AA78C57-A185-4EDA-A728-BD37271F9BD2}"
EndProject
Project("{8BC9CEB8-8B4A-11D0-8D11-00A0C91BC942}") = "IM_MOD_info", "coders\IM_MOD_info_mt_dll.vcxproj", "{66ACCCA0-8CC3-4734-A4F6-E3048A710A38}"
EndProject
Project("{8BC9CEB8-8B4A-11D0-8D11-00A0C91BC942}") = "IM_MOD_jbig", "coders\IM_MOD_jbig_mt_dll.vcxproj", "{BC1BDF9A-D1CE-4D02-BBBD-EA02260DC6D8}"
EndProject
Project("{8BC9CEB8-8B4A-11D0-8D11-00A0C91BC942}") = "IM_MOD_jnx", "coders\IM_MOD_jnx_mt_dll.vcxproj", "{741B350E-C03E-4AF0-9BA6-155A5AF6DF39}"
EndProject
Project("{8BC9CEB8-8B4A-11D0-8D11-00A0C91BC942}") = "IM_MOD_jp2", "coders\IM_MOD_jp2_mt_dll.vcxproj", "{BEFAC8AA-787A-42DD-937D-B09B624EAD86}"
EndProject
Project("{8BC9CEB8-8B4A-11D0-8D11-00A0C91BC942}") = "IM_MOD_jpeg", "coders\IM_MOD_jpeg_mt_dll.vcxproj", "{7BDB7534-4EAE-4F76-8522-E1986B899218}"
EndProject
Project("{8BC9CEB8-8B4A-11D0-8D11-00A0C91BC942}") = "IM_MOD_label", "coders\IM_MOD_label_mt_dll.vcxproj", "{50F2315B-8020-401F-9B1D-C1F9D8750355}"
EndProject
Project("{8BC9CEB8-8B4A-11D0-8D11-00A0C91BC942}") = "IM_MOD_locale", "coders\IM_MOD_locale_mt_dll.vcxproj", "{CD48CB8E-942C-4E64-9C40-D22D2626D069}"
EndProject
Project("{8BC9CEB8-8B4A-11D0-8D11-00A0C91BC942}") = "IM_MOD_logo", "coders\IM_MOD_logo_mt_dll.vcxproj", "{24474A7C-9352-454F-BA65-689CE3A5B61A}"
EndProject
Project("{8BC9CEB8-8B4A-11D0-8D11-00A0C91BC942}") = "IM_MOD_mac", "coders\IM_MOD_mac_mt_dll.vcxproj", "{41B49209-2F13-45D2-8664-E95F13FAA2E7}"
EndProject
Project("{8BC9CEB8-8B4A-11D0-8D11-00A0C91BC942}") = "IM_MOD_map", "coders\IM_MOD_map_mt_dll.vcxproj", "{ABA5FCED-206B-4EAB-B0E0-DC61BEC2A912}"
EndProject
Project("{8BC9CEB8-8B4A-11D0-8D11-00A0C91BC942}") = "IM_MOD_mat", "coders\IM_MOD_mat_mt_dll.vcxproj", "{003D3354-EEF2-4672-B252-0DD052DAE442}"
EndProject
Project("{8BC9CEB8-8B4A-11D0-8D11-00A0C91BC942}") = "IM_MOD_matte", "coders\IM_MOD_matte_mt_dll.vcxproj", "{E2E547F0-F455-4F2B-9A6F-24AAB5BFE998}"
EndProject
Project("{8BC9CEB8-8B4A-11D0-8D11-00A0C91BC942}") = "IM_MOD_meta", "coders\IM_MOD_meta_mt_dll.vcxproj", "{07AF2B9A-C9A2-4CC4-AF92-8D504E2E5BF2}"
EndProject
Project("{8BC9CEB8-8B4A-11D0-8D11-00A0C91BC942}") = "IM_MOD_miff", "coders\IM_MOD_miff_mt_dll.vcxproj", "{BDCDC1D0-7673-44F0-A0F4-C8F31D27CEDC}"
EndProject
Project("{8BC9CEB8-8B4A-11D0-8D11-00A0C91BC942}") = "IM_MOD_mono", "coders\IM_MOD_mono_mt_dll.vcxproj", "{8A4EF25F-836F-43E2-A915-023B8D855DC9}"
EndProject
Project("{8BC9CEB8-8B4A-11D0-8D11-00A0C91BC942}") = "IM_MOD_mpc", "coders\IM_MOD_mpc_mt_dll.vcxproj", "{7F89D14A-AFFC-4283-BA7B-55F4DD344915}"
EndProject
Project("{8BC9CEB8-8B4A-11D0-8D11-00A0C91BC942}") = "IM_MOD_mpeg", "coders\IM_MOD_mpeg_mt_dll.vcxproj", "{B9A50569-A499-4057-8D5D-3B7C33DF71E8}"
EndProject
Project("{8BC9CEB8-8B4A-11D0-8D11-00A0C91BC942}") = "IM_MOD_mpr", "coders\IM_MOD_mpr_mt_dll.vcxproj", "{EABABB40-F33E-4048-806A-247301B6D4B9}"
EndProject
Project("{8BC9CEB8-8B4A-11D0-8D11-00A0C91BC942}") = "IM_MOD_msl", "coders\IM_MOD_msl_mt_dll.vcxproj", "{C5F89994-5BC5-45F1-BB5D-AE22BAA87E33}"
EndProject
Project("{8BC9CEB8-8B4A-11D0-8D11-00A0C91BC942}") = "IM_MOD_mtv", "coders\IM_MOD_mtv_mt_dll.vcxproj", "{FDB76B07-14E1-4B82-8CA9-31A4C74D7278}"
EndProject
Project("{8BC9CEB8-8B4A-11D0-8D11-00A0C91BC942}") = "IM_MOD_mvg", "coders\IM_MOD_mvg_mt_dll.vcxproj", "{F91BD255-EE47-498F-8B33-5E2022CC8B7F}"
EndProject
Project("{8BC9CEB8-8B4A-11D0-8D11-00A0C91BC942}") = "IM_MOD_null", "coders\IM_MOD_null_mt_dll.vcxproj", "{8A2D2FCD-FCAA-4E5E-8037-6BC4089B5B24}"
EndProject
Project("{8BC9CEB8-8B4A-11D0-8D11-00A0C91BC942}") = "IM_MOD_otb", "coders\IM_MOD_otb_mt_dll.vcxproj", "{18931AC6-13E5-4DFA-ACA8-619884435AD9}"
EndProject
Project("{8BC9CEB8-8B4A-11D0-8D11-00A0C91BC942}") = "IM_MOD_palm", "coders\IM_MOD_palm_mt_dll.vcxproj", "{5196BAFF-E18C-4649-B057-D9CCAED3C78D}"
EndProject
Project("{8BC9CEB8-8B4A-11D0-8D11-00A0C91BC942}") = "IM_MOD_pcd", "coders\IM_MOD_pcd_mt_dll.vcxproj", "{A6DF9619-9138-40F5-BAA8-CA304C6A8051}"
EndProject
Project("{8BC9CEB8-8B4A-11D0-8D11-00A0C91BC942}") = "IM_MOD_pcl", "coders\IM_MOD_pcl_mt_dll.vcxproj", "{CD50178D-25D8-4B37-9F9D-248246182FA1}"
EndProject
Project("{8BC9CEB8-8B4A-11D0-8D11-00A0C91BC942}") = "IM_MOD_pcx", "coders\IM_MOD_pcx_mt_dll.vcxproj", "{693F0E7B-4A24-445B-8DF1-84A28D8D4D2D}"
EndProject
Project("{8BC9CEB8-8B4A-11D0-8D11-00A0C91BC942}") = "IM_MOD_pdb", "coders\IM_MOD_pdb_mt_dll.vcxproj", "{ED7FC009-B9A4-4665-8B7B-526B51ED8E08}"
EndProject
Project("{8BC9CEB8-8B4A-11D0-8D11-00A0C91BC942}") = "IM_MOD_pdf", "coders\IM_MOD_pdf_mt_dll.vcxproj", "{391AA2C3-0BC2-47BB-A940-9016C439DB49}"
EndProject
Project("{8BC9CEB8-8B4A-11D0-8D11-00A0C91BC942}") = "IM_MOD_pict", "coders\IM_MOD_pict_mt_dll.vcxproj", "{F7E0F508-62ED-4557-A9C3-8156DC53FF3F}"
EndProject
Project("{8BC9CEB8-8B4A-11D0-8D11-00A0C91BC942}") = "IM_MOD_pix", "coders\IM_MOD_pix_mt_dll.vcxproj", "{CC8DE708-FF4A-4904-B1CA-4FAC1D3DE49D}"
EndProject
Project("{8BC9CEB8-8B4A-11D0-8D11-00A0C91BC942}") = "IM_MOD_plasma", "coders\IM_MOD_plasma_mt_dll.vcxproj", "{3DF9D5C5-4A36-4239-90C8-F22666BF7CDD}"
EndProject
Project("{8BC9CEB8-8B4A-11D0-8D11-00A0C91BC942}") = "IM_MOD_png", "coders\IM_MOD_png_mt_dll.vcxproj", "{956A4A2A-F0C0-4016-B710-FCC94629D4B4}"
EndProject
Project("{8BC9CEB8-8B4A-11D0-8D11-00A0C91BC942}") = "IM_MOD_pnm", "coders\IM_MOD_pnm_mt_dll.vcxproj", "{D4FA2DB0-B6F5-4BAD-B874-D1A5D4053135}"
EndProject
Project("{8BC9CEB8-8B4A-11D0-8D11-00A0C91BC942}") = "IM_MOD_preview", "coders\IM_MOD_preview_mt_dll.vcxproj", "{AFB0A76C-7355-4761-BF51-0D416D65E2CB}"
EndProject
Project("{8BC9CEB8-8B4A-11D0-8D11-00A0C91BC942}") = "IM_MOD_ps", "coders\IM_MOD_ps_mt_dll.vcxproj", "{39701200-7A50-4E0A-B440-5D595A88F219}"
EndProject
Project("{8BC9CEB8-8B4A-11D0-8D11-00A0C91BC942}") = "IM_MOD_ps2", "coders\IM_MOD_ps2_mt_dll.vcxproj", "{3CB00D2C-F80E-4275-964E-F1D6DB546A47}"
EndProject
Project("{8BC9CEB8-8B4A-11D0-8D11-00A0C91BC942}") = "IM_MOD_ps3", "coders\IM_MOD_ps3_mt_dll.vcxproj", "{7E5DCBB3-9514-4482-B123-37B66C0F49ED}"
EndProject
Project("{8BC9CEB8-8B4A-11D0-8D11-00A0C91BC942}") = "IM_MOD_psd", "coders\IM_MOD_psd_mt_dll.vcxproj", "{1D458933-004C-4F98-9E1B-52C421E288D3}"
EndProject
Project("{8BC9CEB8-8B4A-11D0-8D11-00A0C91BC942}") = "IM_MOD_pwp", "coders\IM_MOD_pwp_mt_dll.vcxproj", "{2A4F138B-C360-4298-A2A3-7FC58A4D8FA6}"
EndProject
Project("{8BC9CEB8-8B4A-11D0-8D11-00A0C91BC942}") = "IM_MOD_rgb", "coders\IM_MOD_rgb_mt_dll.vcxproj", "{5721F760-4DF7-451E-9557-A8BA34937371}"
EndProject
Project("{8BC9CEB8-8B4A-11D0-8D11-00A0C91BC942}") = "IM_MOD_rla", "coders\IM_MOD_rla_mt_dll.vcxproj", "{5767A81D-EAEE-430A-8F30-C88128222406}"
EndProject
Project("{8BC9CEB8-8B4A-11D0-8D11-00A0C91BC942}") = "IM_MOD_rle", "coders\IM_MOD_rle_mt_dll.vcxproj", "{370885D9-CB9E-4F6A-A592-A709FB8E3665}"
EndProject
Project("{8BC9CEB8-8B4A-11D0-8D11-00A0C91BC942}") = "IM_MOD_sct", "coders\IM_MOD_sct_mt_dll.vcxproj", "{23CA8F2A-CEC8-4A85-9390-6F7D4F593C4F}"
EndProject
Project("{8BC9CEB8-8B4A-11D0-8D11-00A0C91BC942}") = "IM_MOD_sfw", "coders\IM_MOD_sfw_mt_dll.vcxproj", "{82F766A7-0715-441C-A194-9EEADD315DE8}"
EndProject
Project("{8BC9CEB8-8B4A-11D0-8D11-00A0C91BC942}") = "IM_MOD_sgi", "coders\IM_MOD_sgi_mt_dll.vcxproj", "{33E743D9-E0D5-4A32-8A67-1FC2C3801373}"
EndProject
Project("{8BC9CEB8-8B4A-11D0-8D11-00A0C91BC942}") = "IM_MOD_stegano", "coders\IM_MOD_stegano_mt_dll.vcxproj", "{9F9C08A8-00E4-44B6-BDB4-6E3038C278BA}"
EndProject
Project("{8BC9CEB8-8B4A-11D0-8D11-00A0C91BC942}") = "IM_MOD_sun", "coders\IM_MOD_sun_mt_dll.vcxproj", "{FE2E19D2-E7A0-4769-88E7-F13B1CA1F802}"
EndProject
Project("{8BC9CEB8-8B4A-11D0-8D11-00A0C91BC942}") = "IM_MOD_svg", "coders\IM_MOD_svg_mt_dll.vcxproj", "{1F2BA5DE-1747-4975-981A-BAF5EA33C3EC}"
EndProject
Project("{8BC9CEB8-8B4A-11D0-8D11-00A0C91BC942}") = "IM_MOD_tga", "coders\IM_MOD_tga_mt_dll.vcxproj", "{ED76F1BD-F143-474B-973A-262981CDF293}"
EndProject
Project("{8BC9CEB8-8B4A-11D0-8D11-00A0C91BC942}") = "IM_MOD_tiff", "coders\IM_MOD_tiff_mt_dll.vcxproj", "{70924E0C-3546-4A9B-BD48-65312071F220}"
EndProject
Project("{8BC9CEB8-8B4A-11D0-8D11-00A0C91BC942}") = "IM_MOD_tile", "coders\IM_MOD_tile_mt_dll.vcxproj", "{89D7CAA2-CC06-4036-A30E-9CD75F00B2D0}"
EndProject
Project("{8BC9CEB8-8B4A-11D0-8D11-00A0C91BC942}") = "IM_MOD_tim", "coders\IM_MOD_tim_mt_dll.vcxproj", "{C74E1042-30E1-4BDF-BBE0-F5C8F37E98D1}"
EndProject
Project("{8BC9CEB8-8B4A-11D0-8D11-00A0C91BC942}") = "IM_MOD_topol", "coders\IM_MOD_topol_mt_dll.vcxproj", "{50774C9B-82AD-4F4D-AACF-6FD4563BD4F6}"
EndProject
Project("{8BC9CEB8-8B4A-11D0-8D11-00A0C91BC942}") = "IM_MOD_ttf", "coders\IM_MOD_ttf_mt_dll.vcxproj", "{AE0475EE-6E3E-4F99-A715-A68C2824B38B}"
EndProject
Project("{8BC9CEB8-8B4A-11D0-8D11-00A0C91BC942}") = "IM_MOD_txt", "coders\IM_MOD_txt_mt_dll.vcxproj", "{837C68A5-9020-4CBF-B63B-19D5CCBCC589}"
EndProject
Project("{8BC9CEB8-8B4A-11D0-8D11-00A0C91BC942}") = "IM_MOD_uil", "coders\IM_MOD_uil_mt_dll.vcxproj", "{C3DF37B8-4FE7-4B32-9C35-30EF122C237D}"
EndProject
Project("{8BC9CEB8-8B4A-11D0-8D11-00A0C91BC942}") = "IM_MOD_url", "coders\IM_MOD_url_mt_dll.vcxproj", "{6A0FBCAE-461F-488E-A40A-FF0579CDFDAA}"
EndProject
Project("{8BC9CEB8-8B4A-11D0-8D11-00A0C91BC942}") = "IM_MOD_uyvy", "coders\IM_MOD_uyvy_mt_dll.vcxproj", "{9A40957C-910F-487D-BD62-F77BB1DCB148}"
EndProject
Project("{8BC9CEB8-8B4A-11D0-8D11-00A0C91BC942}") = "IM_MOD_vicar", "coders\IM_MOD_vicar_mt_dll.vcxproj", "{45522D81-C811-4020-94F5-705518F696B0}"
EndProject
Project("{8BC9CEB8-8B4A-11D0-8D11-00A0C91BC942}") = "IM_MOD_vid", "coders\IM_MOD_vid_mt_dll.vcxproj", "{48B5F031-9CFF-498F-8234-BFAE4635A3E8}"
EndProject
Project("{8BC9CEB8-8B4A-11D0-8D11-00A0C91BC942}") = "IM_MOD_viff", "coders\IM_MOD_viff_mt_dll.vcxproj", "{1EA6B743-0B8F-41A2-B5CA-79AFB28B704F}"
EndProject
Project("{8BC9CEB8-8B4A-11D0-8D11-00A0C91BC942}") = "IM_MOD_wbmp", "coders\IM_MOD_wbmp_mt_dll.vcxproj", "{7615F55B-17DC-4D60-81A5-86C30060D69A}"
EndProject
Project("{8BC9CEB8-8B4A-11D0-8D11-00A0C91BC942}") = "IM_MOD_webp", "coders\IM_MOD_webp_mt_dll.vcxproj", "{F82CFCB7-62ED-4265-AD47-8225F494CF5C}"
EndProject
Project("{8BC9CEB8-8B4A-11D0-8D11-00A0C91BC942}") = "IM_MOD_wmf", "coders\IM_MOD_wmf_mt_dll.vcxproj", "{07E99EEC-B769-439C-91B5-DA921C6B61A8}"
EndProject
Project("{8BC9CEB8-8B4A-11D0-8D11-00A0C91BC942}") = "IM_MOD_wpg", "coders\IM_MOD_wpg_mt_dll.vcxproj", "{5237439C-E10D-4BC0-88D5-3CBB5157EBA4}"
EndProject
Project("{8BC9CEB8-8B4A-11D0-8D11-00A0C91BC942}") = "IM_MOD_x", "coders\IM_MOD_x_mt_dll.vcxproj", "{3D522607-7C91-4118-93DE-90A1CD574998}"
EndProject
Project("{8BC9CEB8-8B4A-11D0-8D11-00A0C91BC942}") = "IM_MOD_xbm", "coders\IM_MOD_xbm_mt_dll.vcxproj", "{C012CA16-39A7-41CF-8BC1-5E2E9005CFD0}"
EndProject
Project("{8BC9CEB8-8B4A-11D0-8D11-00A0C91BC942}") = "IM_MOD_xc", "coders\IM_MOD_xc_mt_dll.vcxproj", "{4D921A3C-B347-4609-97C2-33F95B14F221}"
EndProject
Project("{8BC9CEB8-8B4A-11D0-8D11-00A0C91BC942}") = "IM_MOD_xcf", "coders\IM_MOD_xcf_mt_dll.vcxproj", "{A99FE769-0A5D-4D28-8E9C-9968D696B25D}"
EndProject
Project("{8BC9CEB8-8B4A-11D0-8D11-00A0C91BC942}") = "IM_MOD_xpm", "coders\IM_MOD_xpm_mt_dll.vcxproj", "{420FF20F-EEBA-49CB-A1F0-E5C7407D3304}"
EndProject
Project("{8BC9CEB8-8B4A-11D0-8D11-00A0C91BC942}") = "IM_MOD_xtrn", "coders\IM_MOD_xtrn_mt_dll.vcxproj", "{03B0B539-F348-4FF2-AD14-D1C226A70018}"
EndProject
Project("{8BC9CEB8-8B4A-11D0-8D11-00A0C91BC942}") = "IM_MOD_xwd", "coders\IM_MOD_xwd_mt_dll.vcxproj", "{B7FCE289-C992-4E15-BE80-CF5575F33FED}"
EndProject
Project("{8BC9CEB8-8B4A-11D0-8D11-00A0C91BC942}") = "IM_MOD_yuv", "coders\IM_MOD_yuv_mt_dll.vcxproj", "{4B2208BF-3BE2-4E3B-8322-F26B420F7EC8}"
EndProject
Project("{8BC9CEB8-8B4A-11D0-8D11-00A0C91BC942}") = "analyze", "filters\analyze_mt_dll.vcxproj", "{63F070BA-7F2C-4530-9EE2-DC7DAD07E3A0}"
EndProject
Project("{8BC9CEB8-8B4A-11D0-8D11-00A0C91BC942}") = "UTIL_dcraw", "dcraw\UTIL_dcraw_mt_exe.vcxproj", "{DAB94554-A616-477C-80AE-37F4BB2B4762}"
EndProject
Project("{8BC9CEB8-8B4A-11D0-8D11-00A0C91BC942}") = "UTIL_gm", "utilities\UTIL_gm_mt_exe.vcxproj", "{27905BA8-A2F7-4C16-AEED-DB8B5B932139}"
EndProject
Project("{8BC9CEB8-8B4A-11D0-8D11-00A0C91BC942}") = "UTIL_IMDisplay", "win2k\IMDisplay\UTIL_IMDisplay_mt_exe.vcxproj", "{543ED4AD-DF8A-454D-A952-3D3B93A6E759}"
EndProject
Global
	GlobalSection(SolutionConfigurationPlatforms) = preSolution
		Debug|x86 = Debug|x86
		Release|x86 = Release|x86
	EndGlobalSection
	GlobalSection(ProjectConfigurationPlatforms) = postSolution
		{337399A5-C59C-43C2-B9D9-2A9CF73860F2}.Debug|x86.ActiveCfg = Debug|Win32
		{337399A5-C59C-43C2-B9D9-2A9CF73860F2}.Debug|x86.Build.0 = Debug|Win32
		{337399A5-C59C-43C2-B9D9-2A9CF73860F2}.Release|x86.ActiveCfg = Release|Win32
		{337399A5-C59C-43C2-B9D9-2A9CF73860F2}.Release|x86.Build.0 = Release|Win32
		{F9095450-9FBA-4A31-AB61-86DD3F50E632}.Debug|x86.ActiveCfg = Debug|Win32
		{F9095450-9FBA-4A31-AB61-86DD3F50E632}.Debug|x86.Build.0 = Debug|Win32
		{F9095450-9FBA-4A31-AB61-86DD3F50E632}.Release|x86.ActiveCfg = Release|Win32
		{F9095450-9FBA-4A31-AB61-86DD3F50E632}.Release|x86.Build.0 = Release|Win32
		{80B6C67A-5922-43E7-A482-F4BD5291853F}.Debug|x86.ActiveCfg = Debug|Win32
		{80B6C67A-5922-43E7-A482-F4BD5291853F}.Debug|x86.Build.0 = Debug|Win32
		{80B6C67A-5922-43E7-A482-F4BD5291853F}.Release|x86.ActiveCfg = Release|Win32
		{80B6C67A-5922-43E7-A482-F4BD5291853F}.Release|x86.Build.0 = Release|Win32
		{55E5D7D9-7F88-43A7-8537-EAAD85DAB417}.Debug|x86.ActiveCfg = Debug|Win32
		{55E5D7D9-7F88-43A7-8537-EAAD85DAB417}.Debug|x86.Build.0 = Debug|Win32
		{55E5D7D9-7F88-43A7-8537-EAAD85DAB417}.Release|x86.ActiveCfg = Release|Win32
		{55E5D7D9-7F88-43A7-8537-EAAD85DAB417}.Release|x86.Build.0 = Release|Win32
		{9499A08E-0510-4EEB-ACD3-8CF9EC4776C4}.Debug|x86.ActiveCfg = Debug|Win32
		{9499A08E-0510-4EEB-ACD3-8CF9EC4776C4}.Debug|x86.Build.0 = Debug|Win32
		{9499A08E-0510-4EEB-ACD3-8CF9EC4776C4}.Release|x86.ActiveCfg = Release|Win32
		{9499A08E-0510-4EEB-ACD3-8CF9EC4776C4}.Release|x86.Build.0 = Release|Win32
		{6AA76DAB-24A9-4F44-8B32-87ADE173BE83}.Debug|x86.ActiveCfg = Debug|Win32
		{6AA76DAB-24A9-4F44-8B32-87ADE173BE83}.Debug|x86.Build.0 = Debug|Win32
		{6AA76DAB-24A9-4F44-8B32-87ADE173BE83}.Release|x86.ActiveCfg = Release|Win32
		{6AA76DAB-24A9-4F44-8B32-87ADE173BE83}.Release|x86.Build.0 = Release|Win32
		{029D9A26-736B-4308-A855-2E096AEA7E01}.Debug|x86.ActiveCfg = Debug|Win32
		{029D9A26-736B-4308-A855-2E096AEA7E01}.Debug|x86.Build.0 = Debug|Win32
		{029D9A26-736B-4308-A855-2E096AEA7E01}.Release|x86.ActiveCfg = Release|Win32
		{029D9A26-736B-4308-A855-2E096AEA7E01}.Release|x86.Build.0 = Release|Win32
		{E61E366C-4CC6-4151-99C4-4A2E17794254}.Debug|x86.ActiveCfg = Debug|Win32
		{E61E366C-4CC6-4151-99C4-4A2E17794254}.Debug|x86.Build.0 = Debug|Win32
		{E61E366C-4CC6-4151-99C4-4A2E17794254}.Release|x86.ActiveCfg = Release|Win32
		{E61E366C-4CC6-4151-99C4-4A2E17794254}.Release|x86.Build.0 = Release|Win32
		{C942C702-76CC-4E6D-A526-86AF2A5C2261}.Debug|x86.ActiveCfg = Debug|Win32
		{C942C702-76CC-4E6D-A526-86AF2A5C2261}.Debug|x86.Build.0 = Debug|Win32
		{C942C702-76CC-4E6D-A526-86AF2A5C2261}.Release|x86.ActiveCfg = Release|Win32
		{C942C702-76CC-4E6D-A526-86AF2A5C2261}.Release|x86.Build.0 = Release|Win32
		{574E7255-D9DD-40D3-A984-831AB424DC54}.Debug|x86.ActiveCfg = Debug|Win32
		{574E7255-D9DD-40D3-A984-831AB424DC54}.Debug|x86.Build.0 = Debug|Win32
		{574E7255-D9DD-40D3-A984-831AB424DC54}.Release|x86.ActiveCfg = Release|Win32
		{574E7255-D9DD-40D3-A984-831AB424DC54}.Release|x86.Build.0 = Release|Win32
		{798E6161-6D82-4B71-860A-6B508705D365}.Debug|x86.ActiveCfg = Debug|Win32
		{798E6161-6D82-4B71-860A-6B508705D365}.Debug|x86.Build.0 = Debug|Win32
		{798E6161-6D82-4B71-860A-6B508705D365}.Release|x86.ActiveCfg = Release|Win32
		{798E6161-6D82-4B71-860A-6B508705D365}.Release|x86.Build.0 = Release|Win32
		{FA31A057-2730-496B-88F2-666CE743E550}.Debug|x86.ActiveCfg = Debug|Win32
		{FA31A057-2730-496B-88F2-666CE743E550}.Debug|x86.Build.0 = Debug|Win32
		{FA31A057-2730-496B-88F2-666CE743E550}.Release|x86.ActiveCfg = Release|Win32
		{FA31A057-2730-496B-88F2-666CE743E550}.Release|x86.Build.0 = Release|Win32
		{CC3E2EDD-54C7-42E3-8488-DB94AD39431F}.Debug|x86.ActiveCfg = Debug|Win32
		{CC3E2EDD-54C7-42E3-8488-DB94AD39431F}.Debug|x86.Build.0 = Debug|Win32
		{CC3E2EDD-54C7-42E3-8488-DB94AD39431F}.Release|x86.ActiveCfg = Release|Win32
		{CC3E2EDD-54C7-42E3-8488-DB94AD39431F}.Release|x86.Build.0 = Release|Win32
		{AA3BD166-62DD-4BEA-AE2D-6A3BC95D6569}.Debug|x86.ActiveCfg = Debug|Win32
		{AA3BD166-62DD-4BEA-AE2D-6A3BC95D6569}.Debug|x86.Build.0 = Debug|Win32
		{AA3BD166-62DD-4BEA-AE2D-6A3BC95D6569}.Release|x86.ActiveCfg = Release|Win32
		{AA3BD166-62DD-4BEA-AE2D-6A3BC95D6569}.Release|x86.Build.0 = Release|Win32
		{324E55EA-151C-4A5A-9DF0-788F94DAA4E5}.Debug|x86.ActiveCfg = Debug|Win32
		{324E55EA-151C-4A5A-9DF0-788F94DAA4E5}.Debug|x86.Build.0 = Debug|Win32
		{324E55EA-151C-4A5A-9DF0-788F94DAA4E5}.Release|x86.ActiveCfg = Release|Win32
		{324E55EA-151C-4A5A-9DF0-788F94DAA4E5}.Release|x86.Build.0 = Release|Win32
		{60A83437-F60E-4B21-A594-7CA0F97A6023}.Debug|x86.ActiveCfg = Debug|Win32
		{60A83437-F60E-4B21-A594-7CA0F97A6023}.Debug|x86.Build.0 = Debug|Win32
		{60A83437-F60E-4B21-A594-7CA0F97A6023}.Release|x86.ActiveCfg = Release|Win32
		{60A83437-F60E-4B21-A594-7CA0F97A6023}.Release|x86.Build.0 = Release|Win32
		{00EA51CB-B4F4-4E1A-8D2B-39F818BA0763}.Debug|x86.ActiveCfg = Debug|Win32
		{00EA51CB-B4F4-4E1A-8D2B-39F818BA0763}.Debug|x86.Build.0 = Debug|Win32
		{00EA51CB-B4F4-4E1A-8D2B-39F818BA0763}.Release|x86.ActiveCfg = Release|Win32
		{00EA51CB-B4F4-4E1A-8D2B-39F818BA0763}.Release|x86.Build.0 = Release|Win32
		{39084576-40FC-43DF-86A1-FDCB423CCAE2}.Debug|x86.ActiveCfg = Debug|Win32
		{39084576-40FC-43DF-86A1-FDCB423CCAE2}.Debug|x86.Build.0 = Debug|Win32
		{39084576-40FC-43DF-86A1-FDCB423CCAE2}.Release|x86.ActiveCfg = Release|Win32
		{39084576-40FC-43DF-86A1-FDCB423CCAE2}.Release|x86.Build.0 = Release|Win32
		{ACA682A0-ADF1-4D7A-96EE-482E6FECF05E}.Debug|x86.ActiveCfg = Debug|Win32
		{ACA682A0-ADF1-4D7A-96EE-482E6FECF05E}.Debug|x86.Build.0 = Debug|Win32
		{ACA682A0-ADF1-4D7A-96EE-482E6FECF05E}.Release|x86.ActiveCfg = Release|Win32
		{ACA682A0-ADF1-4D7A-96EE-482E6FECF05E}.Release|x86.Build.0 = Release|Win32
		{4306F1D0-16EA-4C41-BB63-A3ADEAF111AC}.Debug|x86.ActiveCfg = Debug|Win32
		{4306F1D0-16EA-4C41-BB63-A3ADEAF111AC}.Debug|x86.Build.0 = Debug|Win32
		{4306F1D0-16EA-4C41-BB63-A3ADEAF111AC}.Release|x86.ActiveCfg = Release|Win32
		{4306F1D0-16EA-4C41-BB63-A3ADEAF111AC}.Release|x86.Build.0 = Release|Win32
		{23E8A6C6-505F-4204-876E-C30A5A119142}.Debug|x86.ActiveCfg = Debug|Win32
		{23E8A6C6-505F-4204-876E-C30A5A119142}.Debug|x86.Build.0 = Debug|Win32
		{23E8A6C6-505F-4204-876E-C30A5A119142}.Release|x86.ActiveCfg = Release|Win32
		{23E8A6C6-505F-4204-876E-C30A5A119142}.Release|x86.Build.0 = Release|Win32
		{FADF7E0E-63DE-4B48-9EBB-B6F78E91DC2B}.Debug|x86.ActiveCfg = Debug|Win32
		{FADF7E0E-63DE-4B48-9EBB-B6F78E91DC2B}.Debug|x86.Build.0 = Debug|Win32
		{FADF7E0E-63DE-4B48-9EBB-B6F78E91DC2B}.Release|x86.ActiveCfg = Release|Win32
		{FADF7E0E-63DE-4B48-9EBB-B6F78E91DC2B}.Release|x86.Build.0 = Release|Win32
		{1E97BC39-DAED-498C-A316-23A5950F7AD2}.Debug|x86.ActiveCfg = Debug|Win32
		{1E97BC39-DAED-498C-A316-23A5950F7AD2}.Debug|x86.Build.0 = Debug|Win32
		{1E97BC39-DAED-498C-A316-23A5950F7AD2}.Release|x86.ActiveCfg = Release|Win32
		{1E97BC39-DAED-498C-A316-23A5950F7AD2}.Release|x86.Build.0 = Release|Win32
		{E405CC9A-3860-4E75-BF6A-70FB79D15397}.Debug|x86.ActiveCfg = Debug|Win32
		{E405CC9A-3860-4E75-BF6A-70FB79D15397}.Debug|x86.Build.0 = Debug|Win32
		{E405CC9A-3860-4E75-BF6A-70FB79D15397}.Release|x86.ActiveCfg = Release|Win32
		{E405CC9A-3860-4E75-BF6A-70FB79D15397}.Release|x86.Build.0 = Release|Win32
		{B2F66AF3-3E1B-4673-99A6-F0F98C84FDF0}.Debug|x86.ActiveCfg = Debug|Win32
		{B2F66AF3-3E1B-4673-99A6-F0F98C84FDF0}.Debug|x86.Build.0 = Debug|Win32
		{B2F66AF3-3E1B-4673-99A6-F0F98C84FDF0}.Release|x86.ActiveCfg = Release|Win32
		{B2F66AF3-3E1B-4673-99A6-F0F98C84FDF0}.Release|x86.Build.0 = Release|Win32
		{84495387-9C43-4B0F-8C48-05E6564199C0}.Debug|x86.ActiveCfg = Debug|Win32
		{84495387-9C43-4B0F-8C48-05E6564199C0}.Debug|x86.Build.0 = Debug|Win32
		{84495387-9C43-4B0F-8C48-05E6564199C0}.Release|x86.ActiveCfg = Release|Win32
		{84495387-9C43-4B0F-8C48-05E6564199C0}.Release|x86.Build.0 = Release|Win32
		{DDE5F487-E129-4559-A388-E83B545A4B8A}.Debug|x86.ActiveCfg = Debug|Win32
		{DDE5F487-E129-4559-A388-E83B545A4B8A}.Debug|x86.Build.0 = Debug|Win32
		{DDE5F487-E129-4559-A388-E83B545A4B8A}.Release|x86.ActiveCfg = Release|Win32
		{DDE5F487-E129-4559-A388-E83B545A4B8A}.Release|x86.Build.0 = Release|Win32
		{0D7FC7D4-F7DC-4FA8-BE2F-8AC729D31B6D}.Debug|x86.ActiveCfg = Debug|Win32
		{0D7FC7D4-F7DC-4FA8-BE2F-8AC729D31B6D}.Debug|x86.Build.0 = Debug|Win32
		{0D7FC7D4-F7DC-4FA8-BE2F-8AC729D31B6D}.Release|x86.ActiveCfg = Release|Win32
		{0D7FC7D4-F7DC-4FA8-BE2F-8AC729D31B6D}.Release|x86.Build.0 = Release|Win32
		{ABD04CFF-6DC8-4B9A-BDB9-242FA52CED55}.Debug|x86.ActiveCfg = Debug|Win32
		{ABD04CFF-6DC8-4B9A-BDB9-242FA52CED55}.Debug|x86.Build.0 = Debug|Win32
		{ABD04CFF-6DC8-4B9A-BDB9-242FA52CED55}.Release|x86.ActiveCfg = Release|Win32
		{ABD04CFF-6DC8-4B9A-BDB9-242FA52CED55}.Release|x86.Build.0 = Release|Win32
		{E1672C3D-80AC-44A3-A2C7-A09B91659A55}.Debug|x86.ActiveCfg = Debug|Win32
		{E1672C3D-80AC-44A3-A2C7-A09B91659A55}.Debug|x86.Build.0 = Debug|Win32
		{E1672C3D-80AC-44A3-A2C7-A09B91659A55}.Release|x86.ActiveCfg = Release|Win32
		{E1672C3D-80AC-44A3-A2C7-A09B91659A55}.Release|x86.Build.0 = Release|Win32
		{27B03411-323A-4301-A465-0A055087C0F6}.Debug|x86.ActiveCfg = Debug|Win32
		{27B03411-323A-4301-A465-0A055087C0F6}.Debug|x86.Build.0 = Debug|Win32
		{27B03411-323A-4301-A465-0A055087C0F6}.Release|x86.ActiveCfg = Release|Win32
		{27B03411-323A-4301-A465-0A055087C0F6}.Release|x86.Build.0 = Release|Win32
		{C80748F9-54A1-491F-8ED8-842E5800BF0C}.Debug|x86.ActiveCfg = Debug|Win32
		{C80748F9-54A1-491F-8ED8-842E5800BF0C}.Debug|x86.Build.0 = Debug|Win32
		{C80748F9-54A1-491F-8ED8-842E5800BF0C}.Release|x86.ActiveCfg = Release|Win32
		{C80748F9-54A1-491F-8ED8-842E5800BF0C}.Release|x86.Build.0 = Release|Win32
		{2A73AB45-7E48-44BA-9013-137AA3226778}.Debug|x86.ActiveCfg = Debug|Win32
		{2A73AB45-7E48-44BA-9013-137AA3226778}.Debug|x86.Build.0 = Debug|Win32
		{2A73AB45-7E48-44BA-9013-137AA3226778}.Release|x86.ActiveCfg = Release|Win32
		{2A73AB45-7E48-44BA-9013-137AA3226778}.Release|x86.Build.0 = Release|Win32
		{6F5804AA-88F5-45EF-AE0D-FCF4F10D504D}.Debug|x86.ActiveCfg = Debug|Win32
		{6F5804AA-88F5-45EF-AE0D-FCF4F10D504D}.Debug|x86.Build.0 = Debug|Win32
		{6F5804AA-88F5-45EF-AE0D-FCF4F10D504D}.Release|x86.ActiveCfg = Release|Win32
		{6F5804AA-88F5-45EF-AE0D-FCF4F10D504D}.Release|x86.Build.0 = Release|Win32
		{562CBBF9-09F8-402C-AEFB-E1826185EE4B}.Debug|x86.ActiveCfg = Debug|Win32
		{562CBBF9-09F8-402C-AEFB-E1826185EE4B}.Debug|x86.Build.0 = Debug|Win32
		{562CBBF9-09F8-402C-AEFB-E1826185EE4B}.Release|x86.ActiveCfg = Release|Win32
		{562CBBF9-09F8-402C-AEFB-E1826185EE4B}.Release|x86.Build.0 = Release|Win32
		{4D284F86-8DDC-4F0D-ABC9-CA9299FF988A}.Debug|x86.ActiveCfg = Debug|Win32
		{4D284F86-8DDC-4F0D-ABC9-CA9299FF988A}.Debug|x86.Build.0 = Debug|Win32
		{4D284F86-8DDC-4F0D-ABC9-CA9299FF988A}.Release|x86.ActiveCfg = Release|Win32
		{4D284F86-8DDC-4F0D-ABC9-CA9299FF988A}.Release|x86.Build.0 = Release|Win32
		{A2F3C828-2164-4D06-8C2F-4EBB98F64F3B}.Debug|x86.ActiveCfg = Debug|Win32
		{A2F3C828-2164-4D06-8C2F-4EBB98F64F3B}.Debug|x86.Build.0 = Debug|Win32
		{A2F3C828-2164-4D06-8C2F-4EBB98F64F3B}.Release|x86.ActiveCfg = Release|Win32
		{A2F3C828-2164-4D06-8C2F-4EBB98F64F3B}.Release|x86.Build.0 = Release|Win32
		{5A327E51-4715-40FF-95AD-17EF012D388F}.Debug|x86.ActiveCfg = Debug|Win32
		{5A327E51-4715-40FF-95AD-17EF012D388F}.Debug|x86.Build.0 = Debug|Win32
		{5A327E51-4715-40FF-95AD-17EF012D388F}.Release|x86.ActiveCfg = Release|Win32
		{5A327E51-4715-40FF-95AD-17EF012D388F}.Release|x86.Build.0 = Release|Win32
		{C2CC7859-82FB-4C90-8C3F-56FC6132C1E1}.Debug|x86.ActiveCfg = Debug|Win32
		{C2CC7859-82FB-4C90-8C3F-56FC6132C1E1}.Debug|x86.Build.0 = Debug|Win32
		{C2CC7859-82FB-4C90-8C3F-56FC6132C1E1}.Release|x86.ActiveCfg = Release|Win32
		{C2CC7859-82FB-4C90-8C3F-56FC6132C1E1}.Release|x86.Build.0 = Release|Win32
		{13C34894-2CBE-42E6-939C-2B2D53F6D5EB}.Debug|x86.ActiveCfg = Debug|Win32
		{13C34894-2CBE-42E6-939C-2B2D53F6D5EB}.Debug|x86.Build.0 = Debug|Win32
		{13C34894-2CBE-42E6-939C-2B2D53F6D5EB}.Release|x86.ActiveCfg = Release|Win32
		{13C34894-2CBE-42E6-939C-2B2D53F6D5EB}.Release|x86.Build.0 = Release|Win32
		{46D489B5-ABA2-4D3D-8D65-BEB81C043E13}.Debug|x86.ActiveCfg = Debug|Win32
		{46D489B5-ABA2-4D3D-8D65-BEB81C043E13}.Debug|x86.Build.0 = Debug|Win32
		{46D489B5-ABA2-4D3D-8D65-BEB81C043E13}.Release|x86.ActiveCfg = Release|Win32
		{46D489B5-ABA2-4D3D-8D65-BEB81C043E13}.Release|x86.Build.0 = Release|Win32
		{0357DE56-CACF-4FD1-A405-80923064B6BC}.Debug|x86.ActiveCfg = Debug|Win32
		{0357DE56-CACF-4FD1-A405-80923064B6BC}.Debug|x86.Build.0 = Debug|Win32
		{0357DE56-CACF-4FD1-A405-80923064B6BC}.Release|x86.ActiveCfg = Release|Win32
		{0357DE56-CACF-4FD1-A405-80923064B6BC}.Release|x86.Build.0 = Release|Win32
		{0B476776-4F4F-48FD-A7EC-AACB69C9518F}.Debug|x86.ActiveCfg = Debug|Win32
		{0B476776-4F4F-48FD-A7EC-AACB69C9518F}.Debug|x86.Build.0 = Debug|Win32
		{0B476776-4F4F-48FD-A7EC-AACB69C9518F}.Release|x86.ActiveCfg = Release|Win32
		{0B476776-4F4F-48FD-A7EC-AACB69C9518F}.Release|x86.Build.0 = Release|Win32
		{13FED1F4-D580-4CFC-9A73-66686DBC6520}.Debug|x86.ActiveCfg = Debug|Win32
		{13FED1F4-D580-4CFC-9A73-66686DBC6520}.Debug|x86.Build.0 = Debug|Win32
		{13FED1F4-D580-4CFC-9A73-66686DBC6520}.Release|x86.ActiveCfg = Release|Win32
		{13FED1F4-D580-4CFC-9A73-66686DBC6520}.Release|x86.Build.0 = Release|Win32
		{D2C00DAF-A4C9-4084-9AF3-0102D9D81C96}.Debug|x86.ActiveCfg = Debug|Win32
		{D2C00DAF-A4C9-4084-9AF3-0102D9D81C96}.Debug|x86.Build.0 = Debug|Win32
		{D2C00DAF-A4C9-4084-9AF3-0102D9D81C96}.Release|x86.ActiveCfg = Release|Win32
		{D2C00DAF-A4C9-4084-9AF3-0102D9D81C96}.Release|x86.Build.0 = Release|Win32
		{1AA78C57-A185-4EDA-A728-BD37271F9BD2}.Debug|x86.ActiveCfg = Debug|Win32
		{1AA78C57-A185-4EDA-A728-BD37271F9BD2}.Debug|x86.Build.0 = Debug|Win32
		{1AA78C57-A185-4EDA-A728-BD37271F9BD2}.Release|x86.ActiveCfg = Release|Win32
		{1AA78C57-A185-4EDA-A728-BD37271F9BD2}.Release|x86.Build.0 = Release|Win32
		{66ACCCA0-8CC3-4734-A4F6-E3048A710A38}.Debug|x86.ActiveCfg = Debug|Win32
		{66ACCCA0-8CC3-4734-A4F6-E3048A710A38}.Debug|x86.Build.0 = Debug|Win32
		{66ACCCA0-8CC3-4734-A4F6-E3048A710A38}.Release|x86.ActiveCfg = Release|Win32
		{66ACCCA0-8CC3-4734-A4F6-E3048A710A38}.Release|x86.Build.0 = Release|Win32
		{BC1BDF9A-D1CE-4D02-BBBD-EA02260DC6D8}.Debug|x86.ActiveCfg = Debug|Win32
		{BC1BDF9A-D1CE-4D02-BBBD-EA02260DC6D8}.Debug|x86.Build.0 = Debug|Win32
		{BC1BDF9A-D1CE-4D02-BBBD-EA02260DC6D8}.Release|x86.ActiveCfg = Release|Win32
		{BC1BDF9A-D1CE-4D02-BBBD-EA02260DC6D8}.Release|x86.Build.0 = Release|Win32
		{741B350E-C03E-4AF0-9BA6-155A5AF6DF39}.Debug|x86.ActiveCfg = Debug|Win32
		{741B350E-C03E-4AF0-9BA6-155A5AF6DF39}.Debug|x86.Build.0 = Debug|Win32
		{741B350E-C03E-4AF0-9BA6-155A5AF6DF39}.Release|x86.ActiveCfg = Release|Win32
		{741B350E-C03E-4AF0-9BA6-155A5AF6DF39}.Release|x86.Build.0 = Release|Win32
		{BEFAC8AA-787A-42DD-937D-B09B624EAD86}.Debug|x86.ActiveCfg = Debug|Win32
		{BEFAC8AA-787A-42DD-937D-B09B624EAD86}.Debug|x86.Build.0 = Debug|Win32
		{BEFAC8AA-787A-42DD-937D-B09B624EAD86}.Release|x86.ActiveCfg = Release|Win32
		{BEFAC8AA-787A-42DD-937D-B09B624EAD86}.Release|x86.Build.0 = Release|Win32
		{7BDB7534-4EAE-4F76-8522-E1986B899218}.Debug|x86.ActiveCfg = Debug|Win32
		{7BDB7534-4EAE-4F76-8522-E1986B899218}.Debug|x86.Build.0 = Debug|Win32
		{7BDB7534-4EAE-4F76-8522-E1986B899218}.Release|x86.ActiveCfg = Release|Win32
		{7BDB7534-4EAE-4F76-8522-E1986B899218}.Release|x86.Build.0 = Release|Win32
		{50F2315B-8020-401F-9B1D-C1F9D8750355}.Debug|x86.ActiveCfg = Debug|Win32
		{50F2315B-8020-401F-9B1D-C1F9D8750355}.Debug|x86.Build.0 = Debug|Win32
		{50F2315B-8020-401F-9B1D-C1F9D8750355}.Release|x86.ActiveCfg = Release|Win32
		{50F2315B-8020-401F-9B1D-C1F9D8750355}.Release|x86.Build.0 = Release|Win32
		{CD48CB8E-942C-4E64-9C40-D22D2626D069}.Debug|x86.ActiveCfg = Debug|Win32
		{CD48CB8E-942C-4E64-9C40-D22D2626D069}.Debug|x86.Build.0 = Debug|Win32
		{CD48CB8E-942C-4E64-9C40-D22D2626D069}.Release|x86.ActiveCfg = Release|Win32
		{CD48CB8E-942C-4E64-9C40-D22D2626D069}.Release|x86.Build.0 = Release|Win32
		{24474A7C-9352-454F-BA65-689CE3A5B61A}.Debug|x86.ActiveCfg = Debug|Win32
		{24474A7C-9352-454F-BA65-689CE3A5B61A}.Debug|x86.Build.0 = Debug|Win32
		{24474A7C-9352-454F-BA65-689CE3A5B61A}.Release|x86.ActiveCfg = Release|Win32
		{24474A7C-9352-454F-BA65-689CE3A5B61A}.Release|x86.Build.0 = Release|Win32
		{41B49209-2F13-45D2-8664-E95F13FAA2E7}.Debug|x86.ActiveCfg = Debug|Win32
		{41B49209-2F13-45D2-8664-E95F13FAA2E7}.Debug|x86.Build.0 = Debug|Win32
		{41B49209-2F13-45D2-8664-E95F13FAA2E7}.Release|x86.ActiveCfg = Release|Win32
		{41B49209-2F13-45D2-8664-E95F13FAA2E7}.Release|x86.Build.0 = Release|Win32
		{ABA5FCED-206B-4EAB-B0E0-DC61BEC2A912}.Debug|x86.ActiveCfg = Debug|Win32
		{ABA5FCED-206B-4EAB-B0E0-DC61BEC2A912}.Debug|x86.Build.0 = Debug|Win32
		{ABA5FCED-206B-4EAB-B0E0-DC61BEC2A912}.Release|x86.ActiveCfg = Release|Win32
		{ABA5FCED-206B-4EAB-B0E0-DC61BEC2A912}.Release|x86.Build.0 = Release|Win32
		{003D3354-EEF2-4672-B252-0DD052DAE442}.Debug|x86.ActiveCfg = Debug|Win32
		{003D3354-EEF2-4672-B252-0DD052DAE442}.Debug|x86.Build.0 = Debug|Win32
		{003D3354-EEF2-4672-B252-0DD052DAE442}.Release|x86.ActiveCfg = Release|Win32
		{003D3354-EEF2-4672-B252-0DD052DAE442}.Release|x86.Build.0 = Release|Win32
		{E2E547F0-F455-4F2B-9A6F-24AAB5BFE998}.Debug|x86.ActiveCfg = Debug|Win32
		{E2E547F0-F455-4F2B-9A6F-24AAB5BFE998}.Debug|x86.Build.0 = Debug|Win32
		{E2E547F0-F455-4F2B-9A6F-24AAB5BFE998}.Release|x86.ActiveCfg = Release|Win32
		{E2E547F0-F455-4F2B-9A6F-24AAB5BFE998}.Release|x86.Build.0 = Release|Win32
		{07AF2B9A-C9A2-4CC4-AF92-8D504E2E5BF2}.Debug|x86.ActiveCfg = Debug|Win32
		{07AF2B9A-C9A2-4CC4-AF92-8D504E2E5BF2}.Debug|x86.Build.0 = Debug|Win32
		{07AF2B9A-C9A2-4CC4-AF92-8D504E2E5BF2}.Release|x86.ActiveCfg = Release|Win32
		{07AF2B9A-C9A2-4CC4-AF92-8D504E2E5BF2}.Release|x86.Build.0 = Release|Win32
		{BDCDC1D0-7673-44F0-A0F4-C8F31D27CEDC}.Debug|x86.ActiveCfg = Debug|Win32
		{BDCDC1D0-7673-44F0-A0F4-C8F31D27CEDC}.Debug|x86.Build.0 = Debug|Win32
		{BDCDC1D0-7673-44F0-A0F4-C8F31D27CEDC}.Release|x86.ActiveCfg = Release|Win32
		{BDCDC1D0-7673-44F0-A0F4-C8F31D27CEDC}.Release|x86.Build.0 = Release|Win32
		{8A4EF25F-836F-43E2-A915-023B8D855DC9}.Debug|x86.ActiveCfg = Debug|Win32
		{8A4EF25F-836F-43E2-A915-023B8D855DC9}.Debug|x86.Build.0 = Debug|Win32
		{8A4EF25F-836F-43E2-A915-023B8D855DC9}.Release|x86.ActiveCfg = Release|Win32
		{8A4EF25F-836F-43E2-A915-023B8D855DC9}.Release|x86.Build.0 = Release|Win32
		{7F89D14A-AFFC-4283-BA7B-55F4DD344915}.Debug|x86.ActiveCfg = Debug|Win32
		{7F89D14A-AFFC-4283-BA7B-55F4DD344915}.Debug|x86.Build.0 = Debug|Win32
		{7F89D14A-AFFC-4283-BA7B-55F4DD344915}.Release|x86.ActiveCfg = Release|Win32
		{7F89D14A-AFFC-4283-BA7B-55F4DD344915}.Release|x86.Build.0 = Release|Win32
		{B9A50569-A499-4057-8D5D-3B7C33DF71E8}.Debug|x86.ActiveCfg = Debug|Win32
		{B9A50569-A499-4057-8D5D-3B7C33DF71E8}.Debug|x86.Build.0 = Debug|Win32
		{B9A50569-A499-4057-8D5D-3B7C33DF71E8}.Release|x86.ActiveCfg = Release|Win32
		{B9A50569-A499-4057-8D5D-3B7C33DF71E8}.Release|x86.Build.0 = Release|Win32
		{EABABB40-F33E-4048-806A-247301B6D4B9}.Debug|x86.ActiveCfg = Debug|Win32
		{EABABB40-F33E-4048-806A-247301B6D4B9}.Debug|x86.Build.0 = Debug|Win32
		{EABABB40-F33E-4048-806A-247301B6D4B9}.Release|x86.ActiveCfg = Release|Win32
		{EABABB40-F33E-4048-806A-247301B6D4B9}.Release|x86.Build.0 = Release|Win32
		{C5F89994-5BC5-45F1-BB5D-AE22BAA87E33}.Debug|x86.ActiveCfg = Debug|Win32
		{C5F89994-5BC5-45F1-BB5D-AE22BAA87E33}.Debug|x86.Build.0 = Debug|Win32
		{C5F89994-5BC5-45F1-BB5D-AE22BAA87E33}.Release|x86.ActiveCfg = Release|Win32
		{C5F89994-5BC5-45F1-BB5D-AE22BAA87E33}.Release|x86.Build.0 = Release|Win32
		{FDB76B07-14E1-4B82-8CA9-31A4C74D7278}.Debug|x86.ActiveCfg = Debug|Win32
		{FDB76B07-14E1-4B82-8CA9-31A4C74D7278}.Debug|x86.Build.0 = Debug|Win32
		{FDB76B07-14E1-4B82-8CA9-31A4C74D7278}.Release|x86.ActiveCfg = Release|Win32
		{FDB76B07-14E1-4B82-8CA9-31A4C74D7278}.Release|x86.Build.0 = Release|Win32
		{F91BD255-EE47-498F-8B33-5E2022CC8B7F}.Debug|x86.ActiveCfg = Debug|Win32
		{F91BD255-EE47-498F-8B33-5E2022CC8B7F}.Debug|x86.Build.0 = Debug|Win32
		{F91BD255-EE47-498F-8B33-5E2022CC8B7F}.Release|x86.ActiveCfg = Release|Win32
		{F91BD255-EE47-498F-8B33-5E2022CC8B7F}.Release|x86.Build.0 = Release|Win32
		{8A2D2FCD-FCAA-4E5E-8037-6BC4089B5B24}.Debug|x86.ActiveCfg = Debug|Win32
		{8A2D2FCD-FCAA-4E5E-8037-6BC4089B5B24}.Debug|x86.Build.0 = Debug|Win32
		{8A2D2FCD-FCAA-4E5E-8037-6BC4089B5B24}.Release|x86.ActiveCfg = Release|Win32
		{8A2D2FCD-FCAA-4E5E-8037-6BC4089B5B24}.Release|x86.Build.0 = Release|Win32
		{18931AC6-13E5-4DFA-ACA8-619884435AD9}.Debug|x86.ActiveCfg = Debug|Win32
		{18931AC6-13E5-4DFA-ACA8-619884435AD9}.Debug|x86.Build.0 = Debug|Win32
		{18931AC6-13E5-4DFA-ACA8-619884435AD9}.Release|x86.ActiveCfg = Release|Win32
		{18931AC6-13E5-4DFA-ACA8-619884435AD9}.Release|x86.Build.0 = Release|Win32
		{5196BAFF-E18C-4649-B057-D9CCAED3C78D}.Debug|x86.ActiveCfg = Debug|Win32
		{5196BAFF-E18C-4649-B057-D9CCAED3C78D}.Debug|x86.Build.0 = Debug|Win32
		{5196BAFF-E18C-4649-B057-D9CCAED3C78D}.Release|x86.ActiveCfg = Release|Win32
		{5196BAFF-E18C-4649-B057-D9CCAED3C78D}.Release|x86.Build.0 = Release|Win32
		{A6DF9619-9138-40F5-BAA8-CA304C6A8051}.Debug|x86.ActiveCfg = Debug|Win32
		{A6DF9619-9138-40F5-BAA8-CA304C6A8051}.Debug|x86.Build.0 = Debug|Win32
		{A6DF9619-9138-40F5-BAA8-CA304C6A8051}.Release|x86.ActiveCfg = Release|Win32
		{A6DF9619-9138-40F5-BAA8-CA304C6A8051}.Release|x86.Build.0 = Release|Win32
		{CD50178D-25D8-4B37-9F9D-248246182FA1}.Debug|x86.ActiveCfg = Debug|Win32
		{CD50178D-25D8-4B37-9F9D-248246182FA1}.Debug|x86.Build.0 = Debug|Win32
		{CD50178D-25D8-4B37-9F9D-248246182FA1}.Release|x86.ActiveCfg = Release|Win32
		{CD50178D-25D8-4B37-9F9D-248246182FA1}.Release|x86.Build.0 = Release|Win32
		{693F0E7B-4A24-445B-8DF1-84A28D8D4D2D}.Debug|x86.ActiveCfg = Debug|Win32
		{693F0E7B-4A24-445B-8DF1-84A28D8D4D2D}.Debug|x86.Build.0 = Debug|Win32
		{693F0E7B-4A24-445B-8DF1-84A28D8D4D2D}.Release|x86.ActiveCfg = Release|Win32
		{693F0E7B-4A24-445B-8DF1-84A28D8D4D2D}.Release|x86.Build.0 = Release|Win32
		{ED7FC009-B9A4-4665-8B7B-526B51ED8E08}.Debug|x86.ActiveCfg = Debug|Win32
		{ED7FC009-B9A4-4665-8B7B-526B51ED8E08}.Debug|x86.Build.0 = Debug|Win32
		{ED7FC009-B9A4-4665-8B7B-526B51ED8E08}.Release|x86.ActiveCfg = Release|Win32
		{ED7FC009-B9A4-4665-8B7B-526B51ED8E08}.Release|x86.Build.0 = Release|Win32
		{391AA2C3-0BC2-47BB-A940-9016C439DB49}.Debug|x86.ActiveCfg = Debug|Win32
		{391AA2C3-0BC2-47BB-A940-9016C439DB49}.Debug|x86.Build.0 = Debug|Win32
		{391AA2C3-0BC2-47BB-A940-9016C439DB49}.Release|x86.ActiveCfg = Release|Win32
		{391AA2C3-0BC2-47BB-A940-9016C439DB49}.Release|x86.Build.0 = Release|Win32
		{F7E0F508-62ED-4557-A9C3-8156DC53FF3F}.Debug|x86.ActiveCfg = Debug|Win32
		{F7E0F508-62ED-4557-A9C3-8156DC53FF3F}.Debug|x86.Build.0 = Debug|Win32
		{F7E0F508-62ED-4557-A9C3-8156DC53FF3F}.Release|x86.ActiveCfg = Release|Win32
		{F7E0F508-62ED-4557-A9C3-8156DC53FF3F}.Release|x86.Build.0 = Release|Win32
		{CC8DE708-FF4A-4904-B1CA-4FAC1D3DE49D}.Debug|x86.ActiveCfg = Debug|Win32
		{CC8DE708-FF4A-4904-B1CA-4FAC1D3DE49D}.Debug|x86.Build.0 = Debug|Win32
		{CC8DE708-FF4A-4904-B1CA-4FAC1D3DE49D}.Release|x86.ActiveCfg = Release|Win32
		{CC8DE708-FF4A-4904-B1CA-4FAC1D3DE49D}.Release|x86.Build.0 = Release|Win32
		{3DF9D5C5-4A36-4239-90C8-F22666BF7CDD}.Debug|x86.ActiveCfg = Debug|Win32
		{3DF9D5C5-4A36-4239-90C8-F22666BF7CDD}.Debug|x86.Build.0 = Debug|Win32
		{3DF9D5C5-4A36-4239-90C8-F22666BF7CDD}.Release|x86.ActiveCfg = Release|Win32
		{3DF9D5C5-4A36-4239-90C8-F22666BF7CDD}.Release|x86.Build.0 = Release|Win32
		{956A4A2A-F0C0-4016-B710-FCC94629D4B4}.Debug|x86.ActiveCfg = Debug|Win32
		{956A4A2A-F0C0-4016-B710-FCC94629D4B4}.Debug|x86.Build.0 = Debug|Win32
		{956A4A2A-F0C0-4016-B710-FCC94629D4B4}.Release|x86.ActiveCfg = Release|Win32
		{956A4A2A-F0C0-4016-B710-FCC94629D4B4}.Release|x86.Build.0 = Release|Win32
		{D4FA2DB0-B6F5-4BAD-B874-D1A5D4053135}.Debug|x86.ActiveCfg = Debug|Win32
		{D4FA2DB0-B6F5-4BAD-B874-D1A5D4053135}.Debug|x86.Build.0 = Debug|Win32
		{D4FA2DB0-B6F5-4BAD-B874-D1A5D4053135}.Release|x86.ActiveCfg = Release|Win32
		{D4FA2DB0-B6F5-4BAD-B874-D1A5D4053135}.Release|x86.Build.0 = Release|Win32
		{AFB0A76C-7355-4761-BF51-0D416D65E2CB}.Debug|x86.ActiveCfg = Debug|Win32
		{AFB0A76C-7355-4761-BF51-0D416D65E2CB}.Debug|x86.Build.0 = Debug|Win32
		{AFB0A76C-7355-4761-BF51-0D416D65E2CB}.Release|x86.ActiveCfg = Release|Win32
		{AFB0A76C-7355-4761-BF51-0D416D65E2CB}.Release|x86.Build.0 = Release|Win32
		{39701200-7A50-4E0A-B440-5D595A88F219}.Debug|x86.ActiveCfg = Debug|Win32
		{39701200-7A50-4E0A-B440-5D595A88F219}.Debug|x86.Build.0 = Debug|Win32
		{39701200-7A50-4E0A-B440-5D595A88F219}.Release|x86.ActiveCfg = Release|Win32
		{39701200-7A50-4E0A-B440-5D595A88F219}.Release|x86.Build.0 = Release|Win32
		{3CB00D2C-F80E-4275-964E-F1D6DB546A47}.Debug|x86.ActiveCfg = Debug|Win32
		{3CB00D2C-F80E-4275-964E-F1D6DB546A47}.Debug|x86.Build.0 = Debug|Win32
		{3CB00D2C-F80E-4275-964E-F1D6DB546A47}.Release|x86.ActiveCfg = Release|Win32
		{3CB00D2C-F80E-4275-964E-F1D6DB546A47}.Release|x86.Build.0 = Release|Win32
		{7E5DCBB3-9514-4482-B123-37B66C0F49ED}.Debug|x86.ActiveCfg = Debug|Win32
		{7E5DCBB3-9514-4482-B123-37B66C0F49ED}.Debug|x86.Build.0 = Debug|Win32
		{7E5DCBB3-9514-4482-B123-37B66C0F49ED}.Release|x86.ActiveCfg = Release|Win32
		{7E5DCBB3-9514-4482-B123-37B66C0F49ED}.Release|x86.Build.0 = Release|Win32
		{1D458933-004C-4F98-9E1B-52C421E288D3}.Debug|x86.ActiveCfg = Debug|Win32
		{1D458933-004C-4F98-9E1B-52C421E288D3}.Debug|x86.Build.0 = Debug|Win32
		{1D458933-004C-4F98-9E1B-52C421E288D3}.Release|x86.ActiveCfg = Release|Win32
		{1D458933-004C-4F98-9E1B-52C421E288D3}.Release|x86.Build.0 = Release|Win32
		{2A4F138B-C360-4298-A2A3-7FC58A4D8FA6}.Debug|x86.ActiveCfg = Debug|Win32
		{2A4F138B-C360-4298-A2A3-7FC58A4D8FA6}.Debug|x86.Build.0 = Debug|Win32
		{2A4F138B-C360-4298-A2A3-7FC58A4D8FA6}.Release|x86.ActiveCfg = Release|Win32
		{2A4F138B-C360-4298-A2A3-7FC58A4D8FA6}.Release|x86.Build.0 = Release|Win32
		{5721F760-4DF7-451E-9557-A8BA34937371}.Debug|x86.ActiveCfg = Debug|Win32
		{5721F760-4DF7-451E-9557-A8BA34937371}.Debug|x86.Build.0 = Debug|Win32
		{5721F760-4DF7-451E-9557-A8BA34937371}.Release|x86.ActiveCfg = Release|Win32
		{5721F760-4DF7-451E-9557-A8BA34937371}.Release|x86.Build.0 = Release|Win32
		{5767A81D-EAEE-430A-8F30-C88128222406}.Debug|x86.ActiveCfg = Debug|Win32
		{5767A81D-EAEE-430A-8F30-C88128222406}.Debug|x86.Build.0 = Debug|Win32
		{5767A81D-EAEE-430A-8F30-C88128222406}.Release|x86.ActiveCfg = Release|Win32
		{5767A81D-EAEE-430A-8F30-C88128222406}.Release|x86.Build.0 = Release|Win32
		{370885D9-CB9E-4F6A-A592-A709FB8E3665}.Debug|x86.ActiveCfg = Debug|Win32
		{370885D9-CB9E-4F6A-A592-A709FB8E3665}.Debug|x86.Build.0 = Debug|Win32
		{370885D9-CB9E-4F6A-A592-A709FB8E3665}.Release|x86.ActiveCfg = Release|Win32
		{370885D9-CB9E-4F6A-A592-A709FB8E3665}.Release|x86.Build.0 = Release|Win32
		{23CA8F2A-CEC8-4A85-9390-6F7D4F593C4F}.Debug|x86.ActiveCfg = Debug|Win32
		{23CA8F2A-CEC8-4A85-9390-6F7D4F593C4F}.Debug|x86.Build.0 = Debug|Win32
		{23CA8F2A-CEC8-4A85-9390-6F7D4F593C4F}.Release|x86.ActiveCfg = Release|Win32
		{23CA8F2A-CEC8-4A85-9390-6F7D4F593C4F}.Release|x86.Build.0 = Release|Win32
		{82F766A7-0715-441C-A194-9EEADD315DE8}.Debug|x86.ActiveCfg = Debug|Win32
		{82F766A7-0715-441C-A194-9EEADD315DE8}.Debug|x86.Build.0 = Debug|Win32
		{82F766A7-0715-441C-A194-9EEADD315DE8}.Release|x86.ActiveCfg = Release|Win32
		{82F766A7-0715-441C-A194-9EEADD315DE8}.Release|x86.Build.0 = Release|Win32
		{33E743D9-E0D5-4A32-8A67-1FC2C3801373}.Debug|x86.ActiveCfg = Debug|Win32
		{33E743D9-E0D5-4A32-8A67-1FC2C3801373}.Debug|x86.Build.0 = Debug|Win32
		{33E743D9-E0D5-4A32-8A67-1FC2C3801373}.Release|x86.ActiveCfg = Release|Win32
		{33E743D9-E0D5-4A32-8A67-1FC2C3801373}.Release|x86.Build.0 = Release|Win32
		{9F9C08A8-00E4-44B6-BDB4-6E3038C278BA}.Debug|x86.ActiveCfg = Debug|Win32
		{9F9C08A8-00E4-44B6-BDB4-6E3038C278BA}.Debug|x86.Build.0 = Debug|Win32
		{9F9C08A8-00E4-44B6-BDB4-6E3038C278BA}.Release|x86.ActiveCfg = Release|Win32
		{9F9C08A8-00E4-44B6-BDB4-6E3038C278BA}.Release|x86.Build.0 = Release|Win32
		{FE2E19D2-E7A0-4769-88E7-F13B1CA1F802}.Debug|x86.ActiveCfg = Debug|Win32
		{FE2E19D2-E7A0-4769-88E7-F13B1CA1F802}.Debug|x86.Build.0 = Debug|Win32
		{FE2E19D2-E7A0-4769-88E7-F13B1CA1F802}.Release|x86.ActiveCfg = Release|Win32
		{FE2E19D2-E7A0-4769-88E7-F13B1CA1F802}.Release|x86.Build.0 = Release|Win32
		{1F2BA5DE-1747-4975-981A-BAF5EA33C3EC}.Debug|x86.ActiveCfg = Debug|Win32
		{1F2BA5DE-1747-4975-981A-BAF5EA33C3EC}.Debug|x86.Build.0 = Debug|Win32
		{1F2BA5DE-1747-4975-981A-BAF5EA33C3EC}.Release|x86.ActiveCfg = Release|Win32
		{1F2BA5DE-1747-4975-981A-BAF5EA33C3EC}.Release|x86.Build.0 = Release|Win32
		{ED76F1BD-F143-474B-973A-262981CDF293}.Debug|x86.ActiveCfg = Debug|Win32
		{ED76F1BD-F143-474B-973A-262981CDF293}.Debug|x86.Build.0 = Debug|Win32
		{ED76F1BD-F143-474B-973A-262981CDF293}.Release|x86.ActiveCfg = Release|Win32
		{ED76F1BD-F143-474B-973A-262981CDF293}.Release|x86.Build.0 = Release|Win32
		{70924E0C-3546-4A9B-BD48-65312071F220}.Debug|x86.ActiveCfg = Debug|Win32
		{70924E0C-3546-4A9B-BD48-65312071F220}.Debug|x86.Build.0 = Debug|Win32
		{70924E0C-3546-4A9B-BD48-65312071F220}.Release|x86.ActiveCfg = Release|Win32
		{70924E0C-3546-4A9B-BD48-65312071F220}.Release|x86.Build.0 = Release|Win32
		{89D7CAA2-CC06-4036-A30E-9CD75F00B2D0}.Debug|x86.ActiveCfg = Debug|Win32
		{89D7CAA2-CC06-4036-A30E-9CD75F00B2D0}.Debug|x86.Build.0 = Debug|Win32
		{89D7CAA2-CC06-4036-A30E-9CD75F00B2D0}.Release|x86.ActiveCfg = Release|Win32
		{89D7CAA2-CC06-4036-A30E-9CD75F00B2D0}.Release|x86.Build.0 = Release|Win32
		{C74E1042-30E1-4BDF-BBE0-F5C8F37E98D1}.Debug|x86.ActiveCfg = Debug|Win32
		{C74E1042-30E1-4BDF-BBE0-F5C8F37E98D1}.Debug|x86.Build.0 = Debug|Win32
		{C74E1042-30E1-4BDF-BBE0-F5C8F37E98D1}.Release|x86.ActiveCfg = Release|Win32
		{C74E1042-30E1-4BDF-BBE0-F5C8F37E98D1}.Release|x86.Build.0 = Release|Win32
		{50774C9B-82AD-4F4D-AACF-6FD4563BD4F6}.Debug|x86.ActiveCfg = Debug|Win32
		{50774C9B-82AD-4F4D-AACF-6FD4563BD4F6}.Debug|x86.Build.0 = Debug|Win32
		{50774C9B-82AD-4F4D-AACF-6FD4563BD4F6}.Release|x86.ActiveCfg = Release|Win32
		{50774C9B-82AD-4F4D-AACF-6FD4563BD4F6}.Release|x86.Build.0 = Release|Win32
		{AE0475EE-6E3E-4F99-A715-A68C2824B38B}.Debug|x86.ActiveCfg = Debug|Win32
		{AE0475EE-6E3E-4F99-A715-A68C2824B38B}.Debug|x86.Build.0 = Debug|Win32
		{AE0475EE-6E3E-4F99-A715-A68C2824B38B}.Release|x86.ActiveCfg = Release|Win32
		{AE0475EE-6E3E-4F99-A715-A68C2824B38B}.Release|x86.Build.0 = Release|Win32
		{837C68A5-9020-4CBF-B63B-19D5CCBCC589}.Debug|x86.ActiveCfg = Debug|Win32
		{837C68A5-9020-4CBF-B63B-19D5CCBCC589}.Debug|x86.Build.0 = Debug|Win32
		{837C68A5-9020-4CBF-B63B-19D5CCBCC589}.Release|x86.ActiveCfg = Release|Win32
		{837C68A5-9020-4CBF-B63B-19D5CCBCC589}.Release|x86.Build.0 = Release|Win32
		{C3DF37B8-4FE7-4B32-9C35-30EF122C237D}.Debug|x86.ActiveCfg = Debug|Win32
		{C3DF37B8-4FE7-4B32-9C35-30EF122C237D}.Debug|x86.Build.0 = Debug|Win32
		{C3DF37B8-4FE7-4B32-9C35-30EF122C237D}.Release|x86.ActiveCfg = Release|Win32
		{C3DF37B8-4FE7-4B32-9C35-30EF122C237D}.Release|x86.Build.0 = Release|Win32
		{6A0FBCAE-461F-488E-A40A-FF0579CDFDAA}.Debug|x86.ActiveCfg = Debug|Win32
		{6A0FBCAE-461F-488E-A40A-FF0579CDFDAA}.Debug|x86.Build.0 = Debug|Win32
		{6A0FBCAE-461F-488E-A40A-FF0579CDFDAA}.Release|x86.ActiveCfg = Release|Win32
		{6A0FBCAE-461F-488E-A40A-FF0579CDFDAA}.Release|x86.Build.0 = Release|Win32
		{9A40957C-910F-487D-BD62-F77BB1DCB148}.Debug|x86.ActiveCfg = Debug|Win32
		{9A40957C-910F-487D-BD62-F77BB1DCB148}.Debug|x86.Build.0 = Debug|Win32
		{9A40957C-910F-487D-BD62-F77BB1DCB148}.Release|x86.ActiveCfg = Release|Win32
		{9A40957C-910F-487D-BD62-F77BB1DCB148}.Release|x86.Build.0 = Release|Win32
		{45522D81-C811-4020-94F5-705518F696B0}.Debug|x86.ActiveCfg = Debug|Win32
		{45522D81-C811-4020-94F5-705518F696B0}.Debug|x86.Build.0 = Debug|Win32
		{45522D81-C811-4020-94F5-705518F696B0}.Release|x86.ActiveCfg = Release|Win32
		{45522D81-C811-4020-94F5-705518F696B0}.Release|x86.Build.0 = Release|Win32
		{48B5F031-9CFF-498F-8234-BFAE4635A3E8}.Debug|x86.ActiveCfg = Debug|Win32
		{48B5F031-9CFF-498F-8234-BFAE4635A3E8}.Debug|x86.Build.0 = Debug|Win32
		{48B5F031-9CFF-498F-8234-BFAE4635A3E8}.Release|x86.ActiveCfg = Release|Win32
		{48B5F031-9CFF-498F-8234-BFAE4635A3E8}.Release|x86.Build.0 = Release|Win32
		{1EA6B743-0B8F-41A2-B5CA-79AFB28B704F}.Debug|x86.ActiveCfg = Debug|Win32
		{1EA6B743-0B8F-41A2-B5CA-79AFB28B704F}.Debug|x86.Build.0 = Debug|Win32
		{1EA6B743-0B8F-41A2-B5CA-79AFB28B704F}.Release|x86.ActiveCfg = Release|Win32
		{1EA6B743-0B8F-41A2-B5CA-79AFB28B704F}.Release|x86.Build.0 = Release|Win32
		{7615F55B-17DC-4D60-81A5-86C30060D69A}.Debug|x86.ActiveCfg = Debug|Win32
		{7615F55B-17DC-4D60-81A5-86C30060D69A}.Debug|x86.Build.0 = Debug|Win32
		{7615F55B-17DC-4D60-81A5-86C30060D69A}.Release|x86.ActiveCfg = Release|Win32
		{7615F55B-17DC-4D60-81A5-86C30060D69A}.Release|x86.Build.0 = Release|Win32
		{F82CFCB7-62ED-4265-AD47-8225F494CF5C}.Debug|x86.ActiveCfg = Debug|Win32
		{F82CFCB7-62ED-4265-AD47-8225F494CF5C}.Debug|x86.Build.0 = Debug|Win32
		{F82CFCB7-62ED-4265-AD47-8225F494CF5C}.Release|x86.ActiveCfg = Release|Win32
		{F82CFCB7-62ED-4265-AD47-8225F494CF5C}.Release|x86.Build.0 = Release|Win32
		{07E99EEC-B769-439C-91B5-DA921C6B61A8}.Debug|x86.ActiveCfg = Debug|Win32
		{07E99EEC-B769-439C-91B5-DA921C6B61A8}.Debug|x86.Build.0 = Debug|Win32
		{07E99EEC-B769-439C-91B5-DA921C6B61A8}.Release|x86.ActiveCfg = Release|Win32
		{07E99EEC-B769-439C-91B5-DA921C6B61A8}.Release|x86.Build.0 = Release|Win32
		{5237439C-E10D-4BC0-88D5-3CBB5157EBA4}.Debug|x86.ActiveCfg = Debug|Win32
		{5237439C-E10D-4BC0-88D5-3CBB5157EBA4}.Debug|x86.Build.0 = Debug|Win32
		{5237439C-E10D-4BC0-88D5-3CBB5157EBA4}.Release|x86.ActiveCfg = Release|Win32
		{5237439C-E10D-4BC0-88D5-3CBB5157EBA4}.Release|x86.Build.0 = Release|Win32
		{3D522607-7C91-4118-93DE-90A1CD574998}.Debug|x86.ActiveCfg = Debug|Win32
		{3D522607-7C91-4118-93DE-90A1CD574998}.Debug|x86.Build.0 = Debug|Win32
		{3D522607-7C91-4118-93DE-90A1CD574998}.Release|x86.ActiveCfg = Release|Win32
		{3D522607-7C91-4118-93DE-90A1CD574998}.Release|x86.Build.0 = Release|Win32
		{C012CA16-39A7-41CF-8BC1-5E2E9005CFD0}.Debug|x86.ActiveCfg = Debug|Win32
		{C012CA16-39A7-41CF-8BC1-5E2E9005CFD0}.Debug|x86.Build.0 = Debug|Win32
		{C012CA16-39A7-41CF-8BC1-5E2E9005CFD0}.Release|x86.ActiveCfg = Release|Win32
		{C012CA16-39A7-41CF-8BC1-5E2E9005CFD0}.Release|x86.Build.0 = Release|Win32
		{4D921A3C-B347-4609-97C2-33F95B14F221}.Debug|x86.ActiveCfg = Debug|Win32
		{4D921A3C-B347-4609-97C2-33F95B14F221}.Debug|x86.Build.0 = Debug|Win32
		{4D921A3C-B347-4609-97C2-33F95B14F221}.Release|x86.ActiveCfg = Release|Win32
		{4D921A3C-B347-4609-97C2-33F95B14F221}.Release|x86.Build.0 = Release|Win32
		{A99FE769-0A5D-4D28-8E9C-9968D696B25D}.Debug|x86.ActiveCfg = Debug|Win32
		{A99FE769-0A5D-4D28-8E9C-9968D696B25D}.Debug|x86.Build.0 = Debug|Win32
		{A99FE769-0A5D-4D28-8E9C-9968D696B25D}.Release|x86.ActiveCfg = Release|Win32
		{A99FE769-0A5D-4D28-8E9C-9968D696B25D}.Release|x86.Build.0 = Release|Win32
		{420FF20F-EEBA-49CB-A1F0-E5C7407D3304}.Debug|x86.ActiveCfg = Debug|Win32
		{420FF20F-EEBA-49CB-A1F0-E5C7407D3304}.Debug|x86.Build.0 = Debug|Win32
		{420FF20F-EEBA-49CB-A1F0-E5C7407D3304}.Release|x86.ActiveCfg = Release|Win32
		{420FF20F-EEBA-49CB-A1F0-E5C7407D3304}.Release|x86.Build.0 = Release|Win32
		{03B0B539-F348-4FF2-AD14-D1C226A70018}.Debug|x86.ActiveCfg = Debug|Win32
		{03B0B539-F348-4FF2-AD14-D1C226A70018}.Debug|x86.Build.0 = Debug|Win32
		{03B0B539-F348-4FF2-AD14-D1C226A70018}.Release|x86.ActiveCfg = Release|Win32
		{03B0B539-F348-4FF2-AD14-D1C226A70018}.Release|x86.Build.0 = Release|Win32
		{B7FCE289-C992-4E15-BE80-CF5575F33FED}.Debug|x86.ActiveCfg = Debug|Win32
		{B7FCE289-C992-4E15-BE80-CF5575F33FED}.Debug|x86.Build.0 = Debug|Win32
		{B7FCE289-C992-4E15-BE80-CF5575F33FED}.Release|x86.ActiveCfg = Release|Win32
		{B7FCE289-C992-4E15-BE80-CF5575F33FED}.Release|x86.Build.0 = Release|Win32
		{4B2208BF-3BE2-4E3B-8322-F26B420F7EC8}.Debug|x86.ActiveCfg = Debug|Win32
		{4B2208BF-3BE2-4E3B-8322-F26B420F7EC8}.Debug|x86.Build.0 = Debug|Win32
		{4B2208BF-3BE2-4E3B-8322-F26B420F7EC8}.Release|x86.ActiveCfg = Release|Win32
		{4B2208BF-3BE2-4E3B-8322-F26B420F7EC8}.Release|x86.Build.0 = Release|Win32
		{63F070BA-7F2C-4530-9EE2-DC7DAD07E3A0}.Debug|x86.ActiveCfg = Debug|Win32
		{63F070BA-7F2C-4530-9EE2-DC7DAD07E3A0}.Debug|x86.Build.0 = Debug|Win32
		{63F070BA-7F2C-4530-9EE2-DC7DAD07E3A0}.Release|x86.ActiveCfg = Release|Win32
		{63F070BA-7F2C-4530-9EE2-DC7DAD07E3A0}.Release|x86.Build.0 = Release|Win32
		{DAB94554-A616-477C-80AE-37F4BB2B4762}.Debug|x86.ActiveCfg = Debug|Win32
		{DAB94554-A616-477C-80AE-37F4BB2B4762}.Debug|x86.Build.0 = Debug|Win32
		{DAB94554-A616-477C-80AE-37F4BB2B4762}.Release|x86.ActiveCfg = Release|Win32
		{DAB94554-A616-477C-80AE-37F4BB2B4762}.Release|x86.Build.0 = Release|Win32
		{27905BA8-A2F7-4C16-AEED-DB8B5B932139}.Debug|x86.ActiveCfg = Debug|Win32
		{27905BA8-A2F7-4C16-AEED-DB8B5B932139}.Debug|x86.Build.0 = Debug|Win32
		{27905BA8-A2F7-4C16-AEED-DB8B5B932139}.Release|x86.ActiveCfg = Release|Win32
		{27905BA8-A2F7-4C16-AEED-DB8B5B932139}.Release|x86.Build.0 = Release|Win32
		{543ED4AD-DF8A-454D-A952-3D3B93A6E759}.Debug|x86.ActiveCfg = Debug|Win32
		{543ED4AD-DF8A-454D-A952-3D3B93A6E759}.Debug|x86.Build.0 = Debug|Win32
		{543ED4AD-DF8A-454D-A952-3D3B93A6E759}.Release|x86.ActiveCfg = Release|Win32
		{543ED4AD-DF8A-454D-A952-3D3B93A6E759}.Release|x86.Build.0 = Release|Win32
	EndGlobalSection
	GlobalSection(SolutionProperties) = preSolution
		HideSolutionNode = FALSE
	EndGlobalSection
EndGlobal
