
Microsoft Visual Studio Solution File, Format Version 12.00
# Visual Studio 14
VisualStudioVersion = 14.0.25420.1
MinimumVisualStudioVersion = 10.0.40219.1
Project("{8BC9CEB8-8B4A-11D0-8D11-00A0C91BC942}") = "giflib", "giflib\giflib.vcxproj", "{A86CCD4B-9EC6-4C0C-8C1C-60FD00DD9806}"
EndProject
Project("{8BC9CEB8-8B4A-11D0-8D11-00A0C91BC942}") = "libgetarg", "libgetarg\libgetarg.vcxproj", "{402340FA-1EAC-4E48-822E-4A05B4DD74C8}"
EndProject
Project("{8BC9CEB8-8B4A-11D0-8D11-00A0C91BC942}") = "gif2rgb", "gif2rgb\gif2rgb.vcxproj", "{BC2B7CAD-DAE9-4777-922C-00E9AC0D83BC}"
EndProject
Project("{8BC9CEB8-8B4A-11D0-8D11-00A0C91BC942}") = "gifbuild", "gifbuild\gifbuild.vcxproj", "{BA5A4B4C-8BE9-4B00-8577-AF8BAF62EED9}"
EndProject
Project("{8BC9CEB8-8B4A-11D0-8D11-00A0C91BC942}") = "gifecho", "gifecho\gifecho.vcxproj", "{D8C62D53-1B95-4A92-AAC5-EAACF79556DF}"
EndProject
Project("{8BC9CEB8-8B4A-11D0-8D11-00A0C91BC942}") = "giffix", "giffix\giffix.vcxproj", "{2ED31937-0D58-4431-A7AF-45944A5736C3}"
EndProject
Project("{8BC9CEB8-8B4A-11D0-8D11-00A0C91BC942}") = "gifinto", "gifinto\gifinto.vcxproj", "{BEB6BC04-5BE6-4DBE-8A8C-4FE501EF9960}"
EndProject
Project("{8BC9CEB8-8B4A-11D0-8D11-00A0C91BC942}") = "giftext", "giftext\giftext.vcxproj", "{2F254E10-0244-412C-999A-6EB7C37ABB62}"
EndProject
Project("{8BC9CEB8-8B4A-11D0-8D11-00A0C91BC942}") = "giftool", "giftool\giftool.vcxproj", "{B8AFCDF1-AD4C-4BCB-90AB-72FBDC6A794B}"
EndProject
Project("{8BC9CEB8-8B4A-11D0-8D11-00A0C91BC942}") = "gifclrmp", "gifclrmp\gifclrmp.vcxproj", "{D0A51824-780D-4EDC-BBD1-D41F6F878399}"
EndProject
Global
	GlobalSection(SolutionConfigurationPlatforms) = preSolution
		Debug|Any CPU = Debug|Any CPU
		Debug|x64 = Debug|x64
		Debug|x86 = Debug|x86
		Release|Any CPU = Release|Any CPU
		Release|x64 = Release|x64
		Release|x86 = Release|x86
	EndGlobalSection
	GlobalSection(ProjectConfigurationPlatforms) = postSolution
		{A86CCD4B-9EC6-4C0C-8C1C-60FD00DD9806}.Debug|Any CPU.ActiveCfg = Debug|Win32
		{A86CCD4B-9EC6-4C0C-8C1C-60FD00DD9806}.Debug|x64.ActiveCfg = Debug|x64
		{A86CCD4B-9EC6-4C0C-8C1C-60FD00DD9806}.Debug|x64.Build.0 = Debug|x64
		{A86CCD4B-9EC6-4C0C-8C1C-60FD00DD9806}.Debug|x86.ActiveCfg = Debug|Win32
		{A86CCD4B-9EC6-4C0C-8C1C-60FD00DD9806}.Debug|x86.Build.0 = Debug|Win32
		{A86CCD4B-9EC6-4C0C-8C1C-60FD00DD9806}.Release|Any CPU.ActiveCfg = Release|Win32
		{A86CCD4B-9EC6-4C0C-8C1C-60FD00DD9806}.Release|x64.ActiveCfg = Release|x64
		{A86CCD4B-9EC6-4C0C-8C1C-60FD00DD9806}.Release|x64.Build.0 = Release|x64
		{A86CCD4B-9EC6-4C0C-8C1C-60FD00DD9806}.Release|x86.ActiveCfg = Release|Win32
		{A86CCD4B-9EC6-4C0C-8C1C-60FD00DD9806}.Release|x86.Build.0 = Release|Win32
		{402340FA-1EAC-4E48-822E-4A05B4DD74C8}.Debug|Any CPU.ActiveCfg = Debug|Win32
		{402340FA-1EAC-4E48-822E-4A05B4DD74C8}.Debug|x64.ActiveCfg = Debug|x64
		{402340FA-1EAC-4E48-822E-4A05B4DD74C8}.Debug|x64.Build.0 = Debug|x64
		{402340FA-1EAC-4E48-822E-4A05B4DD74C8}.Debug|x86.ActiveCfg = Debug|Win32
		{402340FA-1EAC-4E48-822E-4A05B4DD74C8}.Debug|x86.Build.0 = Debug|Win32
		{402340FA-1EAC-4E48-822E-4A05B4DD74C8}.Release|Any CPU.ActiveCfg = Release|Win32
		{402340FA-1EAC-4E48-822E-4A05B4DD74C8}.Release|x64.ActiveCfg = Release|x64
		{402340FA-1EAC-4E48-822E-4A05B4DD74C8}.Release|x64.Build.0 = Release|x64
		{402340FA-1EAC-4E48-822E-4A05B4DD74C8}.Release|x86.ActiveCfg = Release|Win32
		{402340FA-1EAC-4E48-822E-4A05B4DD74C8}.Release|x86.Build.0 = Release|Win32
		{BC2B7CAD-DAE9-4777-922C-00E9AC0D83BC}.Debug|Any CPU.ActiveCfg = Debug|Win32
		{BC2B7CAD-DAE9-4777-922C-00E9AC0D83BC}.Debug|x64.ActiveCfg = Debug|x64
		{BC2B7CAD-DAE9-4777-922C-00E9AC0D83BC}.Debug|x64.Build.0 = Debug|x64
		{BC2B7CAD-DAE9-4777-922C-00E9AC0D83BC}.Debug|x86.ActiveCfg = Debug|Win32
		{BC2B7CAD-DAE9-4777-922C-00E9AC0D83BC}.Debug|x86.Build.0 = Debug|Win32
		{BC2B7CAD-DAE9-4777-922C-00E9AC0D83BC}.Release|Any CPU.ActiveCfg = Release|Win32
		{BC2B7CAD-DAE9-4777-922C-00E9AC0D83BC}.Release|x64.ActiveCfg = Release|x64
		{BC2B7CAD-DAE9-4777-922C-00E9AC0D83BC}.Release|x64.Build.0 = Release|x64
		{BC2B7CAD-DAE9-4777-922C-00E9AC0D83BC}.Release|x86.ActiveCfg = Release|Win32
		{BC2B7CAD-DAE9-4777-922C-00E9AC0D83BC}.Release|x86.Build.0 = Release|Win32
		{BA5A4B4C-8BE9-4B00-8577-AF8BAF62EED9}.Debug|Any CPU.ActiveCfg = Debug|Win32
		{BA5A4B4C-8BE9-4B00-8577-AF8BAF62EED9}.Debug|x64.ActiveCfg = Debug|x64
		{BA5A4B4C-8BE9-4B00-8577-AF8BAF62EED9}.Debug|x64.Build.0 = Debug|x64
		{BA5A4B4C-8BE9-4B00-8577-AF8BAF62EED9}.Debug|x86.ActiveCfg = Debug|Win32
		{BA5A4B4C-8BE9-4B00-8577-AF8BAF62EED9}.Debug|x86.Build.0 = Debug|Win32
		{BA5A4B4C-8BE9-4B00-8577-AF8BAF62EED9}.Release|Any CPU.ActiveCfg = Release|Win32
		{BA5A4B4C-8BE9-4B00-8577-AF8BAF62EED9}.Release|x64.ActiveCfg = Release|x64
		{BA5A4B4C-8BE9-4B00-8577-AF8BAF62EED9}.Release|x64.Build.0 = Release|x64
		{BA5A4B4C-8BE9-4B00-8577-AF8BAF62EED9}.Release|x86.ActiveCfg = Release|Win32
		{BA5A4B4C-8BE9-4B00-8577-AF8BAF62EED9}.Release|x86.Build.0 = Release|Win32
		{D8C62D53-1B95-4A92-AAC5-EAACF79556DF}.Debug|Any CPU.ActiveCfg = Debug|Win32
		{D8C62D53-1B95-4A92-AAC5-EAACF79556DF}.Debug|x64.ActiveCfg = Debug|x64
		{D8C62D53-1B95-4A92-AAC5-EAACF79556DF}.Debug|x64.Build.0 = Debug|x64
		{D8C62D53-1B95-4A92-AAC5-EAACF79556DF}.Debug|x86.ActiveCfg = Debug|Win32
		{D8C62D53-1B95-4A92-AAC5-EAACF79556DF}.Debug|x86.Build.0 = Debug|Win32
		{D8C62D53-1B95-4A92-AAC5-EAACF79556DF}.Release|Any CPU.ActiveCfg = Release|Win32
		{D8C62D53-1B95-4A92-AAC5-EAACF79556DF}.Release|x64.ActiveCfg = Release|x64
		{D8C62D53-1B95-4A92-AAC5-EAACF79556DF}.Release|x64.Build.0 = Release|x64
		{D8C62D53-1B95-4A92-AAC5-EAACF79556DF}.Release|x86.ActiveCfg = Release|Win32
		{D8C62D53-1B95-4A92-AAC5-EAACF79556DF}.Release|x86.Build.0 = Release|Win32
		{2ED31937-0D58-4431-A7AF-45944A5736C3}.Debug|Any CPU.ActiveCfg = Debug|Win32
		{2ED31937-0D58-4431-A7AF-45944A5736C3}.Debug|x64.ActiveCfg = Debug|x64
		{2ED31937-0D58-4431-A7AF-45944A5736C3}.Debug|x64.Build.0 = Debug|x64
		{2ED31937-0D58-4431-A7AF-45944A5736C3}.Debug|x86.ActiveCfg = Debug|Win32
		{2ED31937-0D58-4431-A7AF-45944A5736C3}.Debug|x86.Build.0 = Debug|Win32
		{2ED31937-0D58-4431-A7AF-45944A5736C3}.Release|Any CPU.ActiveCfg = Release|Win32
		{2ED31937-0D58-4431-A7AF-45944A5736C3}.Release|x64.ActiveCfg = Release|x64
		{2ED31937-0D58-4431-A7AF-45944A5736C3}.Release|x64.Build.0 = Release|x64
		{2ED31937-0D58-4431-A7AF-45944A5736C3}.Release|x86.ActiveCfg = Release|Win32
		{2ED31937-0D58-4431-A7AF-45944A5736C3}.Release|x86.Build.0 = Release|Win32
		{BEB6BC04-5BE6-4DBE-8A8C-4FE501EF9960}.Debug|Any CPU.ActiveCfg = Debug|Win32
		{BEB6BC04-5BE6-4DBE-8A8C-4FE501EF9960}.Debug|x64.ActiveCfg = Debug|x64
		{BEB6BC04-5BE6-4DBE-8A8C-4FE501EF9960}.Debug|x64.Build.0 = Debug|x64
		{BEB6BC04-5BE6-4DBE-8A8C-4FE501EF9960}.Debug|x86.ActiveCfg = Debug|Win32
		{BEB6BC04-5BE6-4DBE-8A8C-4FE501EF9960}.Debug|x86.Build.0 = Debug|Win32
		{BEB6BC04-5BE6-4DBE-8A8C-4FE501EF9960}.Release|Any CPU.ActiveCfg = Release|Win32
		{BEB6BC04-5BE6-4DBE-8A8C-4FE501EF9960}.Release|x64.ActiveCfg = Release|x64
		{BEB6BC04-5BE6-4DBE-8A8C-4FE501EF9960}.Release|x64.Build.0 = Release|x64
		{BEB6BC04-5BE6-4DBE-8A8C-4FE501EF9960}.Release|x86.ActiveCfg = Release|Win32
		{BEB6BC04-5BE6-4DBE-8A8C-4FE501EF9960}.Release|x86.Build.0 = Release|Win32
		{2F254E10-0244-412C-999A-6EB7C37ABB62}.Debug|Any CPU.ActiveCfg = Debug|Win32
		{2F254E10-0244-412C-999A-6EB7C37ABB62}.Debug|x64.ActiveCfg = Debug|x64
		{2F254E10-0244-412C-999A-6EB7C37ABB62}.Debug|x64.Build.0 = Debug|x64
		{2F254E10-0244-412C-999A-6EB7C37ABB62}.Debug|x86.ActiveCfg = Debug|Win32
		{2F254E10-0244-412C-999A-6EB7C37ABB62}.Debug|x86.Build.0 = Debug|Win32
		{2F254E10-0244-412C-999A-6EB7C37ABB62}.Release|Any CPU.ActiveCfg = Release|Win32
		{2F254E10-0244-412C-999A-6EB7C37ABB62}.Release|x64.ActiveCfg = Release|x64
		{2F254E10-0244-412C-999A-6EB7C37ABB62}.Release|x64.Build.0 = Release|x64
		{2F254E10-0244-412C-999A-6EB7C37ABB62}.Release|x86.ActiveCfg = Release|Win32
		{2F254E10-0244-412C-999A-6EB7C37ABB62}.Release|x86.Build.0 = Release|Win32
		{B8AFCDF1-AD4C-4BCB-90AB-72FBDC6A794B}.Debug|Any CPU.ActiveCfg = Debug|Win32
		{B8AFCDF1-AD4C-4BCB-90AB-72FBDC6A794B}.Debug|x64.ActiveCfg = Debug|x64
		{B8AFCDF1-AD4C-4BCB-90AB-72FBDC6A794B}.Debug|x64.Build.0 = Debug|x64
		{B8AFCDF1-AD4C-4BCB-90AB-72FBDC6A794B}.Debug|x86.ActiveCfg = Debug|Win32
		{B8AFCDF1-AD4C-4BCB-90AB-72FBDC6A794B}.Debug|x86.Build.0 = Debug|Win32
		{B8AFCDF1-AD4C-4BCB-90AB-72FBDC6A794B}.Release|Any CPU.ActiveCfg = Release|Win32
		{B8AFCDF1-AD4C-4BCB-90AB-72FBDC6A794B}.Release|x64.ActiveCfg = Release|x64
		{B8AFCDF1-AD4C-4BCB-90AB-72FBDC6A794B}.Release|x64.Build.0 = Release|x64
		{B8AFCDF1-AD4C-4BCB-90AB-72FBDC6A794B}.Release|x86.ActiveCfg = Release|Win32
		{B8AFCDF1-AD4C-4BCB-90AB-72FBDC6A794B}.Release|x86.Build.0 = Release|Win32
		{D0A51824-780D-4EDC-BBD1-D41F6F878399}.Debug|Any CPU.ActiveCfg = Debug|Win32
		{D0A51824-780D-4EDC-BBD1-D41F6F878399}.Debug|x64.ActiveCfg = Debug|x64
		{D0A51824-780D-4EDC-BBD1-D41F6F878399}.Debug|x64.Build.0 = Debug|x64
		{D0A51824-780D-4EDC-BBD1-D41F6F878399}.Debug|x86.ActiveCfg = Debug|Win32
		{D0A51824-780D-4EDC-BBD1-D41F6F878399}.Debug|x86.Build.0 = Debug|Win32
		{D0A51824-780D-4EDC-BBD1-D41F6F878399}.Release|Any CPU.ActiveCfg = Release|Win32
		{D0A51824-780D-4EDC-BBD1-D41F6F878399}.Release|x64.ActiveCfg = Release|x64
		{D0A51824-780D-4EDC-BBD1-D41F6F878399}.Release|x64.Build.0 = Release|x64
		{D0A51824-780D-4EDC-BBD1-D41F6F878399}.Release|x86.ActiveCfg = Release|Win32
		{D0A51824-780D-4EDC-BBD1-D41F6F878399}.Release|x86.Build.0 = Release|Win32
	EndGlobalSection
	GlobalSection(SolutionProperties) = preSolution
		HideSolutionNode = FALSE
	EndGlobalSection
EndGlobal
