Microsoft Visual Studio Solution File, Format Version 12.00
# Visual Studio 14
VisualStudioVersion = 14.0.24720.0
MinimumVisualStudioVersion = 10.0.40219.1
Project("{8BC9CEB8-8B4A-11D0-8D11-00A0C91BC942}") = "All", "All\All.vcxproj", "{A895315B-B8B4-4CA9-BB57-2D61803ACB60}"
EndProject
Project("{8BC9CEB8-8B4A-11D0-8D11-00A0C91BC942}") = "CORE_bzlib", "bzlib\CORE_bzlib_mt_dll.vcxproj", "{10A9EC11-EA47-473D-9C65-94B24D3D223A}"
EndProject
Project("{8BC9CEB8-8B4A-11D0-8D11-00A0C91BC942}") = "CORE_jbig", "jbig\CORE_jbig_mt_dll.vcxproj", "{69DFE0C7-6817-41D4-A231-BE16D5B04CD8}"
EndProject
Project("{8BC9CEB8-8B4A-11D0-8D11-00A0C91BC942}") = "CORE_jp2", "jp2\CORE_jp2_mt_dll.vcxproj", "{199C580D-993D-4521-8D19-54F20BDDC6B8}"
EndProject
Project("{8BC9CEB8-8B4A-11D0-8D11-00A0C91BC942}") = "CORE_jpeg", "jpeg\CORE_jpeg_mt_dll.vcxproj", "{4593464E-DD77-40A4-9CE4-91D2470CA21C}"
EndProject
Project("{8BC9CEB8-8B4A-11D0-8D11-00A0C91BC942}") = "CORE_lcms", "lcms\CORE_lcms_mt_dll.vcxproj", "{0E0CFCA0-3CBC-412E-ACB6-99A960946588}"
EndProject
Project("{8BC9CEB8-8B4A-11D0-8D11-00A0C91BC942}") = "CORE_libxml", "libxml\CORE_libxml_mt_dll.vcxproj", "{4DF1A84D-6FD5-48EB-9090-660A1EF17C8A}"
EndProject
Project("{8BC9CEB8-8B4A-11D0-8D11-00A0C91BC942}") = "CORE_magick", "magick\CORE_magick_mt_dll.vcxproj", "{FBC0A04F-9D6B-4083-BD51-61A8B226FABC}"
EndProject
Project("{8BC9CEB8-8B4A-11D0-8D11-00A0C91BC942}") = "CORE_Magick++", "Magick++\CORE_Magick++_mt_dll.vcxproj", "{12AC1302-2B8A-4FAF-86BF-F432D7DBAA59}"
EndProject
Project("{8BC9CEB8-8B4A-11D0-8D11-00A0C91BC942}") = "CORE_png", "png\CORE_png_mt_dll.vcxproj", "{B7BA4C00-EB33-4395-A2A3-860C659BE37B}"
EndProject
Project("{8BC9CEB8-8B4A-11D0-8D11-00A0C91BC942}") = "CORE_tiff", "tiff\CORE_tiff_mt_dll.vcxproj", "{3189E2DB-AA95-48CB-A5F6-FC8DE4B68F30}"
EndProject
Project("{8BC9CEB8-8B4A-11D0-8D11-00A0C91BC942}") = "CORE_ttf", "ttf\CORE_ttf_mt_dll.vcxproj", "{C281933B-4F3B-467B-8CD5-5149083C36E7}"
EndProject
Project("{8BC9CEB8-8B4A-11D0-8D11-00A0C91BC942}") = "CORE_wand", "wand\CORE_wand_mt_dll.vcxproj", "{165DBE37-A780-404B-B929-215B2A021F00}"
EndProject
Project("{8BC9CEB8-8B4A-11D0-8D11-00A0C91BC942}") = "CORE_webp", "webp\CORE_webp_mt_dll.vcxproj", "{FE921F89-EA22-488D-A380-578C4EF733A3}"
EndProject
Project("{8BC9CEB8-8B4A-11D0-8D11-00A0C91BC942}") = "CORE_xlib", "xlib\CORE_xlib_mt_dll.vcxproj", "{C08960D5-2E5E-4424-8F3E-3D89B043C2D5}"
EndProject
Project("{8BC9CEB8-8B4A-11D0-8D11-00A0C91BC942}") = "CORE_zlib", "zlib\CORE_zlib_mt_dll.vcxproj", "{C4FDEC24-8936-403F-A83A-73B1A8E8C9C2}"
EndProject
Project("{8BC9CEB8-8B4A-11D0-8D11-00A0C91BC942}") = "CORE_wmf", "wmf\CORE_wmf_mt_lib.vcxproj", "{9958F66F-65AF-4495-A3E6-8A765BD80A2F}"
EndProject
Project("{8BC9CEB8-8B4A-11D0-8D11-00A0C91BC942}") = "IM_MOD_art", "coders\IM_MOD_art_mt_dll.vcxproj", "{C707ED47-0BC0-48DC-9D23-44FF0417DAEC}"
EndProject
Project("{8BC9CEB8-8B4A-11D0-8D11-00A0C91BC942}") = "IM_MOD_avi", "coders\IM_MOD_avi_mt_dll.vcxproj", "{B776819C-4E0F-42E3-8FD5-66277F363427}"
EndProject
Project("{8BC9CEB8-8B4A-11D0-8D11-00A0C91BC942}") = "IM_MOD_avs", "coders\IM_MOD_avs_mt_dll.vcxproj", "{E00043A1-03D1-4ECD-80C7-10841CDCA916}"
EndProject
Project("{8BC9CEB8-8B4A-11D0-8D11-00A0C91BC942}") = "IM_MOD_bmp", "coders\IM_MOD_bmp_mt_dll.vcxproj", "{66C9514C-291D-4BD2-82FD-8323BA203505}"
EndProject
Project("{8BC9CEB8-8B4A-11D0-8D11-00A0C91BC942}") = "IM_MOD_cals", "coders\IM_MOD_cals_mt_dll.vcxproj", "{39DADF86-3A23-41B6-AA7B-EF3DFC8663AE}"
EndProject
Project("{8BC9CEB8-8B4A-11D0-8D11-00A0C91BC942}") = "IM_MOD_caption", "coders\IM_MOD_caption_mt_dll.vcxproj", "{205E861F-D5CA-4FD8-8B5E-77DDAE9E8109}"
EndProject
Project("{8BC9CEB8-8B4A-11D0-8D11-00A0C91BC942}") = "IM_MOD_cineon", "coders\IM_MOD_cineon_mt_dll.vcxproj", "{FC5BB7F2-55CE-4506-8CAB-B1D0390966A2}"
EndProject
Project("{8BC9CEB8-8B4A-11D0-8D11-00A0C91BC942}") = "IM_MOD_clipboard", "coders\IM_MOD_clipboard_mt_dll.vcxproj", "{19D97338-2E37-4B7E-AB8E-4CAA0E2A7441}"
EndProject
Project("{8BC9CEB8-8B4A-11D0-8D11-00A0C91BC942}") = "IM_MOD_cmyk", "coders\IM_MOD_cmyk_mt_dll.vcxproj", "{A4594877-903B-4DBA-B908-500561CDD9A1}"
EndProject
Project("{8BC9CEB8-8B4A-11D0-8D11-00A0C91BC942}") = "IM_MOD_cut", "coders\IM_MOD_cut_mt_dll.vcxproj", "{81EBF1DA-DCCB-4D15-9AC9-F6A2230785E6}"
EndProject
Project("{8BC9CEB8-8B4A-11D0-8D11-00A0C91BC942}") = "IM_MOD_dcm", "coders\IM_MOD_dcm_mt_dll.vcxproj", "{E7410347-E2CD-4007-87CE-0D32F8E054B6}"
EndProject
Project("{8BC9CEB8-8B4A-11D0-8D11-00A0C91BC942}") = "IM_MOD_dcraw", "coders\IM_MOD_dcraw_mt_dll.vcxproj", "{B7C45921-0C8D-4F19-8818-409B3AD32609}"
EndProject
Project("{8BC9CEB8-8B4A-11D0-8D11-00A0C91BC942}") = "IM_MOD_dib", "coders\IM_MOD_dib_mt_dll.vcxproj", "{C80B3B90-C5A2-479C-A1E8-1C6D6A47A0A6}"
EndProject
Project("{8BC9CEB8-8B4A-11D0-8D11-00A0C91BC942}") = "IM_MOD_dps", "coders\IM_MOD_dps_mt_dll.vcxproj", "{4AA2D64B-C73A-47B1-B214-D7A333F4BB65}"
EndProject
Project("{8BC9CEB8-8B4A-11D0-8D11-00A0C91BC942}") = "IM_MOD_dpx", "coders\IM_MOD_dpx_mt_dll.vcxproj", "{3DF25E0C-FBC4-41B0-B08D-2B2554C788C8}"
EndProject
Project("{8BC9CEB8-8B4A-11D0-8D11-00A0C91BC942}") = "IM_MOD_emf", "coders\IM_MOD_emf_mt_dll.vcxproj", "{8E3606B0-12F3-4AD4-830C-1B9C0CBFBEEF}"
EndProject
Project("{8BC9CEB8-8B4A-11D0-8D11-00A0C91BC942}") = "IM_MOD_ept", "coders\IM_MOD_ept_mt_dll.vcxproj", "{3A6399E3-8322-4914-8E2F-A3B955492143}"
EndProject
Project("{8BC9CEB8-8B4A-11D0-8D11-00A0C91BC942}") = "IM_MOD_fax", "coders\IM_MOD_fax_mt_dll.vcxproj", "{4C2F870C-2543-4D54-A042-ACDC6D1F4DAE}"
EndProject
Project("{8BC9CEB8-8B4A-11D0-8D11-00A0C91BC942}") = "IM_MOD_fits", "coders\IM_MOD_fits_mt_dll.vcxproj", "{31EE211B-DE9E-4D6F-B7BE-C5ECA76C35C4}"
EndProject
Project("{8BC9CEB8-8B4A-11D0-8D11-00A0C91BC942}") = "IM_MOD_fpx", "coders\IM_MOD_fpx_mt_dll.vcxproj", "{148C4912-285D-4038-9A2F-FB3360C2CDE2}"
EndProject
Project("{8BC9CEB8-8B4A-11D0-8D11-00A0C91BC942}") = "IM_MOD_gif", "coders\IM_MOD_gif_mt_dll.vcxproj", "{866DF094-FB28-44C1-BA51-C9C1BC81B474}"
EndProject
Project("{8BC9CEB8-8B4A-11D0-8D11-00A0C91BC942}") = "IM_MOD_gradient", "coders\IM_MOD_gradient_mt_dll.vcxproj", "{F63986EF-B05D-4B00-AEF5-78CBC003D79C}"
EndProject
Project("{8BC9CEB8-8B4A-11D0-8D11-00A0C91BC942}") = "IM_MOD_gray", "coders\IM_MOD_gray_mt_dll.vcxproj", "{BEF5A4BB-9EEC-45B4-9D8E-8639DC8B71A6}"
EndProject
Project("{8BC9CEB8-8B4A-11D0-8D11-00A0C91BC942}") = "IM_MOD_hdf", "coders\IM_MOD_hdf_mt_dll.vcxproj", "{03DBFDEB-6B5B-414E-A4E7-C466D086A9EF}"
EndProject
Project("{8BC9CEB8-8B4A-11D0-8D11-00A0C91BC942}") = "IM_MOD_histogram", "coders\IM_MOD_histogram_mt_dll.vcxproj", "{F1457999-09FD-47EC-ADE5-5C49036A38DF}"
EndProject
Project("{8BC9CEB8-8B4A-11D0-8D11-00A0C91BC942}") = "IM_MOD_hrz", "coders\IM_MOD_hrz_mt_dll.vcxproj", "{3C06282C-20C2-423B-9011-C2759760D29F}"
EndProject
Project("{8BC9CEB8-8B4A-11D0-8D11-00A0C91BC942}") = "IM_MOD_html", "coders\IM_MOD_html_mt_dll.vcxproj", "{F0597E16-093E-41E4-B127-65AA6B69FBEE}"
EndProject
Project("{8BC9CEB8-8B4A-11D0-8D11-00A0C91BC942}") = "IM_MOD_icon", "coders\IM_MOD_icon_mt_dll.vcxproj", "{0171ADD8-D099-42C3-B555-445AF6C39BA8}"
EndProject
Project("{8BC9CEB8-8B4A-11D0-8D11-00A0C91BC942}") = "IM_MOD_identity", "coders\IM_MOD_identity_mt_dll.vcxproj", "{1EABFF27-1F0A-4CE6-966B-D0772A1F2528}"
EndProject
Project("{8BC9CEB8-8B4A-11D0-8D11-00A0C91BC942}") = "IM_MOD_info", "coders\IM_MOD_info_mt_dll.vcxproj", "{2112E835-65F7-45BD-B267-73F07264B6EE}"
EndProject
Project("{8BC9CEB8-8B4A-11D0-8D11-00A0C91BC942}") = "IM_MOD_jbig", "coders\IM_MOD_jbig_mt_dll.vcxproj", "{93574F26-412B-4952-8C39-0118D0E23770}"
EndProject
Project("{8BC9CEB8-8B4A-11D0-8D11-00A0C91BC942}") = "IM_MOD_jnx", "coders\IM_MOD_jnx_mt_dll.vcxproj", "{BC019EF8-BEA4-4D92-B0B6-17A02591B621}"
EndProject
Project("{8BC9CEB8-8B4A-11D0-8D11-00A0C91BC942}") = "IM_MOD_jp2", "coders\IM_MOD_jp2_mt_dll.vcxproj", "{C3C2BA2F-023D-4966-958A-0A86D7E0E7F1}"
EndProject
Project("{8BC9CEB8-8B4A-11D0-8D11-00A0C91BC942}") = "IM_MOD_jpeg", "coders\IM_MOD_jpeg_mt_dll.vcxproj", "{D7F402C1-483C-43D3-A310-3F8F16C05CAE}"
EndProject
Project("{8BC9CEB8-8B4A-11D0-8D11-00A0C91BC942}") = "IM_MOD_label", "coders\IM_MOD_label_mt_dll.vcxproj", "{58442455-BAF7-4167-8A66-94B09D432218}"
EndProject
Project("{8BC9CEB8-8B4A-11D0-8D11-00A0C91BC942}") = "IM_MOD_locale", "coders\IM_MOD_locale_mt_dll.vcxproj", "{B72275AB-ABB5-4BC7-92C6-196F1D84F6A5}"
EndProject
Project("{8BC9CEB8-8B4A-11D0-8D11-00A0C91BC942}") = "IM_MOD_logo", "coders\IM_MOD_logo_mt_dll.vcxproj", "{2E5B9C05-675B-4021-A780-CB425A5818C5}"
EndProject
Project("{8BC9CEB8-8B4A-11D0-8D11-00A0C91BC942}") = "IM_MOD_mac", "coders\IM_MOD_mac_mt_dll.vcxproj", "{7B612416-97FF-4405-9C30-87EAEADFA2FF}"
EndProject
Project("{8BC9CEB8-8B4A-11D0-8D11-00A0C91BC942}") = "IM_MOD_map", "coders\IM_MOD_map_mt_dll.vcxproj", "{2EC8A26A-5A3A-41EA-9109-8A8A97218752}"
EndProject
Project("{8BC9CEB8-8B4A-11D0-8D11-00A0C91BC942}") = "IM_MOD_mat", "coders\IM_MOD_mat_mt_dll.vcxproj", "{0C7DF777-A4B6-41B4-BB1B-248D0B1C23C3}"
EndProject
Project("{8BC9CEB8-8B4A-11D0-8D11-00A0C91BC942}") = "IM_MOD_matte", "coders\IM_MOD_matte_mt_dll.vcxproj", "{A4D55A81-3C4A-4705-BE99-56D266055781}"
EndProject
Project("{8BC9CEB8-8B4A-11D0-8D11-00A0C91BC942}") = "IM_MOD_meta", "coders\IM_MOD_meta_mt_dll.vcxproj", "{4D19D6FD-9647-4A99-BF4F-34ECD3EFA4CB}"
EndProject
Project("{8BC9CEB8-8B4A-11D0-8D11-00A0C91BC942}") = "IM_MOD_miff", "coders\IM_MOD_miff_mt_dll.vcxproj", "{8A7E4074-D05D-417D-B03E-A6D138924E31}"
EndProject
Project("{8BC9CEB8-8B4A-11D0-8D11-00A0C91BC942}") = "IM_MOD_mono", "coders\IM_MOD_mono_mt_dll.vcxproj", "{0C556064-CA2D-4271-80EA-19E493D3DD1C}"
EndProject
Project("{8BC9CEB8-8B4A-11D0-8D11-00A0C91BC942}") = "IM_MOD_mpc", "coders\IM_MOD_mpc_mt_dll.vcxproj", "{2EDC5894-75BC-407C-8D38-6DD0B039A96B}"
EndProject
Project("{8BC9CEB8-8B4A-11D0-8D11-00A0C91BC942}") = "IM_MOD_mpeg", "coders\IM_MOD_mpeg_mt_dll.vcxproj", "{805B3B46-6694-4721-8C71-A19BBE8DA84C}"
EndProject
Project("{8BC9CEB8-8B4A-11D0-8D11-00A0C91BC942}") = "IM_MOD_mpr", "coders\IM_MOD_mpr_mt_dll.vcxproj", "{2CCA99A8-01F6-4BBC-8475-5ECD4A610D66}"
EndProject
Project("{8BC9CEB8-8B4A-11D0-8D11-00A0C91BC942}") = "IM_MOD_msl", "coders\IM_MOD_msl_mt_dll.vcxproj", "{A5D8CA2C-C404-4811-AA66-F641C6F6845E}"
EndProject
Project("{8BC9CEB8-8B4A-11D0-8D11-00A0C91BC942}") = "IM_MOD_mtv", "coders\IM_MOD_mtv_mt_dll.vcxproj", "{947A25B1-EF2A-4F0F-93D1-D53C77EC5E8E}"
EndProject
Project("{8BC9CEB8-8B4A-11D0-8D11-00A0C91BC942}") = "IM_MOD_mvg", "coders\IM_MOD_mvg_mt_dll.vcxproj", "{2F36DB8B-F27E-472B-9388-F5D7B6CEB752}"
EndProject
Project("{8BC9CEB8-8B4A-11D0-8D11-00A0C91BC942}") = "IM_MOD_null", "coders\IM_MOD_null_mt_dll.vcxproj", "{38E35240-6B0F-4568-8828-A175E0E4F097}"
EndProject
Project("{8BC9CEB8-8B4A-11D0-8D11-00A0C91BC942}") = "IM_MOD_otb", "coders\IM_MOD_otb_mt_dll.vcxproj", "{F74B92DA-BB16-40DA-AF79-E49D739E2509}"
EndProject
Project("{8BC9CEB8-8B4A-11D0-8D11-00A0C91BC942}") = "IM_MOD_palm", "coders\IM_MOD_palm_mt_dll.vcxproj", "{0ED51727-0516-471B-9F6C-6662D358C239}"
EndProject
Project("{8BC9CEB8-8B4A-11D0-8D11-00A0C91BC942}") = "IM_MOD_pcd", "coders\IM_MOD_pcd_mt_dll.vcxproj", "{2E14A294-0CB2-4524-9CE8-1A74969E17B6}"
EndProject
Project("{8BC9CEB8-8B4A-11D0-8D11-00A0C91BC942}") = "IM_MOD_pcl", "coders\IM_MOD_pcl_mt_dll.vcxproj", "{E0F0A3D1-E6CA-4A18-BE8B-BF4A0BBDF9AA}"
EndProject
Project("{8BC9CEB8-8B4A-11D0-8D11-00A0C91BC942}") = "IM_MOD_pcx", "coders\IM_MOD_pcx_mt_dll.vcxproj", "{57FAC7F5-C813-405E-89FA-591FD657BB3D}"
EndProject
Project("{8BC9CEB8-8B4A-11D0-8D11-00A0C91BC942}") = "IM_MOD_pdb", "coders\IM_MOD_pdb_mt_dll.vcxproj", "{EA94F07D-A2A0-430A-B9B2-3E4929F0749A}"
EndProject
Project("{8BC9CEB8-8B4A-11D0-8D11-00A0C91BC942}") = "IM_MOD_pdf", "coders\IM_MOD_pdf_mt_dll.vcxproj", "{5074AF5D-C16D-451A-873B-B3051D4F6480}"
EndProject
Project("{8BC9CEB8-8B4A-11D0-8D11-00A0C91BC942}") = "IM_MOD_pict", "coders\IM_MOD_pict_mt_dll.vcxproj", "{90C6BA49-5776-4C0F-ACBA-38B8950E2350}"
EndProject
Project("{8BC9CEB8-8B4A-11D0-8D11-00A0C91BC942}") = "IM_MOD_pix", "coders\IM_MOD_pix_mt_dll.vcxproj", "{5A4E0CEA-68A0-48FF-B416-1AB23BA257B4}"
EndProject
Project("{8BC9CEB8-8B4A-11D0-8D11-00A0C91BC942}") = "IM_MOD_plasma", "coders\IM_MOD_plasma_mt_dll.vcxproj", "{77E4747F-CD1C-4F92-82DD-2E9469D343BE}"
EndProject
Project("{8BC9CEB8-8B4A-11D0-8D11-00A0C91BC942}") = "IM_MOD_png", "coders\IM_MOD_png_mt_dll.vcxproj", "{579A33F4-4649-4A9D-B1C7-9419FA793FEB}"
EndProject
Project("{8BC9CEB8-8B4A-11D0-8D11-00A0C91BC942}") = "IM_MOD_pnm", "coders\IM_MOD_pnm_mt_dll.vcxproj", "{69CDA53E-32A5-47C0-BA2D-743839E40AF1}"
EndProject
Project("{8BC9CEB8-8B4A-11D0-8D11-00A0C91BC942}") = "IM_MOD_preview", "coders\IM_MOD_preview_mt_dll.vcxproj", "{B98DA3CD-5AF3-435C-AA67-445A7EA74A3D}"
EndProject
Project("{8BC9CEB8-8B4A-11D0-8D11-00A0C91BC942}") = "IM_MOD_ps", "coders\IM_MOD_ps_mt_dll.vcxproj", "{62078BDA-56B4-4F86-9553-57DB9C80B3E1}"
EndProject
Project("{8BC9CEB8-8B4A-11D0-8D11-00A0C91BC942}") = "IM_MOD_ps2", "coders\IM_MOD_ps2_mt_dll.vcxproj", "{8A6B2B8A-0F74-4589-A8D6-064096DF3071}"
EndProject
Project("{8BC9CEB8-8B4A-11D0-8D11-00A0C91BC942}") = "IM_MOD_ps3", "coders\IM_MOD_ps3_mt_dll.vcxproj", "{C46DA189-9073-4FA9-9D41-CC323360D822}"
EndProject
Project("{8BC9CEB8-8B4A-11D0-8D11-00A0C91BC942}") = "IM_MOD_psd", "coders\IM_MOD_psd_mt_dll.vcxproj", "{537B1543-73C8-4EA9-A01B-8D764CD3F860}"
EndProject
Project("{8BC9CEB8-8B4A-11D0-8D11-00A0C91BC942}") = "IM_MOD_pwp", "coders\IM_MOD_pwp_mt_dll.vcxproj", "{DAD418CE-AB3D-4418-AD40-2271B7D28EE8}"
EndProject
Project("{8BC9CEB8-8B4A-11D0-8D11-00A0C91BC942}") = "IM_MOD_rgb", "coders\IM_MOD_rgb_mt_dll.vcxproj", "{7747FD78-D4E3-4ED7-B854-DB2C6C0E6B10}"
EndProject
Project("{8BC9CEB8-8B4A-11D0-8D11-00A0C91BC942}") = "IM_MOD_rla", "coders\IM_MOD_rla_mt_dll.vcxproj", "{0424CD2B-AE38-4730-A063-92769568D1D7}"
EndProject
Project("{8BC9CEB8-8B4A-11D0-8D11-00A0C91BC942}") = "IM_MOD_rle", "coders\IM_MOD_rle_mt_dll.vcxproj", "{2D1ECF75-B375-4E43-BF7D-42E12D8152AE}"
EndProject
Project("{8BC9CEB8-8B4A-11D0-8D11-00A0C91BC942}") = "IM_MOD_sct", "coders\IM_MOD_sct_mt_dll.vcxproj", "{09F7EF50-C409-44F4-93F6-473E74D65932}"
EndProject
Project("{8BC9CEB8-8B4A-11D0-8D11-00A0C91BC942}") = "IM_MOD_sfw", "coders\IM_MOD_sfw_mt_dll.vcxproj", "{5774F206-9187-49ED-B90E-5613E5D7A651}"
EndProject
Project("{8BC9CEB8-8B4A-11D0-8D11-00A0C91BC942}") = "IM_MOD_sgi", "coders\IM_MOD_sgi_mt_dll.vcxproj", "{29467B6B-0171-4113-B112-7DFECB2200C5}"
EndProject
Project("{8BC9CEB8-8B4A-11D0-8D11-00A0C91BC942}") = "IM_MOD_stegano", "coders\IM_MOD_stegano_mt_dll.vcxproj", "{75D28153-652D-4D70-940F-288179FEE9FA}"
EndProject
Project("{8BC9CEB8-8B4A-11D0-8D11-00A0C91BC942}") = "IM_MOD_sun", "coders\IM_MOD_sun_mt_dll.vcxproj", "{E534186E-D93E-4F80-8D32-F9458EFECFEB}"
EndProject
Project("{8BC9CEB8-8B4A-11D0-8D11-00A0C91BC942}") = "IM_MOD_svg", "coders\IM_MOD_svg_mt_dll.vcxproj", "{5BC86AD9-CD57-476B-BEFF-A954BBEE5004}"
EndProject
Project("{8BC9CEB8-8B4A-11D0-8D11-00A0C91BC942}") = "IM_MOD_tga", "coders\IM_MOD_tga_mt_dll.vcxproj", "{A1DDF136-05B9-49EB-A1D8-951ED7063AC7}"
EndProject
Project("{8BC9CEB8-8B4A-11D0-8D11-00A0C91BC942}") = "IM_MOD_tiff", "coders\IM_MOD_tiff_mt_dll.vcxproj", "{0B28EEBA-04AA-4B1C-8D8F-981EB8A4F130}"
EndProject
Project("{8BC9CEB8-8B4A-11D0-8D11-00A0C91BC942}") = "IM_MOD_tile", "coders\IM_MOD_tile_mt_dll.vcxproj", "{F8921A0F-8D1A-4255-899C-6A032D442B34}"
EndProject
Project("{8BC9CEB8-8B4A-11D0-8D11-00A0C91BC942}") = "IM_MOD_tim", "coders\IM_MOD_tim_mt_dll.vcxproj", "{9C9CBCB9-605B-40FD-A0F8-435D789038D8}"
EndProject
Project("{8BC9CEB8-8B4A-11D0-8D11-00A0C91BC942}") = "IM_MOD_topol", "coders\IM_MOD_topol_mt_dll.vcxproj", "{80BB5059-5972-4D42-9132-B40375F6FE32}"
EndProject
Project("{8BC9CEB8-8B4A-11D0-8D11-00A0C91BC942}") = "IM_MOD_ttf", "coders\IM_MOD_ttf_mt_dll.vcxproj", "{DA1171AF-7BA4-4212-997F-31B205D67AD7}"
EndProject
Project("{8BC9CEB8-8B4A-11D0-8D11-00A0C91BC942}") = "IM_MOD_txt", "coders\IM_MOD_txt_mt_dll.vcxproj", "{FFA005EE-7B7E-4369-9B76-09E64A38EDE7}"
EndProject
Project("{8BC9CEB8-8B4A-11D0-8D11-00A0C91BC942}") = "IM_MOD_uil", "coders\IM_MOD_uil_mt_dll.vcxproj", "{BE3DBC76-66D3-475F-9122-F348B32177F7}"
EndProject
Project("{8BC9CEB8-8B4A-11D0-8D11-00A0C91BC942}") = "IM_MOD_url", "coders\IM_MOD_url_mt_dll.vcxproj", "{5DFC9B3D-C551-477B-AD7A-C18FC711158F}"
EndProject
Project("{8BC9CEB8-8B4A-11D0-8D11-00A0C91BC942}") = "IM_MOD_uyvy", "coders\IM_MOD_uyvy_mt_dll.vcxproj", "{3B7A1CBD-4E7D-49B4-8E25-E515E84D7437}"
EndProject
Project("{8BC9CEB8-8B4A-11D0-8D11-00A0C91BC942}") = "IM_MOD_vicar", "coders\IM_MOD_vicar_mt_dll.vcxproj", "{1A2D8D22-89F5-448F-9F6E-BE1248DD4892}"
EndProject
Project("{8BC9CEB8-8B4A-11D0-8D11-00A0C91BC942}") = "IM_MOD_vid", "coders\IM_MOD_vid_mt_dll.vcxproj", "{586082B8-10B9-49DF-B6EE-82AC34CD910C}"
EndProject
Project("{8BC9CEB8-8B4A-11D0-8D11-00A0C91BC942}") = "IM_MOD_viff", "coders\IM_MOD_viff_mt_dll.vcxproj", "{516D1F70-A731-4278-B93C-8D79C7767BC8}"
EndProject
Project("{8BC9CEB8-8B4A-11D0-8D11-00A0C91BC942}") = "IM_MOD_wbmp", "coders\IM_MOD_wbmp_mt_dll.vcxproj", "{A0433D23-8368-4E50-8D5F-764BD10EBC08}"
EndProject
Project("{8BC9CEB8-8B4A-11D0-8D11-00A0C91BC942}") = "IM_MOD_webp", "coders\IM_MOD_webp_mt_dll.vcxproj", "{D163C150-F0FF-4998-8C24-C30022BB15BA}"
EndProject
Project("{8BC9CEB8-8B4A-11D0-8D11-00A0C91BC942}") = "IM_MOD_wmf", "coders\IM_MOD_wmf_mt_dll.vcxproj", "{D049F846-290D-47D5-91BA-95F327F12F2C}"
EndProject
Project("{8BC9CEB8-8B4A-11D0-8D11-00A0C91BC942}") = "IM_MOD_wpg", "coders\IM_MOD_wpg_mt_dll.vcxproj", "{5EDA0C41-9E0E-4880-B026-857E631AA50E}"
EndProject
Project("{8BC9CEB8-8B4A-11D0-8D11-00A0C91BC942}") = "IM_MOD_x", "coders\IM_MOD_x_mt_dll.vcxproj", "{5FACC51F-D104-4D9C-AD04-14DF04E9B8DF}"
EndProject
Project("{8BC9CEB8-8B4A-11D0-8D11-00A0C91BC942}") = "IM_MOD_xbm", "coders\IM_MOD_xbm_mt_dll.vcxproj", "{FD3BD888-53AB-4F57-82D6-E6C1BE6DADA9}"
EndProject
Project("{8BC9CEB8-8B4A-11D0-8D11-00A0C91BC942}") = "IM_MOD_xc", "coders\IM_MOD_xc_mt_dll.vcxproj", "{B865C250-4B1E-469B-AC81-ADF016F6863C}"
EndProject
Project("{8BC9CEB8-8B4A-11D0-8D11-00A0C91BC942}") = "IM_MOD_xcf", "coders\IM_MOD_xcf_mt_dll.vcxproj", "{1E8CDE1F-874C-4740-895B-AA24FFDE92F9}"
EndProject
Project("{8BC9CEB8-8B4A-11D0-8D11-00A0C91BC942}") = "IM_MOD_xpm", "coders\IM_MOD_xpm_mt_dll.vcxproj", "{E87D05CC-4C31-44A6-BE3B-B5A0E00157E2}"
EndProject
Project("{8BC9CEB8-8B4A-11D0-8D11-00A0C91BC942}") = "IM_MOD_xtrn", "coders\IM_MOD_xtrn_mt_dll.vcxproj", "{B719EEE7-5485-413C-8022-6184D63DF2A4}"
EndProject
Project("{8BC9CEB8-8B4A-11D0-8D11-00A0C91BC942}") = "IM_MOD_xwd", "coders\IM_MOD_xwd_mt_dll.vcxproj", "{A709804C-2284-4CBE-9E91-92E928759E32}"
EndProject
Project("{8BC9CEB8-8B4A-11D0-8D11-00A0C91BC942}") = "IM_MOD_yuv", "coders\IM_MOD_yuv_mt_dll.vcxproj", "{F058BF62-F811-449C-949C-727B77FB2ACD}"
EndProject
Project("{8BC9CEB8-8B4A-11D0-8D11-00A0C91BC942}") = "analyze", "filters\analyze_mt_dll.vcxproj", "{751B84C3-F699-413E-9719-399DA1A36CCC}"
EndProject
Project("{8BC9CEB8-8B4A-11D0-8D11-00A0C91BC942}") = "UTIL_dcraw", "dcraw\UTIL_dcraw_mt_exe.vcxproj", "{507C1A6B-E3B4-4746-8AB5-E934A9980938}"
EndProject
Project("{8BC9CEB8-8B4A-11D0-8D11-00A0C91BC942}") = "UTIL_gm", "utilities\UTIL_gm_mt_exe.vcxproj", "{551286BB-14B3-4DC4-AAF1-44094DC021D2}"
EndProject
Project("{8BC9CEB8-8B4A-11D0-8D11-00A0C91BC942}") = "UTIL_IMDisplay", "win2k\IMDisplay\UTIL_IMDisplay_mt_exe.vcxproj", "{EE4A0BCD-A4C5-4994-B36E-B7E0C660881A}"
EndProject
Global
	GlobalSection(SolutionConfigurationPlatforms) = preSolution
		Debug|x64 = Debug|x64
		Debug|x86 = Debug|x86
		Release|x64 = Release|x64
		Release|x86 = Release|x86
	EndGlobalSection
	GlobalSection(ProjectConfigurationPlatforms) = postSolution
		{A895315B-B8B4-4CA9-BB57-2D61803ACB60}.Debug|x64.ActiveCfg = Debug|Win32
		{A895315B-B8B4-4CA9-BB57-2D61803ACB60}.Debug|x86.ActiveCfg = Debug|Win32
		{A895315B-B8B4-4CA9-BB57-2D61803ACB60}.Debug|x86.Build.0 = Debug|Win32
		{A895315B-B8B4-4CA9-BB57-2D61803ACB60}.Release|x64.ActiveCfg = Release|Win32
		{A895315B-B8B4-4CA9-BB57-2D61803ACB60}.Release|x86.ActiveCfg = Release|Win32
		{A895315B-B8B4-4CA9-BB57-2D61803ACB60}.Release|x86.Build.0 = Release|Win32
		{10A9EC11-EA47-473D-9C65-94B24D3D223A}.Debug|x64.ActiveCfg = Debug|x64
		{10A9EC11-EA47-473D-9C65-94B24D3D223A}.Debug|x64.Build.0 = Debug|x64
		{10A9EC11-EA47-473D-9C65-94B24D3D223A}.Debug|x86.ActiveCfg = Debug|x64
		{10A9EC11-EA47-473D-9C65-94B24D3D223A}.Debug|x86.Build.0 = Debug|x64
		{10A9EC11-EA47-473D-9C65-94B24D3D223A}.Release|x64.ActiveCfg = Release|x64
		{10A9EC11-EA47-473D-9C65-94B24D3D223A}.Release|x64.Build.0 = Release|x64
		{10A9EC11-EA47-473D-9C65-94B24D3D223A}.Release|x86.ActiveCfg = Release|x64
		{10A9EC11-EA47-473D-9C65-94B24D3D223A}.Release|x86.Build.0 = Release|x64
		{69DFE0C7-6817-41D4-A231-BE16D5B04CD8}.Debug|x64.ActiveCfg = Debug|x64
		{69DFE0C7-6817-41D4-A231-BE16D5B04CD8}.Debug|x64.Build.0 = Debug|x64
		{69DFE0C7-6817-41D4-A231-BE16D5B04CD8}.Debug|x86.ActiveCfg = Debug|x64
		{69DFE0C7-6817-41D4-A231-BE16D5B04CD8}.Debug|x86.Build.0 = Debug|x64
		{69DFE0C7-6817-41D4-A231-BE16D5B04CD8}.Release|x64.ActiveCfg = Release|x64
		{69DFE0C7-6817-41D4-A231-BE16D5B04CD8}.Release|x64.Build.0 = Release|x64
		{69DFE0C7-6817-41D4-A231-BE16D5B04CD8}.Release|x86.ActiveCfg = Release|x64
		{69DFE0C7-6817-41D4-A231-BE16D5B04CD8}.Release|x86.Build.0 = Release|x64
		{199C580D-993D-4521-8D19-54F20BDDC6B8}.Debug|x64.ActiveCfg = Debug|x64
		{199C580D-993D-4521-8D19-54F20BDDC6B8}.Debug|x64.Build.0 = Debug|x64
		{199C580D-993D-4521-8D19-54F20BDDC6B8}.Debug|x86.ActiveCfg = Debug|x64
		{199C580D-993D-4521-8D19-54F20BDDC6B8}.Debug|x86.Build.0 = Debug|x64
		{199C580D-993D-4521-8D19-54F20BDDC6B8}.Release|x64.ActiveCfg = Release|x64
		{199C580D-993D-4521-8D19-54F20BDDC6B8}.Release|x64.Build.0 = Release|x64
		{199C580D-993D-4521-8D19-54F20BDDC6B8}.Release|x86.ActiveCfg = Release|x64
		{199C580D-993D-4521-8D19-54F20BDDC6B8}.Release|x86.Build.0 = Release|x64
		{4593464E-DD77-40A4-9CE4-91D2470CA21C}.Debug|x64.ActiveCfg = Debug|x64
		{4593464E-DD77-40A4-9CE4-91D2470CA21C}.Debug|x64.Build.0 = Debug|x64
		{4593464E-DD77-40A4-9CE4-91D2470CA21C}.Debug|x86.ActiveCfg = Debug|x64
		{4593464E-DD77-40A4-9CE4-91D2470CA21C}.Debug|x86.Build.0 = Debug|x64
		{4593464E-DD77-40A4-9CE4-91D2470CA21C}.Release|x64.ActiveCfg = Release|x64
		{4593464E-DD77-40A4-9CE4-91D2470CA21C}.Release|x64.Build.0 = Release|x64
		{4593464E-DD77-40A4-9CE4-91D2470CA21C}.Release|x86.ActiveCfg = Release|x64
		{4593464E-DD77-40A4-9CE4-91D2470CA21C}.Release|x86.Build.0 = Release|x64
		{0E0CFCA0-3CBC-412E-ACB6-99A960946588}.Debug|x64.ActiveCfg = Debug|x64
		{0E0CFCA0-3CBC-412E-ACB6-99A960946588}.Debug|x64.Build.0 = Debug|x64
		{0E0CFCA0-3CBC-412E-ACB6-99A960946588}.Debug|x86.ActiveCfg = Debug|x64
		{0E0CFCA0-3CBC-412E-ACB6-99A960946588}.Debug|x86.Build.0 = Debug|x64
		{0E0CFCA0-3CBC-412E-ACB6-99A960946588}.Release|x64.ActiveCfg = Release|x64
		{0E0CFCA0-3CBC-412E-ACB6-99A960946588}.Release|x64.Build.0 = Release|x64
		{0E0CFCA0-3CBC-412E-ACB6-99A960946588}.Release|x86.ActiveCfg = Release|x64
		{0E0CFCA0-3CBC-412E-ACB6-99A960946588}.Release|x86.Build.0 = Release|x64
		{4DF1A84D-6FD5-48EB-9090-660A1EF17C8A}.Debug|x64.ActiveCfg = Debug|x64
		{4DF1A84D-6FD5-48EB-9090-660A1EF17C8A}.Debug|x64.Build.0 = Debug|x64
		{4DF1A84D-6FD5-48EB-9090-660A1EF17C8A}.Debug|x86.ActiveCfg = Debug|x64
		{4DF1A84D-6FD5-48EB-9090-660A1EF17C8A}.Debug|x86.Build.0 = Debug|x64
		{4DF1A84D-6FD5-48EB-9090-660A1EF17C8A}.Release|x64.ActiveCfg = Release|x64
		{4DF1A84D-6FD5-48EB-9090-660A1EF17C8A}.Release|x64.Build.0 = Release|x64
		{4DF1A84D-6FD5-48EB-9090-660A1EF17C8A}.Release|x86.ActiveCfg = Release|x64
		{4DF1A84D-6FD5-48EB-9090-660A1EF17C8A}.Release|x86.Build.0 = Release|x64
		{FBC0A04F-9D6B-4083-BD51-61A8B226FABC}.Debug|x64.ActiveCfg = Debug|x64
		{FBC0A04F-9D6B-4083-BD51-61A8B226FABC}.Debug|x64.Build.0 = Debug|x64
		{FBC0A04F-9D6B-4083-BD51-61A8B226FABC}.Debug|x86.ActiveCfg = Debug|x64
		{FBC0A04F-9D6B-4083-BD51-61A8B226FABC}.Debug|x86.Build.0 = Debug|x64
		{FBC0A04F-9D6B-4083-BD51-61A8B226FABC}.Release|x64.ActiveCfg = Release|x64
		{FBC0A04F-9D6B-4083-BD51-61A8B226FABC}.Release|x64.Build.0 = Release|x64
		{FBC0A04F-9D6B-4083-BD51-61A8B226FABC}.Release|x86.ActiveCfg = Release|x64
		{FBC0A04F-9D6B-4083-BD51-61A8B226FABC}.Release|x86.Build.0 = Release|x64
		{12AC1302-2B8A-4FAF-86BF-F432D7DBAA59}.Debug|x64.ActiveCfg = Debug|x64
		{12AC1302-2B8A-4FAF-86BF-F432D7DBAA59}.Debug|x64.Build.0 = Debug|x64
		{12AC1302-2B8A-4FAF-86BF-F432D7DBAA59}.Debug|x86.ActiveCfg = Debug|x64
		{12AC1302-2B8A-4FAF-86BF-F432D7DBAA59}.Debug|x86.Build.0 = Debug|x64
		{12AC1302-2B8A-4FAF-86BF-F432D7DBAA59}.Release|x64.ActiveCfg = Release|x64
		{12AC1302-2B8A-4FAF-86BF-F432D7DBAA59}.Release|x64.Build.0 = Release|x64
		{12AC1302-2B8A-4FAF-86BF-F432D7DBAA59}.Release|x86.ActiveCfg = Release|x64
		{12AC1302-2B8A-4FAF-86BF-F432D7DBAA59}.Release|x86.Build.0 = Release|x64
		{B7BA4C00-EB33-4395-A2A3-860C659BE37B}.Debug|x64.ActiveCfg = Debug|x64
		{B7BA4C00-EB33-4395-A2A3-860C659BE37B}.Debug|x64.Build.0 = Debug|x64
		{B7BA4C00-EB33-4395-A2A3-860C659BE37B}.Debug|x86.ActiveCfg = Debug|x64
		{B7BA4C00-EB33-4395-A2A3-860C659BE37B}.Debug|x86.Build.0 = Debug|x64
		{B7BA4C00-EB33-4395-A2A3-860C659BE37B}.Release|x64.ActiveCfg = Release|x64
		{B7BA4C00-EB33-4395-A2A3-860C659BE37B}.Release|x64.Build.0 = Release|x64
		{B7BA4C00-EB33-4395-A2A3-860C659BE37B}.Release|x86.ActiveCfg = Release|x64
		{B7BA4C00-EB33-4395-A2A3-860C659BE37B}.Release|x86.Build.0 = Release|x64
		{3189E2DB-AA95-48CB-A5F6-FC8DE4B68F30}.Debug|x64.ActiveCfg = Debug|x64
		{3189E2DB-AA95-48CB-A5F6-FC8DE4B68F30}.Debug|x64.Build.0 = Debug|x64
		{3189E2DB-AA95-48CB-A5F6-FC8DE4B68F30}.Debug|x86.ActiveCfg = Debug|x64
		{3189E2DB-AA95-48CB-A5F6-FC8DE4B68F30}.Debug|x86.Build.0 = Debug|x64
		{3189E2DB-AA95-48CB-A5F6-FC8DE4B68F30}.Release|x64.ActiveCfg = Release|x64
		{3189E2DB-AA95-48CB-A5F6-FC8DE4B68F30}.Release|x64.Build.0 = Release|x64
		{3189E2DB-AA95-48CB-A5F6-FC8DE4B68F30}.Release|x86.ActiveCfg = Release|x64
		{3189E2DB-AA95-48CB-A5F6-FC8DE4B68F30}.Release|x86.Build.0 = Release|x64
		{C281933B-4F3B-467B-8CD5-5149083C36E7}.Debug|x64.ActiveCfg = Debug|x64
		{C281933B-4F3B-467B-8CD5-5149083C36E7}.Debug|x64.Build.0 = Debug|x64
		{C281933B-4F3B-467B-8CD5-5149083C36E7}.Debug|x86.ActiveCfg = Debug|x64
		{C281933B-4F3B-467B-8CD5-5149083C36E7}.Debug|x86.Build.0 = Debug|x64
		{C281933B-4F3B-467B-8CD5-5149083C36E7}.Release|x64.ActiveCfg = Release|x64
		{C281933B-4F3B-467B-8CD5-5149083C36E7}.Release|x64.Build.0 = Release|x64
		{C281933B-4F3B-467B-8CD5-5149083C36E7}.Release|x86.ActiveCfg = Release|x64
		{C281933B-4F3B-467B-8CD5-5149083C36E7}.Release|x86.Build.0 = Release|x64
		{165DBE37-A780-404B-B929-215B2A021F00}.Debug|x64.ActiveCfg = Debug|x64
		{165DBE37-A780-404B-B929-215B2A021F00}.Debug|x64.Build.0 = Debug|x64
		{165DBE37-A780-404B-B929-215B2A021F00}.Debug|x86.ActiveCfg = Debug|x64
		{165DBE37-A780-404B-B929-215B2A021F00}.Debug|x86.Build.0 = Debug|x64
		{165DBE37-A780-404B-B929-215B2A021F00}.Release|x64.ActiveCfg = Release|x64
		{165DBE37-A780-404B-B929-215B2A021F00}.Release|x64.Build.0 = Release|x64
		{165DBE37-A780-404B-B929-215B2A021F00}.Release|x86.ActiveCfg = Release|x64
		{165DBE37-A780-404B-B929-215B2A021F00}.Release|x86.Build.0 = Release|x64
		{FE921F89-EA22-488D-A380-578C4EF733A3}.Debug|x64.ActiveCfg = Debug|x64
		{FE921F89-EA22-488D-A380-578C4EF733A3}.Debug|x64.Build.0 = Debug|x64
		{FE921F89-EA22-488D-A380-578C4EF733A3}.Debug|x86.ActiveCfg = Debug|x64
		{FE921F89-EA22-488D-A380-578C4EF733A3}.Debug|x86.Build.0 = Debug|x64
		{FE921F89-EA22-488D-A380-578C4EF733A3}.Release|x64.ActiveCfg = Release|x64
		{FE921F89-EA22-488D-A380-578C4EF733A3}.Release|x64.Build.0 = Release|x64
		{FE921F89-EA22-488D-A380-578C4EF733A3}.Release|x86.ActiveCfg = Release|x64
		{FE921F89-EA22-488D-A380-578C4EF733A3}.Release|x86.Build.0 = Release|x64
		{C08960D5-2E5E-4424-8F3E-3D89B043C2D5}.Debug|x64.ActiveCfg = Debug|x64
		{C08960D5-2E5E-4424-8F3E-3D89B043C2D5}.Debug|x64.Build.0 = Debug|x64
		{C08960D5-2E5E-4424-8F3E-3D89B043C2D5}.Debug|x86.ActiveCfg = Debug|x64
		{C08960D5-2E5E-4424-8F3E-3D89B043C2D5}.Debug|x86.Build.0 = Debug|x64
		{C08960D5-2E5E-4424-8F3E-3D89B043C2D5}.Release|x64.ActiveCfg = Release|x64
		{C08960D5-2E5E-4424-8F3E-3D89B043C2D5}.Release|x64.Build.0 = Release|x64
		{C08960D5-2E5E-4424-8F3E-3D89B043C2D5}.Release|x86.ActiveCfg = Release|x64
		{C08960D5-2E5E-4424-8F3E-3D89B043C2D5}.Release|x86.Build.0 = Release|x64
		{C4FDEC24-8936-403F-A83A-73B1A8E8C9C2}.Debug|x64.ActiveCfg = Debug|x64
		{C4FDEC24-8936-403F-A83A-73B1A8E8C9C2}.Debug|x64.Build.0 = Debug|x64
		{C4FDEC24-8936-403F-A83A-73B1A8E8C9C2}.Debug|x86.ActiveCfg = Debug|x64
		{C4FDEC24-8936-403F-A83A-73B1A8E8C9C2}.Debug|x86.Build.0 = Debug|x64
		{C4FDEC24-8936-403F-A83A-73B1A8E8C9C2}.Release|x64.ActiveCfg = Release|x64
		{C4FDEC24-8936-403F-A83A-73B1A8E8C9C2}.Release|x64.Build.0 = Release|x64
		{C4FDEC24-8936-403F-A83A-73B1A8E8C9C2}.Release|x86.ActiveCfg = Release|x64
		{C4FDEC24-8936-403F-A83A-73B1A8E8C9C2}.Release|x86.Build.0 = Release|x64
		{9958F66F-65AF-4495-A3E6-8A765BD80A2F}.Debug|x64.ActiveCfg = Debug|x64
		{9958F66F-65AF-4495-A3E6-8A765BD80A2F}.Debug|x64.Build.0 = Debug|x64
		{9958F66F-65AF-4495-A3E6-8A765BD80A2F}.Debug|x86.ActiveCfg = Debug|x64
		{9958F66F-65AF-4495-A3E6-8A765BD80A2F}.Debug|x86.Build.0 = Debug|x64
		{9958F66F-65AF-4495-A3E6-8A765BD80A2F}.Release|x64.ActiveCfg = Release|x64
		{9958F66F-65AF-4495-A3E6-8A765BD80A2F}.Release|x64.Build.0 = Release|x64
		{9958F66F-65AF-4495-A3E6-8A765BD80A2F}.Release|x86.ActiveCfg = Release|x64
		{9958F66F-65AF-4495-A3E6-8A765BD80A2F}.Release|x86.Build.0 = Release|x64
		{C707ED47-0BC0-48DC-9D23-44FF0417DAEC}.Debug|x64.ActiveCfg = Debug|x64
		{C707ED47-0BC0-48DC-9D23-44FF0417DAEC}.Debug|x64.Build.0 = Debug|x64
		{C707ED47-0BC0-48DC-9D23-44FF0417DAEC}.Debug|x86.ActiveCfg = Debug|x64
		{C707ED47-0BC0-48DC-9D23-44FF0417DAEC}.Debug|x86.Build.0 = Debug|x64
		{C707ED47-0BC0-48DC-9D23-44FF0417DAEC}.Release|x64.ActiveCfg = Release|x64
		{C707ED47-0BC0-48DC-9D23-44FF0417DAEC}.Release|x64.Build.0 = Release|x64
		{C707ED47-0BC0-48DC-9D23-44FF0417DAEC}.Release|x86.ActiveCfg = Release|x64
		{C707ED47-0BC0-48DC-9D23-44FF0417DAEC}.Release|x86.Build.0 = Release|x64
		{B776819C-4E0F-42E3-8FD5-66277F363427}.Debug|x64.ActiveCfg = Debug|x64
		{B776819C-4E0F-42E3-8FD5-66277F363427}.Debug|x64.Build.0 = Debug|x64
		{B776819C-4E0F-42E3-8FD5-66277F363427}.Debug|x86.ActiveCfg = Debug|x64
		{B776819C-4E0F-42E3-8FD5-66277F363427}.Debug|x86.Build.0 = Debug|x64
		{B776819C-4E0F-42E3-8FD5-66277F363427}.Release|x64.ActiveCfg = Release|x64
		{B776819C-4E0F-42E3-8FD5-66277F363427}.Release|x64.Build.0 = Release|x64
		{B776819C-4E0F-42E3-8FD5-66277F363427}.Release|x86.ActiveCfg = Release|x64
		{B776819C-4E0F-42E3-8FD5-66277F363427}.Release|x86.Build.0 = Release|x64
		{E00043A1-03D1-4ECD-80C7-10841CDCA916}.Debug|x64.ActiveCfg = Debug|x64
		{E00043A1-03D1-4ECD-80C7-10841CDCA916}.Debug|x64.Build.0 = Debug|x64
		{E00043A1-03D1-4ECD-80C7-10841CDCA916}.Debug|x86.ActiveCfg = Debug|x64
		{E00043A1-03D1-4ECD-80C7-10841CDCA916}.Debug|x86.Build.0 = Debug|x64
		{E00043A1-03D1-4ECD-80C7-10841CDCA916}.Release|x64.ActiveCfg = Release|x64
		{E00043A1-03D1-4ECD-80C7-10841CDCA916}.Release|x64.Build.0 = Release|x64
		{E00043A1-03D1-4ECD-80C7-10841CDCA916}.Release|x86.ActiveCfg = Release|x64
		{E00043A1-03D1-4ECD-80C7-10841CDCA916}.Release|x86.Build.0 = Release|x64
		{66C9514C-291D-4BD2-82FD-8323BA203505}.Debug|x64.ActiveCfg = Debug|x64
		{66C9514C-291D-4BD2-82FD-8323BA203505}.Debug|x64.Build.0 = Debug|x64
		{66C9514C-291D-4BD2-82FD-8323BA203505}.Debug|x86.ActiveCfg = Debug|x64
		{66C9514C-291D-4BD2-82FD-8323BA203505}.Debug|x86.Build.0 = Debug|x64
		{66C9514C-291D-4BD2-82FD-8323BA203505}.Release|x64.ActiveCfg = Release|x64
		{66C9514C-291D-4BD2-82FD-8323BA203505}.Release|x64.Build.0 = Release|x64
		{66C9514C-291D-4BD2-82FD-8323BA203505}.Release|x86.ActiveCfg = Release|x64
		{66C9514C-291D-4BD2-82FD-8323BA203505}.Release|x86.Build.0 = Release|x64
		{39DADF86-3A23-41B6-AA7B-EF3DFC8663AE}.Debug|x64.ActiveCfg = Debug|x64
		{39DADF86-3A23-41B6-AA7B-EF3DFC8663AE}.Debug|x64.Build.0 = Debug|x64
		{39DADF86-3A23-41B6-AA7B-EF3DFC8663AE}.Debug|x86.ActiveCfg = Debug|x64
		{39DADF86-3A23-41B6-AA7B-EF3DFC8663AE}.Debug|x86.Build.0 = Debug|x64
		{39DADF86-3A23-41B6-AA7B-EF3DFC8663AE}.Release|x64.ActiveCfg = Release|x64
		{39DADF86-3A23-41B6-AA7B-EF3DFC8663AE}.Release|x64.Build.0 = Release|x64
		{39DADF86-3A23-41B6-AA7B-EF3DFC8663AE}.Release|x86.ActiveCfg = Release|x64
		{39DADF86-3A23-41B6-AA7B-EF3DFC8663AE}.Release|x86.Build.0 = Release|x64
		{205E861F-D5CA-4FD8-8B5E-77DDAE9E8109}.Debug|x64.ActiveCfg = Debug|x64
		{205E861F-D5CA-4FD8-8B5E-77DDAE9E8109}.Debug|x64.Build.0 = Debug|x64
		{205E861F-D5CA-4FD8-8B5E-77DDAE9E8109}.Debug|x86.ActiveCfg = Debug|x64
		{205E861F-D5CA-4FD8-8B5E-77DDAE9E8109}.Debug|x86.Build.0 = Debug|x64
		{205E861F-D5CA-4FD8-8B5E-77DDAE9E8109}.Release|x64.ActiveCfg = Release|x64
		{205E861F-D5CA-4FD8-8B5E-77DDAE9E8109}.Release|x64.Build.0 = Release|x64
		{205E861F-D5CA-4FD8-8B5E-77DDAE9E8109}.Release|x86.ActiveCfg = Release|x64
		{205E861F-D5CA-4FD8-8B5E-77DDAE9E8109}.Release|x86.Build.0 = Release|x64
		{FC5BB7F2-55CE-4506-8CAB-B1D0390966A2}.Debug|x64.ActiveCfg = Debug|x64
		{FC5BB7F2-55CE-4506-8CAB-B1D0390966A2}.Debug|x64.Build.0 = Debug|x64
		{FC5BB7F2-55CE-4506-8CAB-B1D0390966A2}.Debug|x86.ActiveCfg = Debug|x64
		{FC5BB7F2-55CE-4506-8CAB-B1D0390966A2}.Debug|x86.Build.0 = Debug|x64
		{FC5BB7F2-55CE-4506-8CAB-B1D0390966A2}.Release|x64.ActiveCfg = Release|x64
		{FC5BB7F2-55CE-4506-8CAB-B1D0390966A2}.Release|x64.Build.0 = Release|x64
		{FC5BB7F2-55CE-4506-8CAB-B1D0390966A2}.Release|x86.ActiveCfg = Release|x64
		{FC5BB7F2-55CE-4506-8CAB-B1D0390966A2}.Release|x86.Build.0 = Release|x64
		{19D97338-2E37-4B7E-AB8E-4CAA0E2A7441}.Debug|x64.ActiveCfg = Debug|x64
		{19D97338-2E37-4B7E-AB8E-4CAA0E2A7441}.Debug|x64.Build.0 = Debug|x64
		{19D97338-2E37-4B7E-AB8E-4CAA0E2A7441}.Debug|x86.ActiveCfg = Debug|x64
		{19D97338-2E37-4B7E-AB8E-4CAA0E2A7441}.Debug|x86.Build.0 = Debug|x64
		{19D97338-2E37-4B7E-AB8E-4CAA0E2A7441}.Release|x64.ActiveCfg = Release|x64
		{19D97338-2E37-4B7E-AB8E-4CAA0E2A7441}.Release|x64.Build.0 = Release|x64
		{19D97338-2E37-4B7E-AB8E-4CAA0E2A7441}.Release|x86.ActiveCfg = Release|x64
		{19D97338-2E37-4B7E-AB8E-4CAA0E2A7441}.Release|x86.Build.0 = Release|x64
		{A4594877-903B-4DBA-B908-500561CDD9A1}.Debug|x64.ActiveCfg = Debug|x64
		{A4594877-903B-4DBA-B908-500561CDD9A1}.Debug|x64.Build.0 = Debug|x64
		{A4594877-903B-4DBA-B908-500561CDD9A1}.Debug|x86.ActiveCfg = Debug|x64
		{A4594877-903B-4DBA-B908-500561CDD9A1}.Debug|x86.Build.0 = Debug|x64
		{A4594877-903B-4DBA-B908-500561CDD9A1}.Release|x64.ActiveCfg = Release|x64
		{A4594877-903B-4DBA-B908-500561CDD9A1}.Release|x64.Build.0 = Release|x64
		{A4594877-903B-4DBA-B908-500561CDD9A1}.Release|x86.ActiveCfg = Release|x64
		{A4594877-903B-4DBA-B908-500561CDD9A1}.Release|x86.Build.0 = Release|x64
		{81EBF1DA-DCCB-4D15-9AC9-F6A2230785E6}.Debug|x64.ActiveCfg = Debug|x64
		{81EBF1DA-DCCB-4D15-9AC9-F6A2230785E6}.Debug|x64.Build.0 = Debug|x64
		{81EBF1DA-DCCB-4D15-9AC9-F6A2230785E6}.Debug|x86.ActiveCfg = Debug|x64
		{81EBF1DA-DCCB-4D15-9AC9-F6A2230785E6}.Debug|x86.Build.0 = Debug|x64
		{81EBF1DA-DCCB-4D15-9AC9-F6A2230785E6}.Release|x64.ActiveCfg = Release|x64
		{81EBF1DA-DCCB-4D15-9AC9-F6A2230785E6}.Release|x64.Build.0 = Release|x64
		{81EBF1DA-DCCB-4D15-9AC9-F6A2230785E6}.Release|x86.ActiveCfg = Release|x64
		{81EBF1DA-DCCB-4D15-9AC9-F6A2230785E6}.Release|x86.Build.0 = Release|x64
		{E7410347-E2CD-4007-87CE-0D32F8E054B6}.Debug|x64.ActiveCfg = Debug|x64
		{E7410347-E2CD-4007-87CE-0D32F8E054B6}.Debug|x64.Build.0 = Debug|x64
		{E7410347-E2CD-4007-87CE-0D32F8E054B6}.Debug|x86.ActiveCfg = Debug|x64
		{E7410347-E2CD-4007-87CE-0D32F8E054B6}.Debug|x86.Build.0 = Debug|x64
		{E7410347-E2CD-4007-87CE-0D32F8E054B6}.Release|x64.ActiveCfg = Release|x64
		{E7410347-E2CD-4007-87CE-0D32F8E054B6}.Release|x64.Build.0 = Release|x64
		{E7410347-E2CD-4007-87CE-0D32F8E054B6}.Release|x86.ActiveCfg = Release|x64
		{E7410347-E2CD-4007-87CE-0D32F8E054B6}.Release|x86.Build.0 = Release|x64
		{B7C45921-0C8D-4F19-8818-409B3AD32609}.Debug|x64.ActiveCfg = Debug|x64
		{B7C45921-0C8D-4F19-8818-409B3AD32609}.Debug|x64.Build.0 = Debug|x64
		{B7C45921-0C8D-4F19-8818-409B3AD32609}.Debug|x86.ActiveCfg = Debug|x64
		{B7C45921-0C8D-4F19-8818-409B3AD32609}.Debug|x86.Build.0 = Debug|x64
		{B7C45921-0C8D-4F19-8818-409B3AD32609}.Release|x64.ActiveCfg = Release|x64
		{B7C45921-0C8D-4F19-8818-409B3AD32609}.Release|x64.Build.0 = Release|x64
		{B7C45921-0C8D-4F19-8818-409B3AD32609}.Release|x86.ActiveCfg = Release|x64
		{B7C45921-0C8D-4F19-8818-409B3AD32609}.Release|x86.Build.0 = Release|x64
		{C80B3B90-C5A2-479C-A1E8-1C6D6A47A0A6}.Debug|x64.ActiveCfg = Debug|x64
		{C80B3B90-C5A2-479C-A1E8-1C6D6A47A0A6}.Debug|x64.Build.0 = Debug|x64
		{C80B3B90-C5A2-479C-A1E8-1C6D6A47A0A6}.Debug|x86.ActiveCfg = Debug|x64
		{C80B3B90-C5A2-479C-A1E8-1C6D6A47A0A6}.Debug|x86.Build.0 = Debug|x64
		{C80B3B90-C5A2-479C-A1E8-1C6D6A47A0A6}.Release|x64.ActiveCfg = Release|x64
		{C80B3B90-C5A2-479C-A1E8-1C6D6A47A0A6}.Release|x64.Build.0 = Release|x64
		{C80B3B90-C5A2-479C-A1E8-1C6D6A47A0A6}.Release|x86.ActiveCfg = Release|x64
		{C80B3B90-C5A2-479C-A1E8-1C6D6A47A0A6}.Release|x86.Build.0 = Release|x64
		{4AA2D64B-C73A-47B1-B214-D7A333F4BB65}.Debug|x64.ActiveCfg = Debug|x64
		{4AA2D64B-C73A-47B1-B214-D7A333F4BB65}.Debug|x64.Build.0 = Debug|x64
		{4AA2D64B-C73A-47B1-B214-D7A333F4BB65}.Debug|x86.ActiveCfg = Debug|x64
		{4AA2D64B-C73A-47B1-B214-D7A333F4BB65}.Debug|x86.Build.0 = Debug|x64
		{4AA2D64B-C73A-47B1-B214-D7A333F4BB65}.Release|x64.ActiveCfg = Release|x64
		{4AA2D64B-C73A-47B1-B214-D7A333F4BB65}.Release|x64.Build.0 = Release|x64
		{4AA2D64B-C73A-47B1-B214-D7A333F4BB65}.Release|x86.ActiveCfg = Release|x64
		{4AA2D64B-C73A-47B1-B214-D7A333F4BB65}.Release|x86.Build.0 = Release|x64
		{3DF25E0C-FBC4-41B0-B08D-2B2554C788C8}.Debug|x64.ActiveCfg = Debug|x64
		{3DF25E0C-FBC4-41B0-B08D-2B2554C788C8}.Debug|x64.Build.0 = Debug|x64
		{3DF25E0C-FBC4-41B0-B08D-2B2554C788C8}.Debug|x86.ActiveCfg = Debug|x64
		{3DF25E0C-FBC4-41B0-B08D-2B2554C788C8}.Debug|x86.Build.0 = Debug|x64
		{3DF25E0C-FBC4-41B0-B08D-2B2554C788C8}.Release|x64.ActiveCfg = Release|x64
		{3DF25E0C-FBC4-41B0-B08D-2B2554C788C8}.Release|x64.Build.0 = Release|x64
		{3DF25E0C-FBC4-41B0-B08D-2B2554C788C8}.Release|x86.ActiveCfg = Release|x64
		{3DF25E0C-FBC4-41B0-B08D-2B2554C788C8}.Release|x86.Build.0 = Release|x64
		{8E3606B0-12F3-4AD4-830C-1B9C0CBFBEEF}.Debug|x64.ActiveCfg = Debug|x64
		{8E3606B0-12F3-4AD4-830C-1B9C0CBFBEEF}.Debug|x64.Build.0 = Debug|x64
		{8E3606B0-12F3-4AD4-830C-1B9C0CBFBEEF}.Debug|x86.ActiveCfg = Debug|x64
		{8E3606B0-12F3-4AD4-830C-1B9C0CBFBEEF}.Debug|x86.Build.0 = Debug|x64
		{8E3606B0-12F3-4AD4-830C-1B9C0CBFBEEF}.Release|x64.ActiveCfg = Release|x64
		{8E3606B0-12F3-4AD4-830C-1B9C0CBFBEEF}.Release|x64.Build.0 = Release|x64
		{8E3606B0-12F3-4AD4-830C-1B9C0CBFBEEF}.Release|x86.ActiveCfg = Release|x64
		{8E3606B0-12F3-4AD4-830C-1B9C0CBFBEEF}.Release|x86.Build.0 = Release|x64
		{3A6399E3-8322-4914-8E2F-A3B955492143}.Debug|x64.ActiveCfg = Debug|x64
		{3A6399E3-8322-4914-8E2F-A3B955492143}.Debug|x64.Build.0 = Debug|x64
		{3A6399E3-8322-4914-8E2F-A3B955492143}.Debug|x86.ActiveCfg = Debug|x64
		{3A6399E3-8322-4914-8E2F-A3B955492143}.Debug|x86.Build.0 = Debug|x64
		{3A6399E3-8322-4914-8E2F-A3B955492143}.Release|x64.ActiveCfg = Release|x64
		{3A6399E3-8322-4914-8E2F-A3B955492143}.Release|x64.Build.0 = Release|x64
		{3A6399E3-8322-4914-8E2F-A3B955492143}.Release|x86.ActiveCfg = Release|x64
		{3A6399E3-8322-4914-8E2F-A3B955492143}.Release|x86.Build.0 = Release|x64
		{4C2F870C-2543-4D54-A042-ACDC6D1F4DAE}.Debug|x64.ActiveCfg = Debug|x64
		{4C2F870C-2543-4D54-A042-ACDC6D1F4DAE}.Debug|x64.Build.0 = Debug|x64
		{4C2F870C-2543-4D54-A042-ACDC6D1F4DAE}.Debug|x86.ActiveCfg = Debug|x64
		{4C2F870C-2543-4D54-A042-ACDC6D1F4DAE}.Debug|x86.Build.0 = Debug|x64
		{4C2F870C-2543-4D54-A042-ACDC6D1F4DAE}.Release|x64.ActiveCfg = Release|x64
		{4C2F870C-2543-4D54-A042-ACDC6D1F4DAE}.Release|x64.Build.0 = Release|x64
		{4C2F870C-2543-4D54-A042-ACDC6D1F4DAE}.Release|x86.ActiveCfg = Release|x64
		{4C2F870C-2543-4D54-A042-ACDC6D1F4DAE}.Release|x86.Build.0 = Release|x64
		{31EE211B-DE9E-4D6F-B7BE-C5ECA76C35C4}.Debug|x64.ActiveCfg = Debug|x64
		{31EE211B-DE9E-4D6F-B7BE-C5ECA76C35C4}.Debug|x64.Build.0 = Debug|x64
		{31EE211B-DE9E-4D6F-B7BE-C5ECA76C35C4}.Debug|x86.ActiveCfg = Debug|x64
		{31EE211B-DE9E-4D6F-B7BE-C5ECA76C35C4}.Debug|x86.Build.0 = Debug|x64
		{31EE211B-DE9E-4D6F-B7BE-C5ECA76C35C4}.Release|x64.ActiveCfg = Release|x64
		{31EE211B-DE9E-4D6F-B7BE-C5ECA76C35C4}.Release|x64.Build.0 = Release|x64
		{31EE211B-DE9E-4D6F-B7BE-C5ECA76C35C4}.Release|x86.ActiveCfg = Release|x64
		{31EE211B-DE9E-4D6F-B7BE-C5ECA76C35C4}.Release|x86.Build.0 = Release|x64
		{148C4912-285D-4038-9A2F-FB3360C2CDE2}.Debug|x64.ActiveCfg = Debug|x64
		{148C4912-285D-4038-9A2F-FB3360C2CDE2}.Debug|x64.Build.0 = Debug|x64
		{148C4912-285D-4038-9A2F-FB3360C2CDE2}.Debug|x86.ActiveCfg = Debug|x64
		{148C4912-285D-4038-9A2F-FB3360C2CDE2}.Debug|x86.Build.0 = Debug|x64
		{148C4912-285D-4038-9A2F-FB3360C2CDE2}.Release|x64.ActiveCfg = Release|x64
		{148C4912-285D-4038-9A2F-FB3360C2CDE2}.Release|x64.Build.0 = Release|x64
		{148C4912-285D-4038-9A2F-FB3360C2CDE2}.Release|x86.ActiveCfg = Release|x64
		{148C4912-285D-4038-9A2F-FB3360C2CDE2}.Release|x86.Build.0 = Release|x64
		{866DF094-FB28-44C1-BA51-C9C1BC81B474}.Debug|x64.ActiveCfg = Debug|x64
		{866DF094-FB28-44C1-BA51-C9C1BC81B474}.Debug|x64.Build.0 = Debug|x64
		{866DF094-FB28-44C1-BA51-C9C1BC81B474}.Debug|x86.ActiveCfg = Debug|x64
		{866DF094-FB28-44C1-BA51-C9C1BC81B474}.Debug|x86.Build.0 = Debug|x64
		{866DF094-FB28-44C1-BA51-C9C1BC81B474}.Release|x64.ActiveCfg = Release|x64
		{866DF094-FB28-44C1-BA51-C9C1BC81B474}.Release|x64.Build.0 = Release|x64
		{866DF094-FB28-44C1-BA51-C9C1BC81B474}.Release|x86.ActiveCfg = Release|x64
		{866DF094-FB28-44C1-BA51-C9C1BC81B474}.Release|x86.Build.0 = Release|x64
		{F63986EF-B05D-4B00-AEF5-78CBC003D79C}.Debug|x64.ActiveCfg = Debug|x64
		{F63986EF-B05D-4B00-AEF5-78CBC003D79C}.Debug|x64.Build.0 = Debug|x64
		{F63986EF-B05D-4B00-AEF5-78CBC003D79C}.Debug|x86.ActiveCfg = Debug|x64
		{F63986EF-B05D-4B00-AEF5-78CBC003D79C}.Debug|x86.Build.0 = Debug|x64
		{F63986EF-B05D-4B00-AEF5-78CBC003D79C}.Release|x64.ActiveCfg = Release|x64
		{F63986EF-B05D-4B00-AEF5-78CBC003D79C}.Release|x64.Build.0 = Release|x64
		{F63986EF-B05D-4B00-AEF5-78CBC003D79C}.Release|x86.ActiveCfg = Release|x64
		{F63986EF-B05D-4B00-AEF5-78CBC003D79C}.Release|x86.Build.0 = Release|x64
		{BEF5A4BB-9EEC-45B4-9D8E-8639DC8B71A6}.Debug|x64.ActiveCfg = Debug|x64
		{BEF5A4BB-9EEC-45B4-9D8E-8639DC8B71A6}.Debug|x64.Build.0 = Debug|x64
		{BEF5A4BB-9EEC-45B4-9D8E-8639DC8B71A6}.Debug|x86.ActiveCfg = Debug|x64
		{BEF5A4BB-9EEC-45B4-9D8E-8639DC8B71A6}.Debug|x86.Build.0 = Debug|x64
		{BEF5A4BB-9EEC-45B4-9D8E-8639DC8B71A6}.Release|x64.ActiveCfg = Release|x64
		{BEF5A4BB-9EEC-45B4-9D8E-8639DC8B71A6}.Release|x64.Build.0 = Release|x64
		{BEF5A4BB-9EEC-45B4-9D8E-8639DC8B71A6}.Release|x86.ActiveCfg = Release|x64
		{BEF5A4BB-9EEC-45B4-9D8E-8639DC8B71A6}.Release|x86.Build.0 = Release|x64
		{03DBFDEB-6B5B-414E-A4E7-C466D086A9EF}.Debug|x64.ActiveCfg = Debug|x64
		{03DBFDEB-6B5B-414E-A4E7-C466D086A9EF}.Debug|x64.Build.0 = Debug|x64
		{03DBFDEB-6B5B-414E-A4E7-C466D086A9EF}.Debug|x86.ActiveCfg = Debug|x64
		{03DBFDEB-6B5B-414E-A4E7-C466D086A9EF}.Debug|x86.Build.0 = Debug|x64
		{03DBFDEB-6B5B-414E-A4E7-C466D086A9EF}.Release|x64.ActiveCfg = Release|x64
		{03DBFDEB-6B5B-414E-A4E7-C466D086A9EF}.Release|x64.Build.0 = Release|x64
		{03DBFDEB-6B5B-414E-A4E7-C466D086A9EF}.Release|x86.ActiveCfg = Release|x64
		{03DBFDEB-6B5B-414E-A4E7-C466D086A9EF}.Release|x86.Build.0 = Release|x64
		{F1457999-09FD-47EC-ADE5-5C49036A38DF}.Debug|x64.ActiveCfg = Debug|x64
		{F1457999-09FD-47EC-ADE5-5C49036A38DF}.Debug|x64.Build.0 = Debug|x64
		{F1457999-09FD-47EC-ADE5-5C49036A38DF}.Debug|x86.ActiveCfg = Debug|x64
		{F1457999-09FD-47EC-ADE5-5C49036A38DF}.Debug|x86.Build.0 = Debug|x64
		{F1457999-09FD-47EC-ADE5-5C49036A38DF}.Release|x64.ActiveCfg = Release|x64
		{F1457999-09FD-47EC-ADE5-5C49036A38DF}.Release|x64.Build.0 = Release|x64
		{F1457999-09FD-47EC-ADE5-5C49036A38DF}.Release|x86.ActiveCfg = Release|x64
		{F1457999-09FD-47EC-ADE5-5C49036A38DF}.Release|x86.Build.0 = Release|x64
		{3C06282C-20C2-423B-9011-C2759760D29F}.Debug|x64.ActiveCfg = Debug|x64
		{3C06282C-20C2-423B-9011-C2759760D29F}.Debug|x64.Build.0 = Debug|x64
		{3C06282C-20C2-423B-9011-C2759760D29F}.Debug|x86.ActiveCfg = Debug|x64
		{3C06282C-20C2-423B-9011-C2759760D29F}.Debug|x86.Build.0 = Debug|x64
		{3C06282C-20C2-423B-9011-C2759760D29F}.Release|x64.ActiveCfg = Release|x64
		{3C06282C-20C2-423B-9011-C2759760D29F}.Release|x64.Build.0 = Release|x64
		{3C06282C-20C2-423B-9011-C2759760D29F}.Release|x86.ActiveCfg = Release|x64
		{3C06282C-20C2-423B-9011-C2759760D29F}.Release|x86.Build.0 = Release|x64
		{F0597E16-093E-41E4-B127-65AA6B69FBEE}.Debug|x64.ActiveCfg = Debug|x64
		{F0597E16-093E-41E4-B127-65AA6B69FBEE}.Debug|x64.Build.0 = Debug|x64
		{F0597E16-093E-41E4-B127-65AA6B69FBEE}.Debug|x86.ActiveCfg = Debug|x64
		{F0597E16-093E-41E4-B127-65AA6B69FBEE}.Debug|x86.Build.0 = Debug|x64
		{F0597E16-093E-41E4-B127-65AA6B69FBEE}.Release|x64.ActiveCfg = Release|x64
		{F0597E16-093E-41E4-B127-65AA6B69FBEE}.Release|x64.Build.0 = Release|x64
		{F0597E16-093E-41E4-B127-65AA6B69FBEE}.Release|x86.ActiveCfg = Release|x64
		{F0597E16-093E-41E4-B127-65AA6B69FBEE}.Release|x86.Build.0 = Release|x64
		{0171ADD8-D099-42C3-B555-445AF6C39BA8}.Debug|x64.ActiveCfg = Debug|x64
		{0171ADD8-D099-42C3-B555-445AF6C39BA8}.Debug|x64.Build.0 = Debug|x64
		{0171ADD8-D099-42C3-B555-445AF6C39BA8}.Debug|x86.ActiveCfg = Debug|x64
		{0171ADD8-D099-42C3-B555-445AF6C39BA8}.Debug|x86.Build.0 = Debug|x64
		{0171ADD8-D099-42C3-B555-445AF6C39BA8}.Release|x64.ActiveCfg = Release|x64
		{0171ADD8-D099-42C3-B555-445AF6C39BA8}.Release|x64.Build.0 = Release|x64
		{0171ADD8-D099-42C3-B555-445AF6C39BA8}.Release|x86.ActiveCfg = Release|x64
		{0171ADD8-D099-42C3-B555-445AF6C39BA8}.Release|x86.Build.0 = Release|x64
		{1EABFF27-1F0A-4CE6-966B-D0772A1F2528}.Debug|x64.ActiveCfg = Debug|x64
		{1EABFF27-1F0A-4CE6-966B-D0772A1F2528}.Debug|x64.Build.0 = Debug|x64
		{1EABFF27-1F0A-4CE6-966B-D0772A1F2528}.Debug|x86.ActiveCfg = Debug|x64
		{1EABFF27-1F0A-4CE6-966B-D0772A1F2528}.Debug|x86.Build.0 = Debug|x64
		{1EABFF27-1F0A-4CE6-966B-D0772A1F2528}.Release|x64.ActiveCfg = Release|x64
		{1EABFF27-1F0A-4CE6-966B-D0772A1F2528}.Release|x64.Build.0 = Release|x64
		{1EABFF27-1F0A-4CE6-966B-D0772A1F2528}.Release|x86.ActiveCfg = Release|x64
		{1EABFF27-1F0A-4CE6-966B-D0772A1F2528}.Release|x86.Build.0 = Release|x64
		{2112E835-65F7-45BD-B267-73F07264B6EE}.Debug|x64.ActiveCfg = Debug|x64
		{2112E835-65F7-45BD-B267-73F07264B6EE}.Debug|x64.Build.0 = Debug|x64
		{2112E835-65F7-45BD-B267-73F07264B6EE}.Debug|x86.ActiveCfg = Debug|x64
		{2112E835-65F7-45BD-B267-73F07264B6EE}.Debug|x86.Build.0 = Debug|x64
		{2112E835-65F7-45BD-B267-73F07264B6EE}.Release|x64.ActiveCfg = Release|x64
		{2112E835-65F7-45BD-B267-73F07264B6EE}.Release|x64.Build.0 = Release|x64
		{2112E835-65F7-45BD-B267-73F07264B6EE}.Release|x86.ActiveCfg = Release|x64
		{2112E835-65F7-45BD-B267-73F07264B6EE}.Release|x86.Build.0 = Release|x64
		{93574F26-412B-4952-8C39-0118D0E23770}.Debug|x64.ActiveCfg = Debug|x64
		{93574F26-412B-4952-8C39-0118D0E23770}.Debug|x64.Build.0 = Debug|x64
		{93574F26-412B-4952-8C39-0118D0E23770}.Debug|x86.ActiveCfg = Debug|x64
		{93574F26-412B-4952-8C39-0118D0E23770}.Debug|x86.Build.0 = Debug|x64
		{93574F26-412B-4952-8C39-0118D0E23770}.Release|x64.ActiveCfg = Release|x64
		{93574F26-412B-4952-8C39-0118D0E23770}.Release|x64.Build.0 = Release|x64
		{93574F26-412B-4952-8C39-0118D0E23770}.Release|x86.ActiveCfg = Release|x64
		{93574F26-412B-4952-8C39-0118D0E23770}.Release|x86.Build.0 = Release|x64
		{BC019EF8-BEA4-4D92-B0B6-17A02591B621}.Debug|x64.ActiveCfg = Debug|x64
		{BC019EF8-BEA4-4D92-B0B6-17A02591B621}.Debug|x64.Build.0 = Debug|x64
		{BC019EF8-BEA4-4D92-B0B6-17A02591B621}.Debug|x86.ActiveCfg = Debug|x64
		{BC019EF8-BEA4-4D92-B0B6-17A02591B621}.Debug|x86.Build.0 = Debug|x64
		{BC019EF8-BEA4-4D92-B0B6-17A02591B621}.Release|x64.ActiveCfg = Release|x64
		{BC019EF8-BEA4-4D92-B0B6-17A02591B621}.Release|x64.Build.0 = Release|x64
		{BC019EF8-BEA4-4D92-B0B6-17A02591B621}.Release|x86.ActiveCfg = Release|x64
		{BC019EF8-BEA4-4D92-B0B6-17A02591B621}.Release|x86.Build.0 = Release|x64
		{C3C2BA2F-023D-4966-958A-0A86D7E0E7F1}.Debug|x64.ActiveCfg = Debug|x64
		{C3C2BA2F-023D-4966-958A-0A86D7E0E7F1}.Debug|x64.Build.0 = Debug|x64
		{C3C2BA2F-023D-4966-958A-0A86D7E0E7F1}.Debug|x86.ActiveCfg = Debug|x64
		{C3C2BA2F-023D-4966-958A-0A86D7E0E7F1}.Debug|x86.Build.0 = Debug|x64
		{C3C2BA2F-023D-4966-958A-0A86D7E0E7F1}.Release|x64.ActiveCfg = Release|x64
		{C3C2BA2F-023D-4966-958A-0A86D7E0E7F1}.Release|x64.Build.0 = Release|x64
		{C3C2BA2F-023D-4966-958A-0A86D7E0E7F1}.Release|x86.ActiveCfg = Release|x64
		{C3C2BA2F-023D-4966-958A-0A86D7E0E7F1}.Release|x86.Build.0 = Release|x64
		{D7F402C1-483C-43D3-A310-3F8F16C05CAE}.Debug|x64.ActiveCfg = Debug|x64
		{D7F402C1-483C-43D3-A310-3F8F16C05CAE}.Debug|x64.Build.0 = Debug|x64
		{D7F402C1-483C-43D3-A310-3F8F16C05CAE}.Debug|x86.ActiveCfg = Debug|x64
		{D7F402C1-483C-43D3-A310-3F8F16C05CAE}.Debug|x86.Build.0 = Debug|x64
		{D7F402C1-483C-43D3-A310-3F8F16C05CAE}.Release|x64.ActiveCfg = Release|x64
		{D7F402C1-483C-43D3-A310-3F8F16C05CAE}.Release|x64.Build.0 = Release|x64
		{D7F402C1-483C-43D3-A310-3F8F16C05CAE}.Release|x86.ActiveCfg = Release|x64
		{D7F402C1-483C-43D3-A310-3F8F16C05CAE}.Release|x86.Build.0 = Release|x64
		{58442455-BAF7-4167-8A66-94B09D432218}.Debug|x64.ActiveCfg = Debug|x64
		{58442455-BAF7-4167-8A66-94B09D432218}.Debug|x64.Build.0 = Debug|x64
		{58442455-BAF7-4167-8A66-94B09D432218}.Debug|x86.ActiveCfg = Debug|x64
		{58442455-BAF7-4167-8A66-94B09D432218}.Debug|x86.Build.0 = Debug|x64
		{58442455-BAF7-4167-8A66-94B09D432218}.Release|x64.ActiveCfg = Release|x64
		{58442455-BAF7-4167-8A66-94B09D432218}.Release|x64.Build.0 = Release|x64
		{58442455-BAF7-4167-8A66-94B09D432218}.Release|x86.ActiveCfg = Release|x64
		{58442455-BAF7-4167-8A66-94B09D432218}.Release|x86.Build.0 = Release|x64
		{B72275AB-ABB5-4BC7-92C6-196F1D84F6A5}.Debug|x64.ActiveCfg = Debug|x64
		{B72275AB-ABB5-4BC7-92C6-196F1D84F6A5}.Debug|x64.Build.0 = Debug|x64
		{B72275AB-ABB5-4BC7-92C6-196F1D84F6A5}.Debug|x86.ActiveCfg = Debug|x64
		{B72275AB-ABB5-4BC7-92C6-196F1D84F6A5}.Debug|x86.Build.0 = Debug|x64
		{B72275AB-ABB5-4BC7-92C6-196F1D84F6A5}.Release|x64.ActiveCfg = Release|x64
		{B72275AB-ABB5-4BC7-92C6-196F1D84F6A5}.Release|x64.Build.0 = Release|x64
		{B72275AB-ABB5-4BC7-92C6-196F1D84F6A5}.Release|x86.ActiveCfg = Release|x64
		{B72275AB-ABB5-4BC7-92C6-196F1D84F6A5}.Release|x86.Build.0 = Release|x64
		{2E5B9C05-675B-4021-A780-CB425A5818C5}.Debug|x64.ActiveCfg = Debug|x64
		{2E5B9C05-675B-4021-A780-CB425A5818C5}.Debug|x64.Build.0 = Debug|x64
		{2E5B9C05-675B-4021-A780-CB425A5818C5}.Debug|x86.ActiveCfg = Debug|x64
		{2E5B9C05-675B-4021-A780-CB425A5818C5}.Debug|x86.Build.0 = Debug|x64
		{2E5B9C05-675B-4021-A780-CB425A5818C5}.Release|x64.ActiveCfg = Release|x64
		{2E5B9C05-675B-4021-A780-CB425A5818C5}.Release|x64.Build.0 = Release|x64
		{2E5B9C05-675B-4021-A780-CB425A5818C5}.Release|x86.ActiveCfg = Release|x64
		{2E5B9C05-675B-4021-A780-CB425A5818C5}.Release|x86.Build.0 = Release|x64
		{7B612416-97FF-4405-9C30-87EAEADFA2FF}.Debug|x64.ActiveCfg = Debug|x64
		{7B612416-97FF-4405-9C30-87EAEADFA2FF}.Debug|x64.Build.0 = Debug|x64
		{7B612416-97FF-4405-9C30-87EAEADFA2FF}.Debug|x86.ActiveCfg = Debug|x64
		{7B612416-97FF-4405-9C30-87EAEADFA2FF}.Debug|x86.Build.0 = Debug|x64
		{7B612416-97FF-4405-9C30-87EAEADFA2FF}.Release|x64.ActiveCfg = Release|x64
		{7B612416-97FF-4405-9C30-87EAEADFA2FF}.Release|x64.Build.0 = Release|x64
		{7B612416-97FF-4405-9C30-87EAEADFA2FF}.Release|x86.ActiveCfg = Release|x64
		{7B612416-97FF-4405-9C30-87EAEADFA2FF}.Release|x86.Build.0 = Release|x64
		{2EC8A26A-5A3A-41EA-9109-8A8A97218752}.Debug|x64.ActiveCfg = Debug|x64
		{2EC8A26A-5A3A-41EA-9109-8A8A97218752}.Debug|x64.Build.0 = Debug|x64
		{2EC8A26A-5A3A-41EA-9109-8A8A97218752}.Debug|x86.ActiveCfg = Debug|x64
		{2EC8A26A-5A3A-41EA-9109-8A8A97218752}.Debug|x86.Build.0 = Debug|x64
		{2EC8A26A-5A3A-41EA-9109-8A8A97218752}.Release|x64.ActiveCfg = Release|x64
		{2EC8A26A-5A3A-41EA-9109-8A8A97218752}.Release|x64.Build.0 = Release|x64
		{2EC8A26A-5A3A-41EA-9109-8A8A97218752}.Release|x86.ActiveCfg = Release|x64
		{2EC8A26A-5A3A-41EA-9109-8A8A97218752}.Release|x86.Build.0 = Release|x64
		{0C7DF777-A4B6-41B4-BB1B-248D0B1C23C3}.Debug|x64.ActiveCfg = Debug|x64
		{0C7DF777-A4B6-41B4-BB1B-248D0B1C23C3}.Debug|x64.Build.0 = Debug|x64
		{0C7DF777-A4B6-41B4-BB1B-248D0B1C23C3}.Debug|x86.ActiveCfg = Debug|x64
		{0C7DF777-A4B6-41B4-BB1B-248D0B1C23C3}.Debug|x86.Build.0 = Debug|x64
		{0C7DF777-A4B6-41B4-BB1B-248D0B1C23C3}.Release|x64.ActiveCfg = Release|x64
		{0C7DF777-A4B6-41B4-BB1B-248D0B1C23C3}.Release|x64.Build.0 = Release|x64
		{0C7DF777-A4B6-41B4-BB1B-248D0B1C23C3}.Release|x86.ActiveCfg = Release|x64
		{0C7DF777-A4B6-41B4-BB1B-248D0B1C23C3}.Release|x86.Build.0 = Release|x64
		{A4D55A81-3C4A-4705-BE99-56D266055781}.Debug|x64.ActiveCfg = Debug|x64
		{A4D55A81-3C4A-4705-BE99-56D266055781}.Debug|x64.Build.0 = Debug|x64
		{A4D55A81-3C4A-4705-BE99-56D266055781}.Debug|x86.ActiveCfg = Debug|x64
		{A4D55A81-3C4A-4705-BE99-56D266055781}.Debug|x86.Build.0 = Debug|x64
		{A4D55A81-3C4A-4705-BE99-56D266055781}.Release|x64.ActiveCfg = Release|x64
		{A4D55A81-3C4A-4705-BE99-56D266055781}.Release|x64.Build.0 = Release|x64
		{A4D55A81-3C4A-4705-BE99-56D266055781}.Release|x86.ActiveCfg = Release|x64
		{A4D55A81-3C4A-4705-BE99-56D266055781}.Release|x86.Build.0 = Release|x64
		{4D19D6FD-9647-4A99-BF4F-34ECD3EFA4CB}.Debug|x64.ActiveCfg = Debug|x64
		{4D19D6FD-9647-4A99-BF4F-34ECD3EFA4CB}.Debug|x64.Build.0 = Debug|x64
		{4D19D6FD-9647-4A99-BF4F-34ECD3EFA4CB}.Debug|x86.ActiveCfg = Debug|x64
		{4D19D6FD-9647-4A99-BF4F-34ECD3EFA4CB}.Debug|x86.Build.0 = Debug|x64
		{4D19D6FD-9647-4A99-BF4F-34ECD3EFA4CB}.Release|x64.ActiveCfg = Release|x64
		{4D19D6FD-9647-4A99-BF4F-34ECD3EFA4CB}.Release|x64.Build.0 = Release|x64
		{4D19D6FD-9647-4A99-BF4F-34ECD3EFA4CB}.Release|x86.ActiveCfg = Release|x64
		{4D19D6FD-9647-4A99-BF4F-34ECD3EFA4CB}.Release|x86.Build.0 = Release|x64
		{8A7E4074-D05D-417D-B03E-A6D138924E31}.Debug|x64.ActiveCfg = Debug|x64
		{8A7E4074-D05D-417D-B03E-A6D138924E31}.Debug|x64.Build.0 = Debug|x64
		{8A7E4074-D05D-417D-B03E-A6D138924E31}.Debug|x86.ActiveCfg = Debug|x64
		{8A7E4074-D05D-417D-B03E-A6D138924E31}.Debug|x86.Build.0 = Debug|x64
		{8A7E4074-D05D-417D-B03E-A6D138924E31}.Release|x64.ActiveCfg = Release|x64
		{8A7E4074-D05D-417D-B03E-A6D138924E31}.Release|x64.Build.0 = Release|x64
		{8A7E4074-D05D-417D-B03E-A6D138924E31}.Release|x86.ActiveCfg = Release|x64
		{8A7E4074-D05D-417D-B03E-A6D138924E31}.Release|x86.Build.0 = Release|x64
		{0C556064-CA2D-4271-80EA-19E493D3DD1C}.Debug|x64.ActiveCfg = Debug|x64
		{0C556064-CA2D-4271-80EA-19E493D3DD1C}.Debug|x64.Build.0 = Debug|x64
		{0C556064-CA2D-4271-80EA-19E493D3DD1C}.Debug|x86.ActiveCfg = Debug|x64
		{0C556064-CA2D-4271-80EA-19E493D3DD1C}.Debug|x86.Build.0 = Debug|x64
		{0C556064-CA2D-4271-80EA-19E493D3DD1C}.Release|x64.ActiveCfg = Release|x64
		{0C556064-CA2D-4271-80EA-19E493D3DD1C}.Release|x64.Build.0 = Release|x64
		{0C556064-CA2D-4271-80EA-19E493D3DD1C}.Release|x86.ActiveCfg = Release|x64
		{0C556064-CA2D-4271-80EA-19E493D3DD1C}.Release|x86.Build.0 = Release|x64
		{2EDC5894-75BC-407C-8D38-6DD0B039A96B}.Debug|x64.ActiveCfg = Debug|x64
		{2EDC5894-75BC-407C-8D38-6DD0B039A96B}.Debug|x64.Build.0 = Debug|x64
		{2EDC5894-75BC-407C-8D38-6DD0B039A96B}.Debug|x86.ActiveCfg = Debug|x64
		{2EDC5894-75BC-407C-8D38-6DD0B039A96B}.Debug|x86.Build.0 = Debug|x64
		{2EDC5894-75BC-407C-8D38-6DD0B039A96B}.Release|x64.ActiveCfg = Release|x64
		{2EDC5894-75BC-407C-8D38-6DD0B039A96B}.Release|x64.Build.0 = Release|x64
		{2EDC5894-75BC-407C-8D38-6DD0B039A96B}.Release|x86.ActiveCfg = Release|x64
		{2EDC5894-75BC-407C-8D38-6DD0B039A96B}.Release|x86.Build.0 = Release|x64
		{805B3B46-6694-4721-8C71-A19BBE8DA84C}.Debug|x64.ActiveCfg = Debug|x64
		{805B3B46-6694-4721-8C71-A19BBE8DA84C}.Debug|x64.Build.0 = Debug|x64
		{805B3B46-6694-4721-8C71-A19BBE8DA84C}.Debug|x86.ActiveCfg = Debug|x64
		{805B3B46-6694-4721-8C71-A19BBE8DA84C}.Debug|x86.Build.0 = Debug|x64
		{805B3B46-6694-4721-8C71-A19BBE8DA84C}.Release|x64.ActiveCfg = Release|x64
		{805B3B46-6694-4721-8C71-A19BBE8DA84C}.Release|x64.Build.0 = Release|x64
		{805B3B46-6694-4721-8C71-A19BBE8DA84C}.Release|x86.ActiveCfg = Release|x64
		{805B3B46-6694-4721-8C71-A19BBE8DA84C}.Release|x86.Build.0 = Release|x64
		{2CCA99A8-01F6-4BBC-8475-5ECD4A610D66}.Debug|x64.ActiveCfg = Debug|x64
		{2CCA99A8-01F6-4BBC-8475-5ECD4A610D66}.Debug|x64.Build.0 = Debug|x64
		{2CCA99A8-01F6-4BBC-8475-5ECD4A610D66}.Debug|x86.ActiveCfg = Debug|x64
		{2CCA99A8-01F6-4BBC-8475-5ECD4A610D66}.Debug|x86.Build.0 = Debug|x64
		{2CCA99A8-01F6-4BBC-8475-5ECD4A610D66}.Release|x64.ActiveCfg = Release|x64
		{2CCA99A8-01F6-4BBC-8475-5ECD4A610D66}.Release|x64.Build.0 = Release|x64
		{2CCA99A8-01F6-4BBC-8475-5ECD4A610D66}.Release|x86.ActiveCfg = Release|x64
		{2CCA99A8-01F6-4BBC-8475-5ECD4A610D66}.Release|x86.Build.0 = Release|x64
		{A5D8CA2C-C404-4811-AA66-F641C6F6845E}.Debug|x64.ActiveCfg = Debug|x64
		{A5D8CA2C-C404-4811-AA66-F641C6F6845E}.Debug|x64.Build.0 = Debug|x64
		{A5D8CA2C-C404-4811-AA66-F641C6F6845E}.Debug|x86.ActiveCfg = Debug|x64
		{A5D8CA2C-C404-4811-AA66-F641C6F6845E}.Debug|x86.Build.0 = Debug|x64
		{A5D8CA2C-C404-4811-AA66-F641C6F6845E}.Release|x64.ActiveCfg = Release|x64
		{A5D8CA2C-C404-4811-AA66-F641C6F6845E}.Release|x64.Build.0 = Release|x64
		{A5D8CA2C-C404-4811-AA66-F641C6F6845E}.Release|x86.ActiveCfg = Release|x64
		{A5D8CA2C-C404-4811-AA66-F641C6F6845E}.Release|x86.Build.0 = Release|x64
		{947A25B1-EF2A-4F0F-93D1-D53C77EC5E8E}.Debug|x64.ActiveCfg = Debug|x64
		{947A25B1-EF2A-4F0F-93D1-D53C77EC5E8E}.Debug|x64.Build.0 = Debug|x64
		{947A25B1-EF2A-4F0F-93D1-D53C77EC5E8E}.Debug|x86.ActiveCfg = Debug|x64
		{947A25B1-EF2A-4F0F-93D1-D53C77EC5E8E}.Debug|x86.Build.0 = Debug|x64
		{947A25B1-EF2A-4F0F-93D1-D53C77EC5E8E}.Release|x64.ActiveCfg = Release|x64
		{947A25B1-EF2A-4F0F-93D1-D53C77EC5E8E}.Release|x64.Build.0 = Release|x64
		{947A25B1-EF2A-4F0F-93D1-D53C77EC5E8E}.Release|x86.ActiveCfg = Release|x64
		{947A25B1-EF2A-4F0F-93D1-D53C77EC5E8E}.Release|x86.Build.0 = Release|x64
		{2F36DB8B-F27E-472B-9388-F5D7B6CEB752}.Debug|x64.ActiveCfg = Debug|x64
		{2F36DB8B-F27E-472B-9388-F5D7B6CEB752}.Debug|x64.Build.0 = Debug|x64
		{2F36DB8B-F27E-472B-9388-F5D7B6CEB752}.Debug|x86.ActiveCfg = Debug|x64
		{2F36DB8B-F27E-472B-9388-F5D7B6CEB752}.Debug|x86.Build.0 = Debug|x64
		{2F36DB8B-F27E-472B-9388-F5D7B6CEB752}.Release|x64.ActiveCfg = Release|x64
		{2F36DB8B-F27E-472B-9388-F5D7B6CEB752}.Release|x64.Build.0 = Release|x64
		{2F36DB8B-F27E-472B-9388-F5D7B6CEB752}.Release|x86.ActiveCfg = Release|x64
		{2F36DB8B-F27E-472B-9388-F5D7B6CEB752}.Release|x86.Build.0 = Release|x64
		{38E35240-6B0F-4568-8828-A175E0E4F097}.Debug|x64.ActiveCfg = Debug|x64
		{38E35240-6B0F-4568-8828-A175E0E4F097}.Debug|x64.Build.0 = Debug|x64
		{38E35240-6B0F-4568-8828-A175E0E4F097}.Debug|x86.ActiveCfg = Debug|x64
		{38E35240-6B0F-4568-8828-A175E0E4F097}.Debug|x86.Build.0 = Debug|x64
		{38E35240-6B0F-4568-8828-A175E0E4F097}.Release|x64.ActiveCfg = Release|x64
		{38E35240-6B0F-4568-8828-A175E0E4F097}.Release|x64.Build.0 = Release|x64
		{38E35240-6B0F-4568-8828-A175E0E4F097}.Release|x86.ActiveCfg = Release|x64
		{38E35240-6B0F-4568-8828-A175E0E4F097}.Release|x86.Build.0 = Release|x64
		{F74B92DA-BB16-40DA-AF79-E49D739E2509}.Debug|x64.ActiveCfg = Debug|x64
		{F74B92DA-BB16-40DA-AF79-E49D739E2509}.Debug|x64.Build.0 = Debug|x64
		{F74B92DA-BB16-40DA-AF79-E49D739E2509}.Debug|x86.ActiveCfg = Debug|x64
		{F74B92DA-BB16-40DA-AF79-E49D739E2509}.Debug|x86.Build.0 = Debug|x64
		{F74B92DA-BB16-40DA-AF79-E49D739E2509}.Release|x64.ActiveCfg = Release|x64
		{F74B92DA-BB16-40DA-AF79-E49D739E2509}.Release|x64.Build.0 = Release|x64
		{F74B92DA-BB16-40DA-AF79-E49D739E2509}.Release|x86.ActiveCfg = Release|x64
		{F74B92DA-BB16-40DA-AF79-E49D739E2509}.Release|x86.Build.0 = Release|x64
		{0ED51727-0516-471B-9F6C-6662D358C239}.Debug|x64.ActiveCfg = Debug|x64
		{0ED51727-0516-471B-9F6C-6662D358C239}.Debug|x64.Build.0 = Debug|x64
		{0ED51727-0516-471B-9F6C-6662D358C239}.Debug|x86.ActiveCfg = Debug|x64
		{0ED51727-0516-471B-9F6C-6662D358C239}.Debug|x86.Build.0 = Debug|x64
		{0ED51727-0516-471B-9F6C-6662D358C239}.Release|x64.ActiveCfg = Release|x64
		{0ED51727-0516-471B-9F6C-6662D358C239}.Release|x64.Build.0 = Release|x64
		{0ED51727-0516-471B-9F6C-6662D358C239}.Release|x86.ActiveCfg = Release|x64
		{0ED51727-0516-471B-9F6C-6662D358C239}.Release|x86.Build.0 = Release|x64
		{2E14A294-0CB2-4524-9CE8-1A74969E17B6}.Debug|x64.ActiveCfg = Debug|x64
		{2E14A294-0CB2-4524-9CE8-1A74969E17B6}.Debug|x64.Build.0 = Debug|x64
		{2E14A294-0CB2-4524-9CE8-1A74969E17B6}.Debug|x86.ActiveCfg = Debug|x64
		{2E14A294-0CB2-4524-9CE8-1A74969E17B6}.Debug|x86.Build.0 = Debug|x64
		{2E14A294-0CB2-4524-9CE8-1A74969E17B6}.Release|x64.ActiveCfg = Release|x64
		{2E14A294-0CB2-4524-9CE8-1A74969E17B6}.Release|x64.Build.0 = Release|x64
		{2E14A294-0CB2-4524-9CE8-1A74969E17B6}.Release|x86.ActiveCfg = Release|x64
		{2E14A294-0CB2-4524-9CE8-1A74969E17B6}.Release|x86.Build.0 = Release|x64
		{E0F0A3D1-E6CA-4A18-BE8B-BF4A0BBDF9AA}.Debug|x64.ActiveCfg = Debug|x64
		{E0F0A3D1-E6CA-4A18-BE8B-BF4A0BBDF9AA}.Debug|x64.Build.0 = Debug|x64
		{E0F0A3D1-E6CA-4A18-BE8B-BF4A0BBDF9AA}.Debug|x86.ActiveCfg = Debug|x64
		{E0F0A3D1-E6CA-4A18-BE8B-BF4A0BBDF9AA}.Debug|x86.Build.0 = Debug|x64
		{E0F0A3D1-E6CA-4A18-BE8B-BF4A0BBDF9AA}.Release|x64.ActiveCfg = Release|x64
		{E0F0A3D1-E6CA-4A18-BE8B-BF4A0BBDF9AA}.Release|x64.Build.0 = Release|x64
		{E0F0A3D1-E6CA-4A18-BE8B-BF4A0BBDF9AA}.Release|x86.ActiveCfg = Release|x64
		{E0F0A3D1-E6CA-4A18-BE8B-BF4A0BBDF9AA}.Release|x86.Build.0 = Release|x64
		{57FAC7F5-C813-405E-89FA-591FD657BB3D}.Debug|x64.ActiveCfg = Debug|x64
		{57FAC7F5-C813-405E-89FA-591FD657BB3D}.Debug|x64.Build.0 = Debug|x64
		{57FAC7F5-C813-405E-89FA-591FD657BB3D}.Debug|x86.ActiveCfg = Debug|x64
		{57FAC7F5-C813-405E-89FA-591FD657BB3D}.Debug|x86.Build.0 = Debug|x64
		{57FAC7F5-C813-405E-89FA-591FD657BB3D}.Release|x64.ActiveCfg = Release|x64
		{57FAC7F5-C813-405E-89FA-591FD657BB3D}.Release|x64.Build.0 = Release|x64
		{57FAC7F5-C813-405E-89FA-591FD657BB3D}.Release|x86.ActiveCfg = Release|x64
		{57FAC7F5-C813-405E-89FA-591FD657BB3D}.Release|x86.Build.0 = Release|x64
		{EA94F07D-A2A0-430A-B9B2-3E4929F0749A}.Debug|x64.ActiveCfg = Debug|x64
		{EA94F07D-A2A0-430A-B9B2-3E4929F0749A}.Debug|x64.Build.0 = Debug|x64
		{EA94F07D-A2A0-430A-B9B2-3E4929F0749A}.Debug|x86.ActiveCfg = Debug|x64
		{EA94F07D-A2A0-430A-B9B2-3E4929F0749A}.Debug|x86.Build.0 = Debug|x64
		{EA94F07D-A2A0-430A-B9B2-3E4929F0749A}.Release|x64.ActiveCfg = Release|x64
		{EA94F07D-A2A0-430A-B9B2-3E4929F0749A}.Release|x64.Build.0 = Release|x64
		{EA94F07D-A2A0-430A-B9B2-3E4929F0749A}.Release|x86.ActiveCfg = Release|x64
		{EA94F07D-A2A0-430A-B9B2-3E4929F0749A}.Release|x86.Build.0 = Release|x64
		{5074AF5D-C16D-451A-873B-B3051D4F6480}.Debug|x64.ActiveCfg = Debug|x64
		{5074AF5D-C16D-451A-873B-B3051D4F6480}.Debug|x64.Build.0 = Debug|x64
		{5074AF5D-C16D-451A-873B-B3051D4F6480}.Debug|x86.ActiveCfg = Debug|x64
		{5074AF5D-C16D-451A-873B-B3051D4F6480}.Debug|x86.Build.0 = Debug|x64
		{5074AF5D-C16D-451A-873B-B3051D4F6480}.Release|x64.ActiveCfg = Release|x64
		{5074AF5D-C16D-451A-873B-B3051D4F6480}.Release|x64.Build.0 = Release|x64
		{5074AF5D-C16D-451A-873B-B3051D4F6480}.Release|x86.ActiveCfg = Release|x64
		{5074AF5D-C16D-451A-873B-B3051D4F6480}.Release|x86.Build.0 = Release|x64
		{90C6BA49-5776-4C0F-ACBA-38B8950E2350}.Debug|x64.ActiveCfg = Debug|x64
		{90C6BA49-5776-4C0F-ACBA-38B8950E2350}.Debug|x64.Build.0 = Debug|x64
		{90C6BA49-5776-4C0F-ACBA-38B8950E2350}.Debug|x86.ActiveCfg = Debug|x64
		{90C6BA49-5776-4C0F-ACBA-38B8950E2350}.Debug|x86.Build.0 = Debug|x64
		{90C6BA49-5776-4C0F-ACBA-38B8950E2350}.Release|x64.ActiveCfg = Release|x64
		{90C6BA49-5776-4C0F-ACBA-38B8950E2350}.Release|x64.Build.0 = Release|x64
		{90C6BA49-5776-4C0F-ACBA-38B8950E2350}.Release|x86.ActiveCfg = Release|x64
		{90C6BA49-5776-4C0F-ACBA-38B8950E2350}.Release|x86.Build.0 = Release|x64
		{5A4E0CEA-68A0-48FF-B416-1AB23BA257B4}.Debug|x64.ActiveCfg = Debug|x64
		{5A4E0CEA-68A0-48FF-B416-1AB23BA257B4}.Debug|x64.Build.0 = Debug|x64
		{5A4E0CEA-68A0-48FF-B416-1AB23BA257B4}.Debug|x86.ActiveCfg = Debug|x64
		{5A4E0CEA-68A0-48FF-B416-1AB23BA257B4}.Debug|x86.Build.0 = Debug|x64
		{5A4E0CEA-68A0-48FF-B416-1AB23BA257B4}.Release|x64.ActiveCfg = Release|x64
		{5A4E0CEA-68A0-48FF-B416-1AB23BA257B4}.Release|x64.Build.0 = Release|x64
		{5A4E0CEA-68A0-48FF-B416-1AB23BA257B4}.Release|x86.ActiveCfg = Release|x64
		{5A4E0CEA-68A0-48FF-B416-1AB23BA257B4}.Release|x86.Build.0 = Release|x64
		{77E4747F-CD1C-4F92-82DD-2E9469D343BE}.Debug|x64.ActiveCfg = Debug|x64
		{77E4747F-CD1C-4F92-82DD-2E9469D343BE}.Debug|x64.Build.0 = Debug|x64
		{77E4747F-CD1C-4F92-82DD-2E9469D343BE}.Debug|x86.ActiveCfg = Debug|x64
		{77E4747F-CD1C-4F92-82DD-2E9469D343BE}.Debug|x86.Build.0 = Debug|x64
		{77E4747F-CD1C-4F92-82DD-2E9469D343BE}.Release|x64.ActiveCfg = Release|x64
		{77E4747F-CD1C-4F92-82DD-2E9469D343BE}.Release|x64.Build.0 = Release|x64
		{77E4747F-CD1C-4F92-82DD-2E9469D343BE}.Release|x86.ActiveCfg = Release|x64
		{77E4747F-CD1C-4F92-82DD-2E9469D343BE}.Release|x86.Build.0 = Release|x64
		{579A33F4-4649-4A9D-B1C7-9419FA793FEB}.Debug|x64.ActiveCfg = Debug|x64
		{579A33F4-4649-4A9D-B1C7-9419FA793FEB}.Debug|x64.Build.0 = Debug|x64
		{579A33F4-4649-4A9D-B1C7-9419FA793FEB}.Debug|x86.ActiveCfg = Debug|x64
		{579A33F4-4649-4A9D-B1C7-9419FA793FEB}.Debug|x86.Build.0 = Debug|x64
		{579A33F4-4649-4A9D-B1C7-9419FA793FEB}.Release|x64.ActiveCfg = Release|x64
		{579A33F4-4649-4A9D-B1C7-9419FA793FEB}.Release|x64.Build.0 = Release|x64
		{579A33F4-4649-4A9D-B1C7-9419FA793FEB}.Release|x86.ActiveCfg = Release|x64
		{579A33F4-4649-4A9D-B1C7-9419FA793FEB}.Release|x86.Build.0 = Release|x64
		{69CDA53E-32A5-47C0-BA2D-743839E40AF1}.Debug|x64.ActiveCfg = Debug|x64
		{69CDA53E-32A5-47C0-BA2D-743839E40AF1}.Debug|x64.Build.0 = Debug|x64
		{69CDA53E-32A5-47C0-BA2D-743839E40AF1}.Debug|x86.ActiveCfg = Debug|x64
		{69CDA53E-32A5-47C0-BA2D-743839E40AF1}.Debug|x86.Build.0 = Debug|x64
		{69CDA53E-32A5-47C0-BA2D-743839E40AF1}.Release|x64.ActiveCfg = Release|x64
		{69CDA53E-32A5-47C0-BA2D-743839E40AF1}.Release|x64.Build.0 = Release|x64
		{69CDA53E-32A5-47C0-BA2D-743839E40AF1}.Release|x86.ActiveCfg = Release|x64
		{69CDA53E-32A5-47C0-BA2D-743839E40AF1}.Release|x86.Build.0 = Release|x64
		{B98DA3CD-5AF3-435C-AA67-445A7EA74A3D}.Debug|x64.ActiveCfg = Debug|x64
		{B98DA3CD-5AF3-435C-AA67-445A7EA74A3D}.Debug|x64.Build.0 = Debug|x64
		{B98DA3CD-5AF3-435C-AA67-445A7EA74A3D}.Debug|x86.ActiveCfg = Debug|x64
		{B98DA3CD-5AF3-435C-AA67-445A7EA74A3D}.Debug|x86.Build.0 = Debug|x64
		{B98DA3CD-5AF3-435C-AA67-445A7EA74A3D}.Release|x64.ActiveCfg = Release|x64
		{B98DA3CD-5AF3-435C-AA67-445A7EA74A3D}.Release|x64.Build.0 = Release|x64
		{B98DA3CD-5AF3-435C-AA67-445A7EA74A3D}.Release|x86.ActiveCfg = Release|x64
		{B98DA3CD-5AF3-435C-AA67-445A7EA74A3D}.Release|x86.Build.0 = Release|x64
		{62078BDA-56B4-4F86-9553-57DB9C80B3E1}.Debug|x64.ActiveCfg = Debug|x64
		{62078BDA-56B4-4F86-9553-57DB9C80B3E1}.Debug|x64.Build.0 = Debug|x64
		{62078BDA-56B4-4F86-9553-57DB9C80B3E1}.Debug|x86.ActiveCfg = Debug|x64
		{62078BDA-56B4-4F86-9553-57DB9C80B3E1}.Debug|x86.Build.0 = Debug|x64
		{62078BDA-56B4-4F86-9553-57DB9C80B3E1}.Release|x64.ActiveCfg = Release|x64
		{62078BDA-56B4-4F86-9553-57DB9C80B3E1}.Release|x64.Build.0 = Release|x64
		{62078BDA-56B4-4F86-9553-57DB9C80B3E1}.Release|x86.ActiveCfg = Release|x64
		{62078BDA-56B4-4F86-9553-57DB9C80B3E1}.Release|x86.Build.0 = Release|x64
		{8A6B2B8A-0F74-4589-A8D6-064096DF3071}.Debug|x64.ActiveCfg = Debug|x64
		{8A6B2B8A-0F74-4589-A8D6-064096DF3071}.Debug|x64.Build.0 = Debug|x64
		{8A6B2B8A-0F74-4589-A8D6-064096DF3071}.Debug|x86.ActiveCfg = Debug|x64
		{8A6B2B8A-0F74-4589-A8D6-064096DF3071}.Debug|x86.Build.0 = Debug|x64
		{8A6B2B8A-0F74-4589-A8D6-064096DF3071}.Release|x64.ActiveCfg = Release|x64
		{8A6B2B8A-0F74-4589-A8D6-064096DF3071}.Release|x64.Build.0 = Release|x64
		{8A6B2B8A-0F74-4589-A8D6-064096DF3071}.Release|x86.ActiveCfg = Release|x64
		{8A6B2B8A-0F74-4589-A8D6-064096DF3071}.Release|x86.Build.0 = Release|x64
		{C46DA189-9073-4FA9-9D41-CC323360D822}.Debug|x64.ActiveCfg = Debug|x64
		{C46DA189-9073-4FA9-9D41-CC323360D822}.Debug|x64.Build.0 = Debug|x64
		{C46DA189-9073-4FA9-9D41-CC323360D822}.Debug|x86.ActiveCfg = Debug|x64
		{C46DA189-9073-4FA9-9D41-CC323360D822}.Debug|x86.Build.0 = Debug|x64
		{C46DA189-9073-4FA9-9D41-CC323360D822}.Release|x64.ActiveCfg = Release|x64
		{C46DA189-9073-4FA9-9D41-CC323360D822}.Release|x64.Build.0 = Release|x64
		{C46DA189-9073-4FA9-9D41-CC323360D822}.Release|x86.ActiveCfg = Release|x64
		{C46DA189-9073-4FA9-9D41-CC323360D822}.Release|x86.Build.0 = Release|x64
		{537B1543-73C8-4EA9-A01B-8D764CD3F860}.Debug|x64.ActiveCfg = Debug|x64
		{537B1543-73C8-4EA9-A01B-8D764CD3F860}.Debug|x64.Build.0 = Debug|x64
		{537B1543-73C8-4EA9-A01B-8D764CD3F860}.Debug|x86.ActiveCfg = Debug|x64
		{537B1543-73C8-4EA9-A01B-8D764CD3F860}.Debug|x86.Build.0 = Debug|x64
		{537B1543-73C8-4EA9-A01B-8D764CD3F860}.Release|x64.ActiveCfg = Release|x64
		{537B1543-73C8-4EA9-A01B-8D764CD3F860}.Release|x64.Build.0 = Release|x64
		{537B1543-73C8-4EA9-A01B-8D764CD3F860}.Release|x86.ActiveCfg = Release|x64
		{537B1543-73C8-4EA9-A01B-8D764CD3F860}.Release|x86.Build.0 = Release|x64
		{DAD418CE-AB3D-4418-AD40-2271B7D28EE8}.Debug|x64.ActiveCfg = Debug|x64
		{DAD418CE-AB3D-4418-AD40-2271B7D28EE8}.Debug|x64.Build.0 = Debug|x64
		{DAD418CE-AB3D-4418-AD40-2271B7D28EE8}.Debug|x86.ActiveCfg = Debug|x64
		{DAD418CE-AB3D-4418-AD40-2271B7D28EE8}.Debug|x86.Build.0 = Debug|x64
		{DAD418CE-AB3D-4418-AD40-2271B7D28EE8}.Release|x64.ActiveCfg = Release|x64
		{DAD418CE-AB3D-4418-AD40-2271B7D28EE8}.Release|x64.Build.0 = Release|x64
		{DAD418CE-AB3D-4418-AD40-2271B7D28EE8}.Release|x86.ActiveCfg = Release|x64
		{DAD418CE-AB3D-4418-AD40-2271B7D28EE8}.Release|x86.Build.0 = Release|x64
		{7747FD78-D4E3-4ED7-B854-DB2C6C0E6B10}.Debug|x64.ActiveCfg = Debug|x64
		{7747FD78-D4E3-4ED7-B854-DB2C6C0E6B10}.Debug|x64.Build.0 = Debug|x64
		{7747FD78-D4E3-4ED7-B854-DB2C6C0E6B10}.Debug|x86.ActiveCfg = Debug|x64
		{7747FD78-D4E3-4ED7-B854-DB2C6C0E6B10}.Debug|x86.Build.0 = Debug|x64
		{7747FD78-D4E3-4ED7-B854-DB2C6C0E6B10}.Release|x64.ActiveCfg = Release|x64
		{7747FD78-D4E3-4ED7-B854-DB2C6C0E6B10}.Release|x64.Build.0 = Release|x64
		{7747FD78-D4E3-4ED7-B854-DB2C6C0E6B10}.Release|x86.ActiveCfg = Release|x64
		{7747FD78-D4E3-4ED7-B854-DB2C6C0E6B10}.Release|x86.Build.0 = Release|x64
		{0424CD2B-AE38-4730-A063-92769568D1D7}.Debug|x64.ActiveCfg = Debug|x64
		{0424CD2B-AE38-4730-A063-92769568D1D7}.Debug|x64.Build.0 = Debug|x64
		{0424CD2B-AE38-4730-A063-92769568D1D7}.Debug|x86.ActiveCfg = Debug|x64
		{0424CD2B-AE38-4730-A063-92769568D1D7}.Debug|x86.Build.0 = Debug|x64
		{0424CD2B-AE38-4730-A063-92769568D1D7}.Release|x64.ActiveCfg = Release|x64
		{0424CD2B-AE38-4730-A063-92769568D1D7}.Release|x64.Build.0 = Release|x64
		{0424CD2B-AE38-4730-A063-92769568D1D7}.Release|x86.ActiveCfg = Release|x64
		{0424CD2B-AE38-4730-A063-92769568D1D7}.Release|x86.Build.0 = Release|x64
		{2D1ECF75-B375-4E43-BF7D-42E12D8152AE}.Debug|x64.ActiveCfg = Debug|x64
		{2D1ECF75-B375-4E43-BF7D-42E12D8152AE}.Debug|x64.Build.0 = Debug|x64
		{2D1ECF75-B375-4E43-BF7D-42E12D8152AE}.Debug|x86.ActiveCfg = Debug|x64
		{2D1ECF75-B375-4E43-BF7D-42E12D8152AE}.Debug|x86.Build.0 = Debug|x64
		{2D1ECF75-B375-4E43-BF7D-42E12D8152AE}.Release|x64.ActiveCfg = Release|x64
		{2D1ECF75-B375-4E43-BF7D-42E12D8152AE}.Release|x64.Build.0 = Release|x64
		{2D1ECF75-B375-4E43-BF7D-42E12D8152AE}.Release|x86.ActiveCfg = Release|x64
		{2D1ECF75-B375-4E43-BF7D-42E12D8152AE}.Release|x86.Build.0 = Release|x64
		{09F7EF50-C409-44F4-93F6-473E74D65932}.Debug|x64.ActiveCfg = Debug|x64
		{09F7EF50-C409-44F4-93F6-473E74D65932}.Debug|x64.Build.0 = Debug|x64
		{09F7EF50-C409-44F4-93F6-473E74D65932}.Debug|x86.ActiveCfg = Debug|x64
		{09F7EF50-C409-44F4-93F6-473E74D65932}.Debug|x86.Build.0 = Debug|x64
		{09F7EF50-C409-44F4-93F6-473E74D65932}.Release|x64.ActiveCfg = Release|x64
		{09F7EF50-C409-44F4-93F6-473E74D65932}.Release|x64.Build.0 = Release|x64
		{09F7EF50-C409-44F4-93F6-473E74D65932}.Release|x86.ActiveCfg = Release|x64
		{09F7EF50-C409-44F4-93F6-473E74D65932}.Release|x86.Build.0 = Release|x64
		{5774F206-9187-49ED-B90E-5613E5D7A651}.Debug|x64.ActiveCfg = Debug|x64
		{5774F206-9187-49ED-B90E-5613E5D7A651}.Debug|x64.Build.0 = Debug|x64
		{5774F206-9187-49ED-B90E-5613E5D7A651}.Debug|x86.ActiveCfg = Debug|x64
		{5774F206-9187-49ED-B90E-5613E5D7A651}.Debug|x86.Build.0 = Debug|x64
		{5774F206-9187-49ED-B90E-5613E5D7A651}.Release|x64.ActiveCfg = Release|x64
		{5774F206-9187-49ED-B90E-5613E5D7A651}.Release|x64.Build.0 = Release|x64
		{5774F206-9187-49ED-B90E-5613E5D7A651}.Release|x86.ActiveCfg = Release|x64
		{5774F206-9187-49ED-B90E-5613E5D7A651}.Release|x86.Build.0 = Release|x64
		{29467B6B-0171-4113-B112-7DFECB2200C5}.Debug|x64.ActiveCfg = Debug|x64
		{29467B6B-0171-4113-B112-7DFECB2200C5}.Debug|x64.Build.0 = Debug|x64
		{29467B6B-0171-4113-B112-7DFECB2200C5}.Debug|x86.ActiveCfg = Debug|x64
		{29467B6B-0171-4113-B112-7DFECB2200C5}.Debug|x86.Build.0 = Debug|x64
		{29467B6B-0171-4113-B112-7DFECB2200C5}.Release|x64.ActiveCfg = Release|x64
		{29467B6B-0171-4113-B112-7DFECB2200C5}.Release|x64.Build.0 = Release|x64
		{29467B6B-0171-4113-B112-7DFECB2200C5}.Release|x86.ActiveCfg = Release|x64
		{29467B6B-0171-4113-B112-7DFECB2200C5}.Release|x86.Build.0 = Release|x64
		{75D28153-652D-4D70-940F-288179FEE9FA}.Debug|x64.ActiveCfg = Debug|x64
		{75D28153-652D-4D70-940F-288179FEE9FA}.Debug|x64.Build.0 = Debug|x64
		{75D28153-652D-4D70-940F-288179FEE9FA}.Debug|x86.ActiveCfg = Debug|x64
		{75D28153-652D-4D70-940F-288179FEE9FA}.Debug|x86.Build.0 = Debug|x64
		{75D28153-652D-4D70-940F-288179FEE9FA}.Release|x64.ActiveCfg = Release|x64
		{75D28153-652D-4D70-940F-288179FEE9FA}.Release|x64.Build.0 = Release|x64
		{75D28153-652D-4D70-940F-288179FEE9FA}.Release|x86.ActiveCfg = Release|x64
		{75D28153-652D-4D70-940F-288179FEE9FA}.Release|x86.Build.0 = Release|x64
		{E534186E-D93E-4F80-8D32-F9458EFECFEB}.Debug|x64.ActiveCfg = Debug|x64
		{E534186E-D93E-4F80-8D32-F9458EFECFEB}.Debug|x64.Build.0 = Debug|x64
		{E534186E-D93E-4F80-8D32-F9458EFECFEB}.Debug|x86.ActiveCfg = Debug|x64
		{E534186E-D93E-4F80-8D32-F9458EFECFEB}.Debug|x86.Build.0 = Debug|x64
		{E534186E-D93E-4F80-8D32-F9458EFECFEB}.Release|x64.ActiveCfg = Release|x64
		{E534186E-D93E-4F80-8D32-F9458EFECFEB}.Release|x64.Build.0 = Release|x64
		{E534186E-D93E-4F80-8D32-F9458EFECFEB}.Release|x86.ActiveCfg = Release|x64
		{E534186E-D93E-4F80-8D32-F9458EFECFEB}.Release|x86.Build.0 = Release|x64
		{5BC86AD9-CD57-476B-BEFF-A954BBEE5004}.Debug|x64.ActiveCfg = Debug|x64
		{5BC86AD9-CD57-476B-BEFF-A954BBEE5004}.Debug|x64.Build.0 = Debug|x64
		{5BC86AD9-CD57-476B-BEFF-A954BBEE5004}.Debug|x86.ActiveCfg = Debug|x64
		{5BC86AD9-CD57-476B-BEFF-A954BBEE5004}.Debug|x86.Build.0 = Debug|x64
		{5BC86AD9-CD57-476B-BEFF-A954BBEE5004}.Release|x64.ActiveCfg = Release|x64
		{5BC86AD9-CD57-476B-BEFF-A954BBEE5004}.Release|x64.Build.0 = Release|x64
		{5BC86AD9-CD57-476B-BEFF-A954BBEE5004}.Release|x86.ActiveCfg = Release|x64
		{5BC86AD9-CD57-476B-BEFF-A954BBEE5004}.Release|x86.Build.0 = Release|x64
		{A1DDF136-05B9-49EB-A1D8-951ED7063AC7}.Debug|x64.ActiveCfg = Debug|x64
		{A1DDF136-05B9-49EB-A1D8-951ED7063AC7}.Debug|x64.Build.0 = Debug|x64
		{A1DDF136-05B9-49EB-A1D8-951ED7063AC7}.Debug|x86.ActiveCfg = Debug|x64
		{A1DDF136-05B9-49EB-A1D8-951ED7063AC7}.Debug|x86.Build.0 = Debug|x64
		{A1DDF136-05B9-49EB-A1D8-951ED7063AC7}.Release|x64.ActiveCfg = Release|x64
		{A1DDF136-05B9-49EB-A1D8-951ED7063AC7}.Release|x64.Build.0 = Release|x64
		{A1DDF136-05B9-49EB-A1D8-951ED7063AC7}.Release|x86.ActiveCfg = Release|x64
		{A1DDF136-05B9-49EB-A1D8-951ED7063AC7}.Release|x86.Build.0 = Release|x64
		{0B28EEBA-04AA-4B1C-8D8F-981EB8A4F130}.Debug|x64.ActiveCfg = Debug|x64
		{0B28EEBA-04AA-4B1C-8D8F-981EB8A4F130}.Debug|x64.Build.0 = Debug|x64
		{0B28EEBA-04AA-4B1C-8D8F-981EB8A4F130}.Debug|x86.ActiveCfg = Debug|x64
		{0B28EEBA-04AA-4B1C-8D8F-981EB8A4F130}.Debug|x86.Build.0 = Debug|x64
		{0B28EEBA-04AA-4B1C-8D8F-981EB8A4F130}.Release|x64.ActiveCfg = Release|x64
		{0B28EEBA-04AA-4B1C-8D8F-981EB8A4F130}.Release|x64.Build.0 = Release|x64
		{0B28EEBA-04AA-4B1C-8D8F-981EB8A4F130}.Release|x86.ActiveCfg = Release|x64
		{0B28EEBA-04AA-4B1C-8D8F-981EB8A4F130}.Release|x86.Build.0 = Release|x64
		{F8921A0F-8D1A-4255-899C-6A032D442B34}.Debug|x64.ActiveCfg = Debug|x64
		{F8921A0F-8D1A-4255-899C-6A032D442B34}.Debug|x64.Build.0 = Debug|x64
		{F8921A0F-8D1A-4255-899C-6A032D442B34}.Debug|x86.ActiveCfg = Debug|x64
		{F8921A0F-8D1A-4255-899C-6A032D442B34}.Debug|x86.Build.0 = Debug|x64
		{F8921A0F-8D1A-4255-899C-6A032D442B34}.Release|x64.ActiveCfg = Release|x64
		{F8921A0F-8D1A-4255-899C-6A032D442B34}.Release|x64.Build.0 = Release|x64
		{F8921A0F-8D1A-4255-899C-6A032D442B34}.Release|x86.ActiveCfg = Release|x64
		{F8921A0F-8D1A-4255-899C-6A032D442B34}.Release|x86.Build.0 = Release|x64
		{9C9CBCB9-605B-40FD-A0F8-435D789038D8}.Debug|x64.ActiveCfg = Debug|x64
		{9C9CBCB9-605B-40FD-A0F8-435D789038D8}.Debug|x64.Build.0 = Debug|x64
		{9C9CBCB9-605B-40FD-A0F8-435D789038D8}.Debug|x86.ActiveCfg = Debug|x64
		{9C9CBCB9-605B-40FD-A0F8-435D789038D8}.Debug|x86.Build.0 = Debug|x64
		{9C9CBCB9-605B-40FD-A0F8-435D789038D8}.Release|x64.ActiveCfg = Release|x64
		{9C9CBCB9-605B-40FD-A0F8-435D789038D8}.Release|x64.Build.0 = Release|x64
		{9C9CBCB9-605B-40FD-A0F8-435D789038D8}.Release|x86.ActiveCfg = Release|x64
		{9C9CBCB9-605B-40FD-A0F8-435D789038D8}.Release|x86.Build.0 = Release|x64
		{80BB5059-5972-4D42-9132-B40375F6FE32}.Debug|x64.ActiveCfg = Debug|x64
		{80BB5059-5972-4D42-9132-B40375F6FE32}.Debug|x64.Build.0 = Debug|x64
		{80BB5059-5972-4D42-9132-B40375F6FE32}.Debug|x86.ActiveCfg = Debug|x64
		{80BB5059-5972-4D42-9132-B40375F6FE32}.Debug|x86.Build.0 = Debug|x64
		{80BB5059-5972-4D42-9132-B40375F6FE32}.Release|x64.ActiveCfg = Release|x64
		{80BB5059-5972-4D42-9132-B40375F6FE32}.Release|x64.Build.0 = Release|x64
		{80BB5059-5972-4D42-9132-B40375F6FE32}.Release|x86.ActiveCfg = Release|x64
		{80BB5059-5972-4D42-9132-B40375F6FE32}.Release|x86.Build.0 = Release|x64
		{DA1171AF-7BA4-4212-997F-31B205D67AD7}.Debug|x64.ActiveCfg = Debug|x64
		{DA1171AF-7BA4-4212-997F-31B205D67AD7}.Debug|x64.Build.0 = Debug|x64
		{DA1171AF-7BA4-4212-997F-31B205D67AD7}.Debug|x86.ActiveCfg = Debug|x64
		{DA1171AF-7BA4-4212-997F-31B205D67AD7}.Debug|x86.Build.0 = Debug|x64
		{DA1171AF-7BA4-4212-997F-31B205D67AD7}.Release|x64.ActiveCfg = Release|x64
		{DA1171AF-7BA4-4212-997F-31B205D67AD7}.Release|x64.Build.0 = Release|x64
		{DA1171AF-7BA4-4212-997F-31B205D67AD7}.Release|x86.ActiveCfg = Release|x64
		{DA1171AF-7BA4-4212-997F-31B205D67AD7}.Release|x86.Build.0 = Release|x64
		{FFA005EE-7B7E-4369-9B76-09E64A38EDE7}.Debug|x64.ActiveCfg = Debug|x64
		{FFA005EE-7B7E-4369-9B76-09E64A38EDE7}.Debug|x64.Build.0 = Debug|x64
		{FFA005EE-7B7E-4369-9B76-09E64A38EDE7}.Debug|x86.ActiveCfg = Debug|x64
		{FFA005EE-7B7E-4369-9B76-09E64A38EDE7}.Debug|x86.Build.0 = Debug|x64
		{FFA005EE-7B7E-4369-9B76-09E64A38EDE7}.Release|x64.ActiveCfg = Release|x64
		{FFA005EE-7B7E-4369-9B76-09E64A38EDE7}.Release|x64.Build.0 = Release|x64
		{FFA005EE-7B7E-4369-9B76-09E64A38EDE7}.Release|x86.ActiveCfg = Release|x64
		{FFA005EE-7B7E-4369-9B76-09E64A38EDE7}.Release|x86.Build.0 = Release|x64
		{BE3DBC76-66D3-475F-9122-F348B32177F7}.Debug|x64.ActiveCfg = Debug|x64
		{BE3DBC76-66D3-475F-9122-F348B32177F7}.Debug|x64.Build.0 = Debug|x64
		{BE3DBC76-66D3-475F-9122-F348B32177F7}.Debug|x86.ActiveCfg = Debug|x64
		{BE3DBC76-66D3-475F-9122-F348B32177F7}.Debug|x86.Build.0 = Debug|x64
		{BE3DBC76-66D3-475F-9122-F348B32177F7}.Release|x64.ActiveCfg = Release|x64
		{BE3DBC76-66D3-475F-9122-F348B32177F7}.Release|x64.Build.0 = Release|x64
		{BE3DBC76-66D3-475F-9122-F348B32177F7}.Release|x86.ActiveCfg = Release|x64
		{BE3DBC76-66D3-475F-9122-F348B32177F7}.Release|x86.Build.0 = Release|x64
		{5DFC9B3D-C551-477B-AD7A-C18FC711158F}.Debug|x64.ActiveCfg = Debug|x64
		{5DFC9B3D-C551-477B-AD7A-C18FC711158F}.Debug|x64.Build.0 = Debug|x64
		{5DFC9B3D-C551-477B-AD7A-C18FC711158F}.Debug|x86.ActiveCfg = Debug|x64
		{5DFC9B3D-C551-477B-AD7A-C18FC711158F}.Debug|x86.Build.0 = Debug|x64
		{5DFC9B3D-C551-477B-AD7A-C18FC711158F}.Release|x64.ActiveCfg = Release|x64
		{5DFC9B3D-C551-477B-AD7A-C18FC711158F}.Release|x64.Build.0 = Release|x64
		{5DFC9B3D-C551-477B-AD7A-C18FC711158F}.Release|x86.ActiveCfg = Release|x64
		{5DFC9B3D-C551-477B-AD7A-C18FC711158F}.Release|x86.Build.0 = Release|x64
		{3B7A1CBD-4E7D-49B4-8E25-E515E84D7437}.Debug|x64.ActiveCfg = Debug|x64
		{3B7A1CBD-4E7D-49B4-8E25-E515E84D7437}.Debug|x64.Build.0 = Debug|x64
		{3B7A1CBD-4E7D-49B4-8E25-E515E84D7437}.Debug|x86.ActiveCfg = Debug|x64
		{3B7A1CBD-4E7D-49B4-8E25-E515E84D7437}.Debug|x86.Build.0 = Debug|x64
		{3B7A1CBD-4E7D-49B4-8E25-E515E84D7437}.Release|x64.ActiveCfg = Release|x64
		{3B7A1CBD-4E7D-49B4-8E25-E515E84D7437}.Release|x64.Build.0 = Release|x64
		{3B7A1CBD-4E7D-49B4-8E25-E515E84D7437}.Release|x86.ActiveCfg = Release|x64
		{3B7A1CBD-4E7D-49B4-8E25-E515E84D7437}.Release|x86.Build.0 = Release|x64
		{1A2D8D22-89F5-448F-9F6E-BE1248DD4892}.Debug|x64.ActiveCfg = Debug|x64
		{1A2D8D22-89F5-448F-9F6E-BE1248DD4892}.Debug|x64.Build.0 = Debug|x64
		{1A2D8D22-89F5-448F-9F6E-BE1248DD4892}.Debug|x86.ActiveCfg = Debug|x64
		{1A2D8D22-89F5-448F-9F6E-BE1248DD4892}.Debug|x86.Build.0 = Debug|x64
		{1A2D8D22-89F5-448F-9F6E-BE1248DD4892}.Release|x64.ActiveCfg = Release|x64
		{1A2D8D22-89F5-448F-9F6E-BE1248DD4892}.Release|x64.Build.0 = Release|x64
		{1A2D8D22-89F5-448F-9F6E-BE1248DD4892}.Release|x86.ActiveCfg = Release|x64
		{1A2D8D22-89F5-448F-9F6E-BE1248DD4892}.Release|x86.Build.0 = Release|x64
		{586082B8-10B9-49DF-B6EE-82AC34CD910C}.Debug|x64.ActiveCfg = Debug|x64
		{586082B8-10B9-49DF-B6EE-82AC34CD910C}.Debug|x64.Build.0 = Debug|x64
		{586082B8-10B9-49DF-B6EE-82AC34CD910C}.Debug|x86.ActiveCfg = Debug|x64
		{586082B8-10B9-49DF-B6EE-82AC34CD910C}.Debug|x86.Build.0 = Debug|x64
		{586082B8-10B9-49DF-B6EE-82AC34CD910C}.Release|x64.ActiveCfg = Release|x64
		{586082B8-10B9-49DF-B6EE-82AC34CD910C}.Release|x64.Build.0 = Release|x64
		{586082B8-10B9-49DF-B6EE-82AC34CD910C}.Release|x86.ActiveCfg = Release|x64
		{586082B8-10B9-49DF-B6EE-82AC34CD910C}.Release|x86.Build.0 = Release|x64
		{516D1F70-A731-4278-B93C-8D79C7767BC8}.Debug|x64.ActiveCfg = Debug|x64
		{516D1F70-A731-4278-B93C-8D79C7767BC8}.Debug|x64.Build.0 = Debug|x64
		{516D1F70-A731-4278-B93C-8D79C7767BC8}.Debug|x86.ActiveCfg = Debug|x64
		{516D1F70-A731-4278-B93C-8D79C7767BC8}.Debug|x86.Build.0 = Debug|x64
		{516D1F70-A731-4278-B93C-8D79C7767BC8}.Release|x64.ActiveCfg = Release|x64
		{516D1F70-A731-4278-B93C-8D79C7767BC8}.Release|x64.Build.0 = Release|x64
		{516D1F70-A731-4278-B93C-8D79C7767BC8}.Release|x86.ActiveCfg = Release|x64
		{516D1F70-A731-4278-B93C-8D79C7767BC8}.Release|x86.Build.0 = Release|x64
		{A0433D23-8368-4E50-8D5F-764BD10EBC08}.Debug|x64.ActiveCfg = Debug|x64
		{A0433D23-8368-4E50-8D5F-764BD10EBC08}.Debug|x64.Build.0 = Debug|x64
		{A0433D23-8368-4E50-8D5F-764BD10EBC08}.Debug|x86.ActiveCfg = Debug|x64
		{A0433D23-8368-4E50-8D5F-764BD10EBC08}.Debug|x86.Build.0 = Debug|x64
		{A0433D23-8368-4E50-8D5F-764BD10EBC08}.Release|x64.ActiveCfg = Release|x64
		{A0433D23-8368-4E50-8D5F-764BD10EBC08}.Release|x64.Build.0 = Release|x64
		{A0433D23-8368-4E50-8D5F-764BD10EBC08}.Release|x86.ActiveCfg = Release|x64
		{A0433D23-8368-4E50-8D5F-764BD10EBC08}.Release|x86.Build.0 = Release|x64
		{D163C150-F0FF-4998-8C24-C30022BB15BA}.Debug|x64.ActiveCfg = Debug|x64
		{D163C150-F0FF-4998-8C24-C30022BB15BA}.Debug|x64.Build.0 = Debug|x64
		{D163C150-F0FF-4998-8C24-C30022BB15BA}.Debug|x86.ActiveCfg = Debug|x64
		{D163C150-F0FF-4998-8C24-C30022BB15BA}.Debug|x86.Build.0 = Debug|x64
		{D163C150-F0FF-4998-8C24-C30022BB15BA}.Release|x64.ActiveCfg = Release|x64
		{D163C150-F0FF-4998-8C24-C30022BB15BA}.Release|x64.Build.0 = Release|x64
		{D163C150-F0FF-4998-8C24-C30022BB15BA}.Release|x86.ActiveCfg = Release|x64
		{D163C150-F0FF-4998-8C24-C30022BB15BA}.Release|x86.Build.0 = Release|x64
		{D049F846-290D-47D5-91BA-95F327F12F2C}.Debug|x64.ActiveCfg = Debug|x64
		{D049F846-290D-47D5-91BA-95F327F12F2C}.Debug|x64.Build.0 = Debug|x64
		{D049F846-290D-47D5-91BA-95F327F12F2C}.Debug|x86.ActiveCfg = Debug|x64
		{D049F846-290D-47D5-91BA-95F327F12F2C}.Debug|x86.Build.0 = Debug|x64
		{D049F846-290D-47D5-91BA-95F327F12F2C}.Release|x64.ActiveCfg = Release|x64
		{D049F846-290D-47D5-91BA-95F327F12F2C}.Release|x64.Build.0 = Release|x64
		{D049F846-290D-47D5-91BA-95F327F12F2C}.Release|x86.ActiveCfg = Release|x64
		{D049F846-290D-47D5-91BA-95F327F12F2C}.Release|x86.Build.0 = Release|x64
		{5EDA0C41-9E0E-4880-B026-857E631AA50E}.Debug|x64.ActiveCfg = Debug|x64
		{5EDA0C41-9E0E-4880-B026-857E631AA50E}.Debug|x64.Build.0 = Debug|x64
		{5EDA0C41-9E0E-4880-B026-857E631AA50E}.Debug|x86.ActiveCfg = Debug|x64
		{5EDA0C41-9E0E-4880-B026-857E631AA50E}.Debug|x86.Build.0 = Debug|x64
		{5EDA0C41-9E0E-4880-B026-857E631AA50E}.Release|x64.ActiveCfg = Release|x64
		{5EDA0C41-9E0E-4880-B026-857E631AA50E}.Release|x64.Build.0 = Release|x64
		{5EDA0C41-9E0E-4880-B026-857E631AA50E}.Release|x86.ActiveCfg = Release|x64
		{5EDA0C41-9E0E-4880-B026-857E631AA50E}.Release|x86.Build.0 = Release|x64
		{5FACC51F-D104-4D9C-AD04-14DF04E9B8DF}.Debug|x64.ActiveCfg = Debug|x64
		{5FACC51F-D104-4D9C-AD04-14DF04E9B8DF}.Debug|x64.Build.0 = Debug|x64
		{5FACC51F-D104-4D9C-AD04-14DF04E9B8DF}.Debug|x86.ActiveCfg = Debug|x64
		{5FACC51F-D104-4D9C-AD04-14DF04E9B8DF}.Debug|x86.Build.0 = Debug|x64
		{5FACC51F-D104-4D9C-AD04-14DF04E9B8DF}.Release|x64.ActiveCfg = Release|x64
		{5FACC51F-D104-4D9C-AD04-14DF04E9B8DF}.Release|x64.Build.0 = Release|x64
		{5FACC51F-D104-4D9C-AD04-14DF04E9B8DF}.Release|x86.ActiveCfg = Release|x64
		{5FACC51F-D104-4D9C-AD04-14DF04E9B8DF}.Release|x86.Build.0 = Release|x64
		{FD3BD888-53AB-4F57-82D6-E6C1BE6DADA9}.Debug|x64.ActiveCfg = Debug|x64
		{FD3BD888-53AB-4F57-82D6-E6C1BE6DADA9}.Debug|x64.Build.0 = Debug|x64
		{FD3BD888-53AB-4F57-82D6-E6C1BE6DADA9}.Debug|x86.ActiveCfg = Debug|x64
		{FD3BD888-53AB-4F57-82D6-E6C1BE6DADA9}.Debug|x86.Build.0 = Debug|x64
		{FD3BD888-53AB-4F57-82D6-E6C1BE6DADA9}.Release|x64.ActiveCfg = Release|x64
		{FD3BD888-53AB-4F57-82D6-E6C1BE6DADA9}.Release|x64.Build.0 = Release|x64
		{FD3BD888-53AB-4F57-82D6-E6C1BE6DADA9}.Release|x86.ActiveCfg = Release|x64
		{FD3BD888-53AB-4F57-82D6-E6C1BE6DADA9}.Release|x86.Build.0 = Release|x64
		{B865C250-4B1E-469B-AC81-ADF016F6863C}.Debug|x64.ActiveCfg = Debug|x64
		{B865C250-4B1E-469B-AC81-ADF016F6863C}.Debug|x64.Build.0 = Debug|x64
		{B865C250-4B1E-469B-AC81-ADF016F6863C}.Debug|x86.ActiveCfg = Debug|x64
		{B865C250-4B1E-469B-AC81-ADF016F6863C}.Debug|x86.Build.0 = Debug|x64
		{B865C250-4B1E-469B-AC81-ADF016F6863C}.Release|x64.ActiveCfg = Release|x64
		{B865C250-4B1E-469B-AC81-ADF016F6863C}.Release|x64.Build.0 = Release|x64
		{B865C250-4B1E-469B-AC81-ADF016F6863C}.Release|x86.ActiveCfg = Release|x64
		{B865C250-4B1E-469B-AC81-ADF016F6863C}.Release|x86.Build.0 = Release|x64
		{1E8CDE1F-874C-4740-895B-AA24FFDE92F9}.Debug|x64.ActiveCfg = Debug|x64
		{1E8CDE1F-874C-4740-895B-AA24FFDE92F9}.Debug|x64.Build.0 = Debug|x64
		{1E8CDE1F-874C-4740-895B-AA24FFDE92F9}.Debug|x86.ActiveCfg = Debug|x64
		{1E8CDE1F-874C-4740-895B-AA24FFDE92F9}.Debug|x86.Build.0 = Debug|x64
		{1E8CDE1F-874C-4740-895B-AA24FFDE92F9}.Release|x64.ActiveCfg = Release|x64
		{1E8CDE1F-874C-4740-895B-AA24FFDE92F9}.Release|x64.Build.0 = Release|x64
		{1E8CDE1F-874C-4740-895B-AA24FFDE92F9}.Release|x86.ActiveCfg = Release|x64
		{1E8CDE1F-874C-4740-895B-AA24FFDE92F9}.Release|x86.Build.0 = Release|x64
		{E87D05CC-4C31-44A6-BE3B-B5A0E00157E2}.Debug|x64.ActiveCfg = Debug|x64
		{E87D05CC-4C31-44A6-BE3B-B5A0E00157E2}.Debug|x64.Build.0 = Debug|x64
		{E87D05CC-4C31-44A6-BE3B-B5A0E00157E2}.Debug|x86.ActiveCfg = Debug|x64
		{E87D05CC-4C31-44A6-BE3B-B5A0E00157E2}.Debug|x86.Build.0 = Debug|x64
		{E87D05CC-4C31-44A6-BE3B-B5A0E00157E2}.Release|x64.ActiveCfg = Release|x64
		{E87D05CC-4C31-44A6-BE3B-B5A0E00157E2}.Release|x64.Build.0 = Release|x64
		{E87D05CC-4C31-44A6-BE3B-B5A0E00157E2}.Release|x86.ActiveCfg = Release|x64
		{E87D05CC-4C31-44A6-BE3B-B5A0E00157E2}.Release|x86.Build.0 = Release|x64
		{B719EEE7-5485-413C-8022-6184D63DF2A4}.Debug|x64.ActiveCfg = Debug|x64
		{B719EEE7-5485-413C-8022-6184D63DF2A4}.Debug|x64.Build.0 = Debug|x64
		{B719EEE7-5485-413C-8022-6184D63DF2A4}.Debug|x86.ActiveCfg = Debug|x64
		{B719EEE7-5485-413C-8022-6184D63DF2A4}.Debug|x86.Build.0 = Debug|x64
		{B719EEE7-5485-413C-8022-6184D63DF2A4}.Release|x64.ActiveCfg = Release|x64
		{B719EEE7-5485-413C-8022-6184D63DF2A4}.Release|x64.Build.0 = Release|x64
		{B719EEE7-5485-413C-8022-6184D63DF2A4}.Release|x86.ActiveCfg = Release|x64
		{B719EEE7-5485-413C-8022-6184D63DF2A4}.Release|x86.Build.0 = Release|x64
		{A709804C-2284-4CBE-9E91-92E928759E32}.Debug|x64.ActiveCfg = Debug|x64
		{A709804C-2284-4CBE-9E91-92E928759E32}.Debug|x64.Build.0 = Debug|x64
		{A709804C-2284-4CBE-9E91-92E928759E32}.Debug|x86.ActiveCfg = Debug|x64
		{A709804C-2284-4CBE-9E91-92E928759E32}.Debug|x86.Build.0 = Debug|x64
		{A709804C-2284-4CBE-9E91-92E928759E32}.Release|x64.ActiveCfg = Release|x64
		{A709804C-2284-4CBE-9E91-92E928759E32}.Release|x64.Build.0 = Release|x64
		{A709804C-2284-4CBE-9E91-92E928759E32}.Release|x86.ActiveCfg = Release|x64
		{A709804C-2284-4CBE-9E91-92E928759E32}.Release|x86.Build.0 = Release|x64
		{F058BF62-F811-449C-949C-727B77FB2ACD}.Debug|x64.ActiveCfg = Debug|x64
		{F058BF62-F811-449C-949C-727B77FB2ACD}.Debug|x64.Build.0 = Debug|x64
		{F058BF62-F811-449C-949C-727B77FB2ACD}.Debug|x86.ActiveCfg = Debug|x64
		{F058BF62-F811-449C-949C-727B77FB2ACD}.Debug|x86.Build.0 = Debug|x64
		{F058BF62-F811-449C-949C-727B77FB2ACD}.Release|x64.ActiveCfg = Release|x64
		{F058BF62-F811-449C-949C-727B77FB2ACD}.Release|x64.Build.0 = Release|x64
		{F058BF62-F811-449C-949C-727B77FB2ACD}.Release|x86.ActiveCfg = Release|x64
		{F058BF62-F811-449C-949C-727B77FB2ACD}.Release|x86.Build.0 = Release|x64
		{751B84C3-F699-413E-9719-399DA1A36CCC}.Debug|x64.ActiveCfg = Debug|x64
		{751B84C3-F699-413E-9719-399DA1A36CCC}.Debug|x64.Build.0 = Debug|x64
		{751B84C3-F699-413E-9719-399DA1A36CCC}.Debug|x86.ActiveCfg = Debug|x64
		{751B84C3-F699-413E-9719-399DA1A36CCC}.Debug|x86.Build.0 = Debug|x64
		{751B84C3-F699-413E-9719-399DA1A36CCC}.Release|x64.ActiveCfg = Release|x64
		{751B84C3-F699-413E-9719-399DA1A36CCC}.Release|x64.Build.0 = Release|x64
		{751B84C3-F699-413E-9719-399DA1A36CCC}.Release|x86.ActiveCfg = Release|x64
		{751B84C3-F699-413E-9719-399DA1A36CCC}.Release|x86.Build.0 = Release|x64
		{507C1A6B-E3B4-4746-8AB5-E934A9980938}.Debug|x64.ActiveCfg = Debug|x64
		{507C1A6B-E3B4-4746-8AB5-E934A9980938}.Debug|x64.Build.0 = Debug|x64
		{507C1A6B-E3B4-4746-8AB5-E934A9980938}.Debug|x86.ActiveCfg = Debug|x64
		{507C1A6B-E3B4-4746-8AB5-E934A9980938}.Debug|x86.Build.0 = Debug|x64
		{507C1A6B-E3B4-4746-8AB5-E934A9980938}.Release|x64.ActiveCfg = Release|x64
		{507C1A6B-E3B4-4746-8AB5-E934A9980938}.Release|x64.Build.0 = Release|x64
		{507C1A6B-E3B4-4746-8AB5-E934A9980938}.Release|x86.ActiveCfg = Release|x64
		{507C1A6B-E3B4-4746-8AB5-E934A9980938}.Release|x86.Build.0 = Release|x64
		{551286BB-14B3-4DC4-AAF1-44094DC021D2}.Debug|x64.ActiveCfg = Debug|x64
		{551286BB-14B3-4DC4-AAF1-44094DC021D2}.Debug|x64.Build.0 = Debug|x64
		{551286BB-14B3-4DC4-AAF1-44094DC021D2}.Debug|x86.ActiveCfg = Debug|x64
		{551286BB-14B3-4DC4-AAF1-44094DC021D2}.Debug|x86.Build.0 = Debug|x64
		{551286BB-14B3-4DC4-AAF1-44094DC021D2}.Release|x64.ActiveCfg = Release|x64
		{551286BB-14B3-4DC4-AAF1-44094DC021D2}.Release|x64.Build.0 = Release|x64
		{551286BB-14B3-4DC4-AAF1-44094DC021D2}.Release|x86.ActiveCfg = Release|x64
		{551286BB-14B3-4DC4-AAF1-44094DC021D2}.Release|x86.Build.0 = Release|x64
		{EE4A0BCD-A4C5-4994-B36E-B7E0C660881A}.Debug|x64.ActiveCfg = Debug|x64
		{EE4A0BCD-A4C5-4994-B36E-B7E0C660881A}.Debug|x64.Build.0 = Debug|x64
		{EE4A0BCD-A4C5-4994-B36E-B7E0C660881A}.Debug|x86.ActiveCfg = Debug|x64
		{EE4A0BCD-A4C5-4994-B36E-B7E0C660881A}.Debug|x86.Build.0 = Debug|x64
		{EE4A0BCD-A4C5-4994-B36E-B7E0C660881A}.Release|x64.ActiveCfg = Release|x64
		{EE4A0BCD-A4C5-4994-B36E-B7E0C660881A}.Release|x64.Build.0 = Release|x64
		{EE4A0BCD-A4C5-4994-B36E-B7E0C660881A}.Release|x86.ActiveCfg = Release|x64
		{EE4A0BCD-A4C5-4994-B36E-B7E0C660881A}.Release|x86.Build.0 = Release|x64
	EndGlobalSection
	GlobalSection(SolutionProperties) = preSolution
		HideSolutionNode = FALSE
	EndGlobalSection
EndGlobal
